// !$*UTF8*$!
{
	archiveVersion = 1;
	classes = {
	};
	objectVersion = 50;
	objects = {

/* Begin PBXBuildFile section */
		A313C9B9272DD752004CB793 /* InsecurityLogger.swift in Sources */ = {isa = PBXBuildFile; fileRef = A313C9B6272DD752004CB793 /* InsecurityLogger.swift */; };
		A313C9BA272DD752004CB793 /* DankSpeak.swift in Sources */ = {isa = PBXBuildFile; fileRef = A313C9B7272DD752004CB793 /* DankSpeak.swift */; };
		A313C9BB272DD752004CB793 /* KVOObservable.swift in Sources */ = {isa = PBXBuildFile; fileRef = A313C9B8272DD752004CB793 /* KVOObservable.swift */; };
		A313C9FB272DD78A004CB793 /* UIColor+random.swift in Sources */ = {isa = PBXBuildFile; fileRef = A313C9C0272DD78A004CB793 /* UIColor+random.swift */; };
		A313C9FC272DD78A004CB793 /* UIColor+system.swift in Sources */ = {isa = PBXBuildFile; fileRef = A313C9C1272DD78A004CB793 /* UIColor+system.swift */; };
		A313C9FD272DD78A004CB793 /* DefaultStringInterpolation+Optional.swift in Sources */ = {isa = PBXBuildFile; fileRef = A313C9C2272DD78A004CB793 /* DefaultStringInterpolation+Optional.swift */; };
		A313C9FE272DD78A004CB793 /* DispatchQueue+asyncAfter.swift in Sources */ = {isa = PBXBuildFile; fileRef = A313C9C3272DD78A004CB793 /* DispatchQueue+asyncAfter.swift */; };
		A313C9FF272DD78A004CB793 /* ApplicationCoordinator.swift in Sources */ = {isa = PBXBuildFile; fileRef = A313C9C4272DD78A004CB793 /* ApplicationCoordinator.swift */; };
		A313CA00272DD78A004CB793 /* Assets.xcassets in Resources */ = {isa = PBXBuildFile; fileRef = A313C9C5272DD78A004CB793 /* Assets.xcassets */; };
		A313CA01272DD78A004CB793 /* LoginSMSCodeCoordinator.swift in Sources */ = {isa = PBXBuildFile; fileRef = A313C9C8272DD78A004CB793 /* LoginSMSCodeCoordinator.swift */; };
		A313CA02272DD78A004CB793 /* LoginSMSCodeViewController.swift in Sources */ = {isa = PBXBuildFile; fileRef = A313C9C9272DD78A004CB793 /* LoginSMSCodeViewController.swift */; };
		A313CA03272DD78A004CB793 /* GenericViewController.swift in Sources */ = {isa = PBXBuildFile; fileRef = A313C9CB272DD78A004CB793 /* GenericViewController.swift */; };
		A313CA04272DD78A004CB793 /* GenericCoordinator.swift in Sources */ = {isa = PBXBuildFile; fileRef = A313C9CC272DD78A004CB793 /* GenericCoordinator.swift */; };
		A313CA05272DD78A004CB793 /* DebugViewCoordinator.swift in Sources */ = {isa = PBXBuildFile; fileRef = A313C9CE272DD78A004CB793 /* DebugViewCoordinator.swift */; };
		A313CA06272DD78A004CB793 /* DebugViewController.swift in Sources */ = {isa = PBXBuildFile; fileRef = A313C9CF272DD78A004CB793 /* DebugViewController.swift */; };
		A313CA07272DD78A004CB793 /* PaymentCoordinator.swift in Sources */ = {isa = PBXBuildFile; fileRef = A313C9D1272DD78A004CB793 /* PaymentCoordinator.swift */; };
		A313CA08272DD78A004CB793 /* PaymentViewController.swift in Sources */ = {isa = PBXBuildFile; fileRef = A313C9D2272DD78A004CB793 /* PaymentViewController.swift */; };
		A313CA09272DD78A004CB793 /* GalleryCoordinator.swift in Sources */ = {isa = PBXBuildFile; fileRef = A313C9D4272DD78A004CB793 /* GalleryCoordinator.swift */; };
		A313CA0A272DD78A004CB793 /* GalleryViewController.swift in Sources */ = {isa = PBXBuildFile; fileRef = A313C9D5272DD78A004CB793 /* GalleryViewController.swift */; };
		A313CA0B272DD78A004CB793 /* KVOVC.swift in Sources */ = {isa = PBXBuildFile; fileRef = A313C9D7272DD78A004CB793 /* KVOVC.swift */; };
		A313CA0C272DD78A004CB793 /* KVOCoordinator.swift in Sources */ = {isa = PBXBuildFile; fileRef = A313C9D8272DD78A004CB793 /* KVOCoordinator.swift */; };
		A313CA0D272DD78A004CB793 /* ProductViewController.swift in Sources */ = {isa = PBXBuildFile; fileRef = A313C9DA272DD78A004CB793 /* ProductViewController.swift */; };
		A313CA0E272DD78A004CB793 /* ProductCoordinator.swift in Sources */ = {isa = PBXBuildFile; fileRef = A313C9DB272DD78A004CB793 /* ProductCoordinator.swift */; };
		A313CA0F272DD78A004CB793 /* PaymentSuccessCoordinator.swift in Sources */ = {isa = PBXBuildFile; fileRef = A313C9DD272DD78A004CB793 /* PaymentSuccessCoordinator.swift */; };
		A313CA10272DD78A004CB793 /* PaymentSuccessViewController.swift in Sources */ = {isa = PBXBuildFile; fileRef = A313C9DE272DD78A004CB793 /* PaymentSuccessViewController.swift */; };
		A313CA11272DD78A004CB793 /* ParentViewController.swift in Sources */ = {isa = PBXBuildFile; fileRef = A313C9E0272DD78A004CB793 /* ParentViewController.swift */; };
		A313CA12272DD78A004CB793 /* ParentCoordinator.swift in Sources */ = {isa = PBXBuildFile; fileRef = A313C9E1272DD78A004CB793 /* ParentCoordinator.swift */; };
		A313CA13272DD78A004CB793 /* CartViewController.swift in Sources */ = {isa = PBXBuildFile; fileRef = A313C9E3272DD78A004CB793 /* CartViewController.swift */; };
		A313CA14272DD78A004CB793 /* CartCoordinator.swift in Sources */ = {isa = PBXBuildFile; fileRef = A313C9E4272DD78A004CB793 /* CartCoordinator.swift */; };
		A313CA15272DD78A004CB793 /* ScoringViewController.swift in Sources */ = {isa = PBXBuildFile; fileRef = A313C9E6272DD78A004CB793 /* ScoringViewController.swift */; };
		A313CA16272DD78A004CB793 /* ScoringCoordinator.swift in Sources */ = {isa = PBXBuildFile; fileRef = A313C9E7272DD78A004CB793 /* ScoringCoordinator.swift */; };
		A313CA17272DD78A004CB793 /* CurrencySelectionViewController.swift in Sources */ = {isa = PBXBuildFile; fileRef = A313C9E9272DD78A004CB793 /* CurrencySelectionViewController.swift */; };
		A313CA18272DD78A004CB793 /* CurrencyView.swift in Sources */ = {isa = PBXBuildFile; fileRef = A313C9EA272DD78A004CB793 /* CurrencyView.swift */; };
		A313CA19272DD78A004CB793 /* CurrencySelectionCoordinator.swift in Sources */ = {isa = PBXBuildFile; fileRef = A313C9EB272DD78A004CB793 /* CurrencySelectionCoordinator.swift */; };
		A313CA1A272DD78A004CB793 /* LoginPhoneViewController.swift in Sources */ = {isa = PBXBuildFile; fileRef = A313C9ED272DD78A004CB793 /* LoginPhoneViewController.swift */; };
		A313CA1B272DD78A004CB793 /* LoginPhoneCoordinator.swift in Sources */ = {isa = PBXBuildFile; fileRef = A313C9EE272DD78A004CB793 /* LoginPhoneCoordinator.swift */; };
		A313CA1C272DD78A004CB793 /* CurrencySelection.swift in Sources */ = {isa = PBXBuildFile; fileRef = A313C9F0272DD78A004CB793 /* CurrencySelection.swift */; };
		A313CA1D272DD78A004CB793 /* PaymentMethod.swift in Sources */ = {isa = PBXBuildFile; fileRef = A313C9F1272DD78A004CB793 /* PaymentMethod.swift */; };
		A313CA1E272DD78A004CB793 /* LaunchScreen.storyboard in Resources */ = {isa = PBXBuildFile; fileRef = A313C9F2272DD78A004CB793 /* LaunchScreen.storyboard */; };
		A313CA1F272DD78A004CB793 /* AppDelegate.swift in Sources */ = {isa = PBXBuildFile; fileRef = A313C9F4272DD78A004CB793 /* AppDelegate.swift */; };
		A313CA20272DD78A004CB793 /* Application.swift in Sources */ = {isa = PBXBuildFile; fileRef = A313C9F5272DD78A004CB793 /* Application.swift */; };
		A313CA21272DD78A004CB793 /* main.swift in Sources */ = {isa = PBXBuildFile; fileRef = A313C9F6272DD78A004CB793 /* main.swift */; };
		A313CA23272DD78A004CB793 /* DI.swift in Sources */ = {isa = PBXBuildFile; fileRef = A313C9F9272DD78A004CB793 /* DI.swift */; };
		A313CA24272DD78A004CB793 /* AuthService.swift in Sources */ = {isa = PBXBuildFile; fileRef = A313C9FA272DD78A004CB793 /* AuthService.swift */; };
		A33986D9271CAFC200B68256 /* ModalNavigation.swift in Sources */ = {isa = PBXBuildFile; fileRef = A33986CA271CAFC100B68256 /* ModalNavigation.swift */; };
		A33986DA271CAFC200B68256 /* AdaptiveNavigation.swift in Sources */ = {isa = PBXBuildFile; fileRef = A33986CB271CAFC100B68256 /* AdaptiveNavigation.swift */; };
		A33986DB271CAFC200B68256 /* ModalPresentationHost.swift in Sources */ = {isa = PBXBuildFile; fileRef = A33986CC271CAFC100B68256 /* ModalPresentationHost.swift */; };
		A33986DC271CAFC200B68256 /* NavigationControllerNavigation.swift in Sources */ = {isa = PBXBuildFile; fileRef = A33986CD271CAFC200B68256 /* NavigationControllerNavigation.swift */; };
		A33986DD271CAFC200B68256 /* NavigationControllerHost.swift in Sources */ = {isa = PBXBuildFile; fileRef = A33986CE271CAFC200B68256 /* NavigationControllerHost.swift */; };
		A33986DE271CAFC200B68256 /* AdaptiveCoordinator.swift in Sources */ = {isa = PBXBuildFile; fileRef = A33986CF271CAFC200B68256 /* AdaptiveCoordinator.swift */; };
		A33986DF271CAFC200B68256 /* ModalCoordinator.swift in Sources */ = {isa = PBXBuildFile; fileRef = A33986D0271CAFC200B68256 /* ModalCoordinator.swift */; };
		A33986E0271CAFC200B68256 /* CommonNavigationCoordinator.swift in Sources */ = {isa = PBXBuildFile; fileRef = A33986D1271CAFC200B68256 /* CommonNavigationCoordinator.swift */; };
		A33986E1271CAFC200B68256 /* NavigationCoordinator.swift in Sources */ = {isa = PBXBuildFile; fileRef = A33986D2271CAFC200B68256 /* NavigationCoordinator.swift */; };
		A33986E2271CAFC200B68256 /* WindowHost.swift in Sources */ = {isa = PBXBuildFile; fileRef = A33986D3271CAFC200B68256 /* WindowHost.swift */; };
		A33986E3271CAFC200B68256 /* CommonModalCoordinator.swift in Sources */ = {isa = PBXBuildFile; fileRef = A33986D4271CAFC200B68256 /* CommonModalCoordinator.swift */; };
		A33986E4271CAFC200B68256 /* DeinitObservable.swift in Sources */ = {isa = PBXBuildFile; fileRef = A33986D5271CAFC200B68256 /* DeinitObservable.swift */; };
		A33986E5271CAFC200B68256 /* WindowCoordinator.swift in Sources */ = {isa = PBXBuildFile; fileRef = A33986D6271CAFC200B68256 /* WindowCoordinator.swift */; };
		A33986E7271CAFC200B68256 /* Insecurity.swift in Sources */ = {isa = PBXBuildFile; fileRef = A33986D8271CAFC200B68256 /* Insecurity.swift */; };
		A37ADF222712F7190096E75A /* Insecurity.framework in Frameworks */ = {isa = PBXBuildFile; fileRef = A33EDF9C2712F2B50041F32A /* Insecurity.framework */; };
		A37ADF232712F7190096E75A /* Insecurity.framework in Embed Frameworks */ = {isa = PBXBuildFile; fileRef = A33EDF9C2712F2B50041F32A /* Insecurity.framework */; settings = {ATTRIBUTES = (CodeSignOnCopy, RemoveHeadersOnCopy, ); }; };
		A3E0ED98272599040019BB6D /* Deferred.swift in Sources */ = {isa = PBXBuildFile; fileRef = A3E0ED97272599040019BB6D /* Deferred.swift */; };
		AB8096A138E537A011501D41 /* libPods-InsecurityDemo.a in Frameworks */ = {isa = PBXBuildFile; fileRef = 2617270B664F6C389D67EBB8 /* libPods-InsecurityDemo.a */; };
/* End PBXBuildFile section */

/* Begin PBXContainerItemProxy section */
		A37ADF242712F7190096E75A /* PBXContainerItemProxy */ = {
			isa = PBXContainerItemProxy;
			containerPortal = A33EDF932712F2B50041F32A /* Project object */;
			proxyType = 1;
			remoteGlobalIDString = A33EDF9B2712F2B50041F32A;
			remoteInfo = InsecurityXcode12;
		};
/* End PBXContainerItemProxy section */

/* Begin PBXCopyFilesBuildPhase section */
		A37ADF262712F7190096E75A /* Embed Frameworks */ = {
			isa = PBXCopyFilesBuildPhase;
			buildActionMask = 2147483647;
			dstPath = "";
			dstSubfolderSpec = 10;
			files = (
				A37ADF232712F7190096E75A /* Insecurity.framework in Embed Frameworks */,
			);
			name = "Embed Frameworks";
			runOnlyForDeploymentPostprocessing = 0;
		};
/* End PBXCopyFilesBuildPhase section */

/* Begin PBXFileReference section */
		0725F7F2AA6BE8626B9A5309 /* Pods-InsecurityDemo.debug.xcconfig */ = {isa = PBXFileReference; includeInIndex = 1; lastKnownFileType = text.xcconfig; name = "Pods-InsecurityDemo.debug.xcconfig"; path = "Target Support Files/Pods-InsecurityDemo/Pods-InsecurityDemo.debug.xcconfig"; sourceTree = "<group>"; };
		2617270B664F6C389D67EBB8 /* libPods-InsecurityDemo.a */ = {isa = PBXFileReference; explicitFileType = archive.ar; includeInIndex = 0; path = "libPods-InsecurityDemo.a"; sourceTree = BUILT_PRODUCTS_DIR; };
		80DF2A56DADCFECAE4E1D23B /* Pods-InsecurityDemo.release.xcconfig */ = {isa = PBXFileReference; includeInIndex = 1; lastKnownFileType = text.xcconfig; name = "Pods-InsecurityDemo.release.xcconfig"; path = "Target Support Files/Pods-InsecurityDemo/Pods-InsecurityDemo.release.xcconfig"; sourceTree = "<group>"; };
		A313C9B6272DD752004CB793 /* InsecurityLogger.swift */ = {isa = PBXFileReference; fileEncoding = 4; lastKnownFileType = sourcecode.swift; path = InsecurityLogger.swift; sourceTree = "<group>"; };
		A313C9B7272DD752004CB793 /* DankSpeak.swift */ = {isa = PBXFileReference; fileEncoding = 4; lastKnownFileType = sourcecode.swift; path = DankSpeak.swift; sourceTree = "<group>"; };
		A313C9B8272DD752004CB793 /* KVOObservable.swift */ = {isa = PBXFileReference; fileEncoding = 4; lastKnownFileType = sourcecode.swift; path = KVOObservable.swift; sourceTree = "<group>"; };
		A313C9C0272DD78A004CB793 /* UIColor+random.swift */ = {isa = PBXFileReference; fileEncoding = 4; lastKnownFileType = sourcecode.swift; path = "UIColor+random.swift"; sourceTree = "<group>"; };
		A313C9C1272DD78A004CB793 /* UIColor+system.swift */ = {isa = PBXFileReference; fileEncoding = 4; lastKnownFileType = sourcecode.swift; path = "UIColor+system.swift"; sourceTree = "<group>"; };
		A313C9C2272DD78A004CB793 /* DefaultStringInterpolation+Optional.swift */ = {isa = PBXFileReference; fileEncoding = 4; lastKnownFileType = sourcecode.swift; path = "DefaultStringInterpolation+Optional.swift"; sourceTree = "<group>"; };
		A313C9C3272DD78A004CB793 /* DispatchQueue+asyncAfter.swift */ = {isa = PBXFileReference; fileEncoding = 4; lastKnownFileType = sourcecode.swift; path = "DispatchQueue+asyncAfter.swift"; sourceTree = "<group>"; };
		A313C9C4272DD78A004CB793 /* ApplicationCoordinator.swift */ = {isa = PBXFileReference; fileEncoding = 4; lastKnownFileType = sourcecode.swift; path = ApplicationCoordinator.swift; sourceTree = "<group>"; };
		A313C9C5272DD78A004CB793 /* Assets.xcassets */ = {isa = PBXFileReference; lastKnownFileType = folder.assetcatalog; path = Assets.xcassets; sourceTree = "<group>"; };
		A313C9C8272DD78A004CB793 /* LoginSMSCodeCoordinator.swift */ = {isa = PBXFileReference; fileEncoding = 4; lastKnownFileType = sourcecode.swift; path = LoginSMSCodeCoordinator.swift; sourceTree = "<group>"; };
		A313C9C9272DD78A004CB793 /* LoginSMSCodeViewController.swift */ = {isa = PBXFileReference; fileEncoding = 4; lastKnownFileType = sourcecode.swift; path = LoginSMSCodeViewController.swift; sourceTree = "<group>"; };
		A313C9CB272DD78A004CB793 /* GenericViewController.swift */ = {isa = PBXFileReference; fileEncoding = 4; lastKnownFileType = sourcecode.swift; path = GenericViewController.swift; sourceTree = "<group>"; };
		A313C9CC272DD78A004CB793 /* GenericCoordinator.swift */ = {isa = PBXFileReference; fileEncoding = 4; lastKnownFileType = sourcecode.swift; path = GenericCoordinator.swift; sourceTree = "<group>"; };
		A313C9CE272DD78A004CB793 /* DebugViewCoordinator.swift */ = {isa = PBXFileReference; fileEncoding = 4; lastKnownFileType = sourcecode.swift; path = DebugViewCoordinator.swift; sourceTree = "<group>"; };
		A313C9CF272DD78A004CB793 /* DebugViewController.swift */ = {isa = PBXFileReference; fileEncoding = 4; lastKnownFileType = sourcecode.swift; path = DebugViewController.swift; sourceTree = "<group>"; };
		A313C9D1272DD78A004CB793 /* PaymentCoordinator.swift */ = {isa = PBXFileReference; fileEncoding = 4; lastKnownFileType = sourcecode.swift; path = PaymentCoordinator.swift; sourceTree = "<group>"; };
		A313C9D2272DD78A004CB793 /* PaymentViewController.swift */ = {isa = PBXFileReference; fileEncoding = 4; lastKnownFileType = sourcecode.swift; path = PaymentViewController.swift; sourceTree = "<group>"; };
		A313C9D4272DD78A004CB793 /* GalleryCoordinator.swift */ = {isa = PBXFileReference; fileEncoding = 4; lastKnownFileType = sourcecode.swift; path = GalleryCoordinator.swift; sourceTree = "<group>"; };
		A313C9D5272DD78A004CB793 /* GalleryViewController.swift */ = {isa = PBXFileReference; fileEncoding = 4; lastKnownFileType = sourcecode.swift; path = GalleryViewController.swift; sourceTree = "<group>"; };
		A313C9D7272DD78A004CB793 /* KVOVC.swift */ = {isa = PBXFileReference; fileEncoding = 4; lastKnownFileType = sourcecode.swift; path = KVOVC.swift; sourceTree = "<group>"; };
		A313C9D8272DD78A004CB793 /* KVOCoordinator.swift */ = {isa = PBXFileReference; fileEncoding = 4; lastKnownFileType = sourcecode.swift; path = KVOCoordinator.swift; sourceTree = "<group>"; };
		A313C9DA272DD78A004CB793 /* ProductViewController.swift */ = {isa = PBXFileReference; fileEncoding = 4; lastKnownFileType = sourcecode.swift; path = ProductViewController.swift; sourceTree = "<group>"; };
		A313C9DB272DD78A004CB793 /* ProductCoordinator.swift */ = {isa = PBXFileReference; fileEncoding = 4; lastKnownFileType = sourcecode.swift; path = ProductCoordinator.swift; sourceTree = "<group>"; };
		A313C9DD272DD78A004CB793 /* PaymentSuccessCoordinator.swift */ = {isa = PBXFileReference; fileEncoding = 4; lastKnownFileType = sourcecode.swift; path = PaymentSuccessCoordinator.swift; sourceTree = "<group>"; };
		A313C9DE272DD78A004CB793 /* PaymentSuccessViewController.swift */ = {isa = PBXFileReference; fileEncoding = 4; lastKnownFileType = sourcecode.swift; path = PaymentSuccessViewController.swift; sourceTree = "<group>"; };
		A313C9E0272DD78A004CB793 /* ParentViewController.swift */ = {isa = PBXFileReference; fileEncoding = 4; lastKnownFileType = sourcecode.swift; path = ParentViewController.swift; sourceTree = "<group>"; };
		A313C9E1272DD78A004CB793 /* ParentCoordinator.swift */ = {isa = PBXFileReference; fileEncoding = 4; lastKnownFileType = sourcecode.swift; path = ParentCoordinator.swift; sourceTree = "<group>"; };
		A313C9E3272DD78A004CB793 /* CartViewController.swift */ = {isa = PBXFileReference; fileEncoding = 4; lastKnownFileType = sourcecode.swift; path = CartViewController.swift; sourceTree = "<group>"; };
		A313C9E4272DD78A004CB793 /* CartCoordinator.swift */ = {isa = PBXFileReference; fileEncoding = 4; lastKnownFileType = sourcecode.swift; path = CartCoordinator.swift; sourceTree = "<group>"; };
		A313C9E6272DD78A004CB793 /* ScoringViewController.swift */ = {isa = PBXFileReference; fileEncoding = 4; lastKnownFileType = sourcecode.swift; path = ScoringViewController.swift; sourceTree = "<group>"; };
		A313C9E7272DD78A004CB793 /* ScoringCoordinator.swift */ = {isa = PBXFileReference; fileEncoding = 4; lastKnownFileType = sourcecode.swift; path = ScoringCoordinator.swift; sourceTree = "<group>"; };
		A313C9E9272DD78A004CB793 /* CurrencySelectionViewController.swift */ = {isa = PBXFileReference; fileEncoding = 4; lastKnownFileType = sourcecode.swift; path = CurrencySelectionViewController.swift; sourceTree = "<group>"; };
		A313C9EA272DD78A004CB793 /* CurrencyView.swift */ = {isa = PBXFileReference; fileEncoding = 4; lastKnownFileType = sourcecode.swift; path = CurrencyView.swift; sourceTree = "<group>"; };
		A313C9EB272DD78A004CB793 /* CurrencySelectionCoordinator.swift */ = {isa = PBXFileReference; fileEncoding = 4; lastKnownFileType = sourcecode.swift; path = CurrencySelectionCoordinator.swift; sourceTree = "<group>"; };
		A313C9ED272DD78A004CB793 /* LoginPhoneViewController.swift */ = {isa = PBXFileReference; fileEncoding = 4; lastKnownFileType = sourcecode.swift; path = LoginPhoneViewController.swift; sourceTree = "<group>"; };
		A313C9EE272DD78A004CB793 /* LoginPhoneCoordinator.swift */ = {isa = PBXFileReference; fileEncoding = 4; lastKnownFileType = sourcecode.swift; path = LoginPhoneCoordinator.swift; sourceTree = "<group>"; };
		A313C9F0272DD78A004CB793 /* CurrencySelection.swift */ = {isa = PBXFileReference; fileEncoding = 4; lastKnownFileType = sourcecode.swift; path = CurrencySelection.swift; sourceTree = "<group>"; };
		A313C9F1272DD78A004CB793 /* PaymentMethod.swift */ = {isa = PBXFileReference; fileEncoding = 4; lastKnownFileType = sourcecode.swift; path = PaymentMethod.swift; sourceTree = "<group>"; };
		A313C9F3272DD78A004CB793 /* Base */ = {isa = PBXFileReference; lastKnownFileType = file.storyboard; name = Base; path = Base.lproj/LaunchScreen.storyboard; sourceTree = "<group>"; };
		A313C9F4272DD78A004CB793 /* AppDelegate.swift */ = {isa = PBXFileReference; fileEncoding = 4; lastKnownFileType = sourcecode.swift; path = AppDelegate.swift; sourceTree = "<group>"; };
		A313C9F5272DD78A004CB793 /* Application.swift */ = {isa = PBXFileReference; fileEncoding = 4; lastKnownFileType = sourcecode.swift; path = Application.swift; sourceTree = "<group>"; };
		A313C9F6272DD78A004CB793 /* main.swift */ = {isa = PBXFileReference; fileEncoding = 4; lastKnownFileType = sourcecode.swift; path = main.swift; sourceTree = "<group>"; };
		A313C9F9272DD78A004CB793 /* DI.swift */ = {isa = PBXFileReference; fileEncoding = 4; lastKnownFileType = sourcecode.swift; path = DI.swift; sourceTree = "<group>"; };
		A313C9FA272DD78A004CB793 /* AuthService.swift */ = {isa = PBXFileReference; fileEncoding = 4; lastKnownFileType = sourcecode.swift; path = AuthService.swift; sourceTree = "<group>"; };
		A33986CA271CAFC100B68256 /* ModalNavigation.swift */ = {isa = PBXFileReference; fileEncoding = 4; lastKnownFileType = sourcecode.swift; path = ModalNavigation.swift; sourceTree = "<group>"; };
		A33986CB271CAFC100B68256 /* AdaptiveNavigation.swift */ = {isa = PBXFileReference; fileEncoding = 4; lastKnownFileType = sourcecode.swift; path = AdaptiveNavigation.swift; sourceTree = "<group>"; };
		A33986CC271CAFC100B68256 /* ModalPresentationHost.swift */ = {isa = PBXFileReference; fileEncoding = 4; lastKnownFileType = sourcecode.swift; path = ModalPresentationHost.swift; sourceTree = "<group>"; };
		A33986CD271CAFC200B68256 /* NavigationControllerNavigation.swift */ = {isa = PBXFileReference; fileEncoding = 4; lastKnownFileType = sourcecode.swift; path = NavigationControllerNavigation.swift; sourceTree = "<group>"; };
		A33986CE271CAFC200B68256 /* NavigationControllerHost.swift */ = {isa = PBXFileReference; fileEncoding = 4; lastKnownFileType = sourcecode.swift; path = NavigationControllerHost.swift; sourceTree = "<group>"; };
		A33986CF271CAFC200B68256 /* AdaptiveCoordinator.swift */ = {isa = PBXFileReference; fileEncoding = 4; lastKnownFileType = sourcecode.swift; path = AdaptiveCoordinator.swift; sourceTree = "<group>"; };
		A33986D0271CAFC200B68256 /* ModalCoordinator.swift */ = {isa = PBXFileReference; fileEncoding = 4; lastKnownFileType = sourcecode.swift; path = ModalCoordinator.swift; sourceTree = "<group>"; };
		A33986D1271CAFC200B68256 /* CommonNavigationCoordinator.swift */ = {isa = PBXFileReference; fileEncoding = 4; lastKnownFileType = sourcecode.swift; path = CommonNavigationCoordinator.swift; sourceTree = "<group>"; };
		A33986D2271CAFC200B68256 /* NavigationCoordinator.swift */ = {isa = PBXFileReference; fileEncoding = 4; lastKnownFileType = sourcecode.swift; path = NavigationCoordinator.swift; sourceTree = "<group>"; };
		A33986D3271CAFC200B68256 /* WindowHost.swift */ = {isa = PBXFileReference; fileEncoding = 4; lastKnownFileType = sourcecode.swift; path = WindowHost.swift; sourceTree = "<group>"; };
		A33986D4271CAFC200B68256 /* CommonModalCoordinator.swift */ = {isa = PBXFileReference; fileEncoding = 4; lastKnownFileType = sourcecode.swift; path = CommonModalCoordinator.swift; sourceTree = "<group>"; };
		A33986D5271CAFC200B68256 /* DeinitObservable.swift */ = {isa = PBXFileReference; fileEncoding = 4; lastKnownFileType = sourcecode.swift; path = DeinitObservable.swift; sourceTree = "<group>"; };
		A33986D6271CAFC200B68256 /* WindowCoordinator.swift */ = {isa = PBXFileReference; fileEncoding = 4; lastKnownFileType = sourcecode.swift; path = WindowCoordinator.swift; sourceTree = "<group>"; };
		A33986D8271CAFC200B68256 /* Insecurity.swift */ = {isa = PBXFileReference; fileEncoding = 4; lastKnownFileType = sourcecode.swift; path = Insecurity.swift; sourceTree = "<group>"; };
		A33EDF9C2712F2B50041F32A /* Insecurity.framework */ = {isa = PBXFileReference; explicitFileType = wrapper.framework; includeInIndex = 0; path = Insecurity.framework; sourceTree = BUILT_PRODUCTS_DIR; };
		A33EDFA02712F2B50041F32A /* Info.plist */ = {isa = PBXFileReference; lastKnownFileType = text.plist.xml; path = Info.plist; sourceTree = "<group>"; };
		A37ADEAE2712F6CB0096E75A /* InsecurityDemo.app */ = {isa = PBXFileReference; explicitFileType = wrapper.application; includeInIndex = 0; path = InsecurityDemo.app; sourceTree = BUILT_PRODUCTS_DIR; };
		A37ADEBE2712F6CC0096E75A /* Info.plist */ = {isa = PBXFileReference; lastKnownFileType = text.plist.xml; path = Info.plist; sourceTree = "<group>"; };
		A3E0ED97272599040019BB6D /* Deferred.swift */ = {isa = PBXFileReference; fileEncoding = 4; lastKnownFileType = sourcecode.swift; path = Deferred.swift; sourceTree = "<group>"; };
/* End PBXFileReference section */

/* Begin PBXFrameworksBuildPhase section */
		A33EDF992712F2B50041F32A /* Frameworks */ = {
			isa = PBXFrameworksBuildPhase;
			buildActionMask = 2147483647;
			files = (
			);
			runOnlyForDeploymentPostprocessing = 0;
		};
		A37ADEAB2712F6CB0096E75A /* Frameworks */ = {
			isa = PBXFrameworksBuildPhase;
			buildActionMask = 2147483647;
			files = (
				A37ADF222712F7190096E75A /* Insecurity.framework in Frameworks */,
				AB8096A138E537A011501D41 /* libPods-InsecurityDemo.a in Frameworks */,
			);
			runOnlyForDeploymentPostprocessing = 0;
		};
/* End PBXFrameworksBuildPhase section */

/* Begin PBXGroup section */
		33F42EB14A51A1B23ED372DD /* Pods */ = {
			isa = PBXGroup;
			children = (
				0725F7F2AA6BE8626B9A5309 /* Pods-InsecurityDemo.debug.xcconfig */,
				80DF2A56DADCFECAE4E1D23B /* Pods-InsecurityDemo.release.xcconfig */,
			);
			path = Pods;
			sourceTree = "<group>";
		};
		A313C9BE272DD78A004CB793 /* InsecurityPlayground */ = {
			isa = PBXGroup;
			children = (
				A313C9BF272DD78A004CB793 /* Util */,
				A313C9C4272DD78A004CB793 /* ApplicationCoordinator.swift */,
				A313C9C5272DD78A004CB793 /* Assets.xcassets */,
				A313C9C6272DD78A004CB793 /* Workflows */,
				A313C9EF272DD78A004CB793 /* Models */,
				A313C9F2272DD78A004CB793 /* LaunchScreen.storyboard */,
				A313C9F4272DD78A004CB793 /* AppDelegate.swift */,
				A313C9F5272DD78A004CB793 /* Application.swift */,
				A313C9F6272DD78A004CB793 /* main.swift */,
				A313C9F8272DD78A004CB793 /* Services */,
			);
			path = InsecurityPlayground;
			sourceTree = "<group>";
		};
		A313C9BF272DD78A004CB793 /* Util */ = {
			isa = PBXGroup;
			children = (
				A313C9C0272DD78A004CB793 /* UIColor+random.swift */,
				A313C9C1272DD78A004CB793 /* UIColor+system.swift */,
				A313C9C2272DD78A004CB793 /* DefaultStringInterpolation+Optional.swift */,
				A313C9C3272DD78A004CB793 /* DispatchQueue+asyncAfter.swift */,
			);
			path = Util;
			sourceTree = "<group>";
		};
		A313C9C6272DD78A004CB793 /* Workflows */ = {
			isa = PBXGroup;
			children = (
				A313C9C7272DD78A004CB793 /* LoginSMSCode */,
				A313C9CA272DD78A004CB793 /* LongChain */,
				A313C9CD272DD78A004CB793 /* DebugViewController */,
				A313C9D0272DD78A004CB793 /* Payment */,
				A313C9D3272DD78A004CB793 /* Gallery */,
				A313C9D6272DD78A004CB793 /* KVOExperiment */,
				A313C9D9272DD78A004CB793 /* Product */,
				A313C9DC272DD78A004CB793 /* PaymentSuccess */,
				A313C9DF272DD78A004CB793 /* ParentSample */,
				A313C9E2272DD78A004CB793 /* Cart */,
				A313C9E5272DD78A004CB793 /* Scoring */,
				A313C9E8272DD78A004CB793 /* CurrencySelection */,
				A313C9EC272DD78A004CB793 /* LoginPhone */,
			);
			path = Workflows;
			sourceTree = "<group>";
		};
		A313C9C7272DD78A004CB793 /* LoginSMSCode */ = {
			isa = PBXGroup;
			children = (
				A313C9C8272DD78A004CB793 /* LoginSMSCodeCoordinator.swift */,
				A313C9C9272DD78A004CB793 /* LoginSMSCodeViewController.swift */,
			);
			path = LoginSMSCode;
			sourceTree = "<group>";
		};
		A313C9CA272DD78A004CB793 /* LongChain */ = {
			isa = PBXGroup;
			children = (
				A313C9CB272DD78A004CB793 /* GenericViewController.swift */,
				A313C9CC272DD78A004CB793 /* GenericCoordinator.swift */,
			);
			path = LongChain;
			sourceTree = "<group>";
		};
		A313C9CD272DD78A004CB793 /* DebugViewController */ = {
			isa = PBXGroup;
			children = (
				A313C9CE272DD78A004CB793 /* DebugViewCoordinator.swift */,
				A313C9CF272DD78A004CB793 /* DebugViewController.swift */,
			);
			path = DebugViewController;
			sourceTree = "<group>";
		};
		A313C9D0272DD78A004CB793 /* Payment */ = {
			isa = PBXGroup;
			children = (
				A313C9D1272DD78A004CB793 /* PaymentCoordinator.swift */,
				A313C9D2272DD78A004CB793 /* PaymentViewController.swift */,
			);
			path = Payment;
			sourceTree = "<group>";
		};
		A313C9D3272DD78A004CB793 /* Gallery */ = {
			isa = PBXGroup;
			children = (
				A313C9D4272DD78A004CB793 /* GalleryCoordinator.swift */,
				A313C9D5272DD78A004CB793 /* GalleryViewController.swift */,
			);
			path = Gallery;
			sourceTree = "<group>";
		};
		A313C9D6272DD78A004CB793 /* KVOExperiment */ = {
			isa = PBXGroup;
			children = (
				A313C9D7272DD78A004CB793 /* KVOVC.swift */,
				A313C9D8272DD78A004CB793 /* KVOCoordinator.swift */,
			);
			path = KVOExperiment;
			sourceTree = "<group>";
		};
		A313C9D9272DD78A004CB793 /* Product */ = {
			isa = PBXGroup;
			children = (
				A313C9DA272DD78A004CB793 /* ProductViewController.swift */,
				A313C9DB272DD78A004CB793 /* ProductCoordinator.swift */,
			);
			path = Product;
			sourceTree = "<group>";
		};
		A313C9DC272DD78A004CB793 /* PaymentSuccess */ = {
			isa = PBXGroup;
			children = (
				A313C9DD272DD78A004CB793 /* PaymentSuccessCoordinator.swift */,
				A313C9DE272DD78A004CB793 /* PaymentSuccessViewController.swift */,
			);
			path = PaymentSuccess;
			sourceTree = "<group>";
		};
		A313C9DF272DD78A004CB793 /* ParentSample */ = {
			isa = PBXGroup;
			children = (
				A313C9E0272DD78A004CB793 /* ParentViewController.swift */,
				A313C9E1272DD78A004CB793 /* ParentCoordinator.swift */,
			);
			path = ParentSample;
			sourceTree = "<group>";
		};
		A313C9E2272DD78A004CB793 /* Cart */ = {
			isa = PBXGroup;
			children = (
				A313C9E3272DD78A004CB793 /* CartViewController.swift */,
				A313C9E4272DD78A004CB793 /* CartCoordinator.swift */,
			);
			path = Cart;
			sourceTree = "<group>";
		};
		A313C9E5272DD78A004CB793 /* Scoring */ = {
			isa = PBXGroup;
			children = (
				A313C9E6272DD78A004CB793 /* ScoringViewController.swift */,
				A313C9E7272DD78A004CB793 /* ScoringCoordinator.swift */,
			);
			path = Scoring;
			sourceTree = "<group>";
		};
		A313C9E8272DD78A004CB793 /* CurrencySelection */ = {
			isa = PBXGroup;
			children = (
				A313C9E9272DD78A004CB793 /* CurrencySelectionViewController.swift */,
				A313C9EA272DD78A004CB793 /* CurrencyView.swift */,
				A313C9EB272DD78A004CB793 /* CurrencySelectionCoordinator.swift */,
			);
			path = CurrencySelection;
			sourceTree = "<group>";
		};
		A313C9EC272DD78A004CB793 /* LoginPhone */ = {
			isa = PBXGroup;
			children = (
				A313C9ED272DD78A004CB793 /* LoginPhoneViewController.swift */,
				A313C9EE272DD78A004CB793 /* LoginPhoneCoordinator.swift */,
			);
			path = LoginPhone;
			sourceTree = "<group>";
		};
		A313C9EF272DD78A004CB793 /* Models */ = {
			isa = PBXGroup;
			children = (
				A313C9F0272DD78A004CB793 /* CurrencySelection.swift */,
				A313C9F1272DD78A004CB793 /* PaymentMethod.swift */,
			);
			path = Models;
			sourceTree = "<group>";
		};
		A313C9F8272DD78A004CB793 /* Services */ = {
			isa = PBXGroup;
			children = (
				A313C9F9272DD78A004CB793 /* DI.swift */,
				A313C9FA272DD78A004CB793 /* AuthService.swift */,
			);
			path = Services;
			sourceTree = "<group>";
		};
		A33EDF922712F2B50041F32A = {
			isa = PBXGroup;
			children = (
				A37ADE082712F3E40096E75A /* Insecurity */,
				A33EDF9E2712F2B50041F32A /* InsecurityXcode12 */,
				A313C9BE272DD78A004CB793 /* InsecurityPlayground */,
				A37ADEAF2712F6CB0096E75A /* InsecurityDemoXcode12 */,
				A33EDF9D2712F2B50041F32A /* Products */,
				A37ADF212712F7190096E75A /* Frameworks */,
				33F42EB14A51A1B23ED372DD /* Pods */,
			);
			sourceTree = "<group>";
		};
		A33EDF9D2712F2B50041F32A /* Products */ = {
			isa = PBXGroup;
			children = (
				A33EDF9C2712F2B50041F32A /* Insecurity.framework */,
				A37ADEAE2712F6CB0096E75A /* InsecurityDemo.app */,
			);
			name = Products;
			sourceTree = "<group>";
		};
		A33EDF9E2712F2B50041F32A /* InsecurityXcode12 */ = {
			isa = PBXGroup;
			children = (
				A33EDFA02712F2B50041F32A /* Info.plist */,
			);
			path = InsecurityXcode12;
			sourceTree = "<group>";
		};
		A37ADE082712F3E40096E75A /* Insecurity */ = {
			isa = PBXGroup;
			children = (
				A313C9B7272DD752004CB793 /* DankSpeak.swift */,
				A313C9B6272DD752004CB793 /* InsecurityLogger.swift */,
				A313C9B8272DD752004CB793 /* KVOObservable.swift */,
				A3E0ED97272599040019BB6D /* Deferred.swift */,
				A33986CF271CAFC200B68256 /* AdaptiveCoordinator.swift */,
				A33986CB271CAFC100B68256 /* AdaptiveNavigation.swift */,
				A33986D4271CAFC200B68256 /* CommonModalCoordinator.swift */,
				A33986D1271CAFC200B68256 /* CommonNavigationCoordinator.swift */,
				A33986D5271CAFC200B68256 /* DeinitObservable.swift */,
				A33986D8271CAFC200B68256 /* Insecurity.swift */,
				A33986D0271CAFC200B68256 /* ModalCoordinator.swift */,
				A33986CA271CAFC100B68256 /* ModalNavigation.swift */,
				A33986CC271CAFC100B68256 /* ModalPresentationHost.swift */,
				A33986CE271CAFC200B68256 /* NavigationControllerHost.swift */,
				A33986CD271CAFC200B68256 /* NavigationControllerNavigation.swift */,
				A33986D2271CAFC200B68256 /* NavigationCoordinator.swift */,
				A33986D6271CAFC200B68256 /* WindowCoordinator.swift */,
				A33986D3271CAFC200B68256 /* WindowHost.swift */,
			);
			path = Insecurity;
			sourceTree = "<group>";
		};
		A37ADEAF2712F6CB0096E75A /* InsecurityDemoXcode12 */ = {
			isa = PBXGroup;
			children = (
				A37ADEBE2712F6CC0096E75A /* Info.plist */,
			);
			path = InsecurityDemoXcode12;
			sourceTree = "<group>";
		};
		A37ADF212712F7190096E75A /* Frameworks */ = {
			isa = PBXGroup;
			children = (
				2617270B664F6C389D67EBB8 /* libPods-InsecurityDemo.a */,
			);
			name = Frameworks;
			sourceTree = "<group>";
		};
/* End PBXGroup section */

/* Begin PBXHeadersBuildPhase section */
		A33EDF972712F2B50041F32A /* Headers */ = {
			isa = PBXHeadersBuildPhase;
			buildActionMask = 2147483647;
			files = (
			);
			runOnlyForDeploymentPostprocessing = 0;
		};
/* End PBXHeadersBuildPhase section */

/* Begin PBXNativeTarget section */
		A33EDF9B2712F2B50041F32A /* Insecurity */ = {
			isa = PBXNativeTarget;
			buildConfigurationList = A33EDFA42712F2B60041F32A /* Build configuration list for PBXNativeTarget "Insecurity" */;
			buildPhases = (
				A33EDF972712F2B50041F32A /* Headers */,
				A33EDF982712F2B50041F32A /* Sources */,
				A33EDF992712F2B50041F32A /* Frameworks */,
				A33EDF9A2712F2B50041F32A /* Resources */,
			);
			buildRules = (
			);
			dependencies = (
			);
			name = Insecurity;
			productName = InsecurityXcode12;
			productReference = A33EDF9C2712F2B50041F32A /* Insecurity.framework */;
			productType = "com.apple.product-type.framework";
		};
		A37ADEAD2712F6CB0096E75A /* InsecurityDemo */ = {
			isa = PBXNativeTarget;
			buildConfigurationList = A37ADEC12712F6CC0096E75A /* Build configuration list for PBXNativeTarget "InsecurityDemo" */;
			buildPhases = (
				C50A7B77D3A472D66F49EDFE /* [CP] Check Pods Manifest.lock */,
				A37ADEAA2712F6CB0096E75A /* Sources */,
				A37ADEAB2712F6CB0096E75A /* Frameworks */,
				A37ADEAC2712F6CB0096E75A /* Resources */,
				A37ADF262712F7190096E75A /* Embed Frameworks */,
			);
			buildRules = (
			);
			dependencies = (
				A37ADF252712F7190096E75A /* PBXTargetDependency */,
			);
			name = InsecurityDemo;
			productName = InsecurityDemoXcode12;
			productReference = A37ADEAE2712F6CB0096E75A /* InsecurityDemo.app */;
			productType = "com.apple.product-type.application";
		};
/* End PBXNativeTarget section */

/* Begin PBXProject section */
		A33EDF932712F2B50041F32A /* Project object */ = {
			isa = PBXProject;
			attributes = {
				LastSwiftUpdateCheck = 1200;
				LastUpgradeCheck = 1200;
				TargetAttributes = {
					A33EDF9B2712F2B50041F32A = {
						CreatedOnToolsVersion = 12.0;
						LastSwiftMigration = 1240;
					};
					A37ADEAD2712F6CB0096E75A = {
						CreatedOnToolsVersion = 12.0;
					};
				};
			};
			buildConfigurationList = A33EDF962712F2B50041F32A /* Build configuration list for PBXProject "InsecurityXcode12" */;
			compatibilityVersion = "Xcode 9.3";
			developmentRegion = en;
			hasScannedForEncodings = 0;
			knownRegions = (
				en,
				Base,
			);
			mainGroup = A33EDF922712F2B50041F32A;
			productRefGroup = A33EDF9D2712F2B50041F32A /* Products */;
			projectDirPath = "";
			projectRoot = "";
			targets = (
				A33EDF9B2712F2B50041F32A /* Insecurity */,
				A37ADEAD2712F6CB0096E75A /* InsecurityDemo */,
			);
		};
/* End PBXProject section */

/* Begin PBXResourcesBuildPhase section */
		A33EDF9A2712F2B50041F32A /* Resources */ = {
			isa = PBXResourcesBuildPhase;
			buildActionMask = 2147483647;
			files = (
			);
			runOnlyForDeploymentPostprocessing = 0;
		};
		A37ADEAC2712F6CB0096E75A /* Resources */ = {
			isa = PBXResourcesBuildPhase;
			buildActionMask = 2147483647;
			files = (
				A313CA00272DD78A004CB793 /* Assets.xcassets in Resources */,
				A313CA1E272DD78A004CB793 /* LaunchScreen.storyboard in Resources */,
			);
			runOnlyForDeploymentPostprocessing = 0;
		};
/* End PBXResourcesBuildPhase section */

/* Begin PBXShellScriptBuildPhase section */
		C50A7B77D3A472D66F49EDFE /* [CP] Check Pods Manifest.lock */ = {
			isa = PBXShellScriptBuildPhase;
			buildActionMask = 2147483647;
			files = (
			);
			inputFileListPaths = (
			);
			inputPaths = (
				"${PODS_PODFILE_DIR_PATH}/Podfile.lock",
				"${PODS_ROOT}/Manifest.lock",
			);
			name = "[CP] Check Pods Manifest.lock";
			outputFileListPaths = (
			);
			outputPaths = (
				"$(DERIVED_FILE_DIR)/Pods-InsecurityDemo-checkManifestLockResult.txt",
			);
			runOnlyForDeploymentPostprocessing = 0;
			shellPath = /bin/sh;
			shellScript = "diff \"${PODS_PODFILE_DIR_PATH}/Podfile.lock\" \"${PODS_ROOT}/Manifest.lock\" > /dev/null\nif [ $? != 0 ] ; then\n    # print error to STDERR\n    echo \"error: The sandbox is not in sync with the Podfile.lock. Run 'pod install' or update your CocoaPods installation.\" >&2\n    exit 1\nfi\n# This output is used by Xcode 'outputs' to avoid re-running this script phase.\necho \"SUCCESS\" > \"${SCRIPT_OUTPUT_FILE_0}\"\n";
			showEnvVarsInLog = 0;
		};
/* End PBXShellScriptBuildPhase section */

/* Begin PBXSourcesBuildPhase section */
		A33EDF982712F2B50041F32A /* Sources */ = {
			isa = PBXSourcesBuildPhase;
			buildActionMask = 2147483647;
			files = (
				A313C9B9272DD752004CB793 /* InsecurityLogger.swift in Sources */,
				A33986D9271CAFC200B68256 /* ModalNavigation.swift in Sources */,
				A33986E7271CAFC200B68256 /* Insecurity.swift in Sources */,
				A33986DA271CAFC200B68256 /* AdaptiveNavigation.swift in Sources */,
				A33986DE271CAFC200B68256 /* AdaptiveCoordinator.swift in Sources */,
				A33986E4271CAFC200B68256 /* DeinitObservable.swift in Sources */,
				A33986E0271CAFC200B68256 /* CommonNavigationCoordinator.swift in Sources */,
				A33986E5271CAFC200B68256 /* WindowCoordinator.swift in Sources */,
				A33986E1271CAFC200B68256 /* NavigationCoordinator.swift in Sources */,
				A313C9BB272DD752004CB793 /* KVOObservable.swift in Sources */,
				A33986DB271CAFC200B68256 /* ModalPresentationHost.swift in Sources */,
				A33986DF271CAFC200B68256 /* ModalCoordinator.swift in Sources */,
				A33986DC271CAFC200B68256 /* NavigationControllerNavigation.swift in Sources */,
				A33986DD271CAFC200B68256 /* NavigationControllerHost.swift in Sources */,
				A33986E2271CAFC200B68256 /* WindowHost.swift in Sources */,
				A3E0ED98272599040019BB6D /* Deferred.swift in Sources */,
				A33986E3271CAFC200B68256 /* CommonModalCoordinator.swift in Sources */,
				A313C9BA272DD752004CB793 /* DankSpeak.swift in Sources */,
			);
			runOnlyForDeploymentPostprocessing = 0;
		};
		A37ADEAA2712F6CB0096E75A /* Sources */ = {
			isa = PBXSourcesBuildPhase;
			buildActionMask = 2147483647;
			files = (
				A313CA20272DD78A004CB793 /* Application.swift in Sources */,
				A313CA0C272DD78A004CB793 /* KVOCoordinator.swift in Sources */,
				A313CA1C272DD78A004CB793 /* CurrencySelection.swift in Sources */,
				A313C9FF272DD78A004CB793 /* ApplicationCoordinator.swift in Sources */,
				A313CA1D272DD78A004CB793 /* PaymentMethod.swift in Sources */,
				A313CA19272DD78A004CB793 /* CurrencySelectionCoordinator.swift in Sources */,
				A313CA24272DD78A004CB793 /* AuthService.swift in Sources */,
				A313CA21272DD78A004CB793 /* main.swift in Sources */,
				A313CA08272DD78A004CB793 /* PaymentViewController.swift in Sources */,
				A313C9FC272DD78A004CB793 /* UIColor+system.swift in Sources */,
				A313CA1A272DD78A004CB793 /* LoginPhoneViewController.swift in Sources */,
				A313CA15272DD78A004CB793 /* ScoringViewController.swift in Sources */,
				A313CA13272DD78A004CB793 /* CartViewController.swift in Sources */,
				A313CA11272DD78A004CB793 /* ParentViewController.swift in Sources */,
				A313CA06272DD78A004CB793 /* DebugViewController.swift in Sources */,
				A313CA10272DD78A004CB793 /* PaymentSuccessViewController.swift in Sources */,
				A313CA03272DD78A004CB793 /* GenericViewController.swift in Sources */,
				A313CA14272DD78A004CB793 /* CartCoordinator.swift in Sources */,
				A313CA1B272DD78A004CB793 /* LoginPhoneCoordinator.swift in Sources */,
				A313CA0D272DD78A004CB793 /* ProductViewController.swift in Sources */,
				A313CA09272DD78A004CB793 /* GalleryCoordinator.swift in Sources */,
				A313CA1F272DD78A004CB793 /* AppDelegate.swift in Sources */,
				A313C9FE272DD78A004CB793 /* DispatchQueue+asyncAfter.swift in Sources */,
				A313CA0F272DD78A004CB793 /* PaymentSuccessCoordinator.swift in Sources */,
				A313CA18272DD78A004CB793 /* CurrencyView.swift in Sources */,
				A313CA07272DD78A004CB793 /* PaymentCoordinator.swift in Sources */,
				A313CA17272DD78A004CB793 /* CurrencySelectionViewController.swift in Sources */,
				A313CA0E272DD78A004CB793 /* ProductCoordinator.swift in Sources */,
				A313CA12272DD78A004CB793 /* ParentCoordinator.swift in Sources */,
				A313CA01272DD78A004CB793 /* LoginSMSCodeCoordinator.swift in Sources */,
				A313CA04272DD78A004CB793 /* GenericCoordinator.swift in Sources */,
				A313C9FB272DD78A004CB793 /* UIColor+random.swift in Sources */,
				A313C9FD272DD78A004CB793 /* DefaultStringInterpolation+Optional.swift in Sources */,
				A313CA0A272DD78A004CB793 /* GalleryViewController.swift in Sources */,
				A313CA16272DD78A004CB793 /* ScoringCoordinator.swift in Sources */,
				A313CA02272DD78A004CB793 /* LoginSMSCodeViewController.swift in Sources */,
				A313CA05272DD78A004CB793 /* DebugViewCoordinator.swift in Sources */,
				A313CA23272DD78A004CB793 /* DI.swift in Sources */,
				A313CA0B272DD78A004CB793 /* KVOVC.swift in Sources */,
			);
			runOnlyForDeploymentPostprocessing = 0;
		};
/* End PBXSourcesBuildPhase section */

/* Begin PBXTargetDependency section */
		A37ADF252712F7190096E75A /* PBXTargetDependency */ = {
			isa = PBXTargetDependency;
			target = A33EDF9B2712F2B50041F32A /* Insecurity */;
			targetProxy = A37ADF242712F7190096E75A /* PBXContainerItemProxy */;
		};
/* End PBXTargetDependency section */

/* Begin PBXVariantGroup section */
		A313C9F2272DD78A004CB793 /* LaunchScreen.storyboard */ = {
			isa = PBXVariantGroup;
			children = (
				A313C9F3272DD78A004CB793 /* Base */,
			);
			name = LaunchScreen.storyboard;
			sourceTree = "<group>";
		};
/* End PBXVariantGroup section */

/* Begin XCBuildConfiguration section */
		A33EDFA22712F2B60041F32A /* Debug */ = {
			isa = XCBuildConfiguration;
			buildSettings = {
				ALWAYS_SEARCH_USER_PATHS = NO;
				CLANG_ANALYZER_NONNULL = YES;
				CLANG_ANALYZER_NUMBER_OBJECT_CONVERSION = YES_AGGRESSIVE;
				CLANG_CXX_LANGUAGE_STANDARD = "gnu++14";
				CLANG_CXX_LIBRARY = "libc++";
				CLANG_ENABLE_MODULES = YES;
				CLANG_ENABLE_OBJC_ARC = YES;
				CLANG_ENABLE_OBJC_WEAK = YES;
				CLANG_WARN_BLOCK_CAPTURE_AUTORELEASING = YES;
				CLANG_WARN_BOOL_CONVERSION = YES;
				CLANG_WARN_COMMA = YES;
				CLANG_WARN_CONSTANT_CONVERSION = YES;
				CLANG_WARN_DEPRECATED_OBJC_IMPLEMENTATIONS = YES;
				CLANG_WARN_DIRECT_OBJC_ISA_USAGE = YES_ERROR;
				CLANG_WARN_DOCUMENTATION_COMMENTS = YES;
				CLANG_WARN_EMPTY_BODY = YES;
				CLANG_WARN_ENUM_CONVERSION = YES;
				CLANG_WARN_INFINITE_RECURSION = YES;
				CLANG_WARN_INT_CONVERSION = YES;
				CLANG_WARN_NON_LITERAL_NULL_CONVERSION = YES;
				CLANG_WARN_OBJC_IMPLICIT_RETAIN_SELF = YES;
				CLANG_WARN_OBJC_LITERAL_CONVERSION = YES;
				CLANG_WARN_OBJC_ROOT_CLASS = YES_ERROR;
				CLANG_WARN_QUOTED_INCLUDE_IN_FRAMEWORK_HEADER = YES;
				CLANG_WARN_RANGE_LOOP_ANALYSIS = YES;
				CLANG_WARN_STRICT_PROTOTYPES = YES;
				CLANG_WARN_SUSPICIOUS_MOVE = YES;
				CLANG_WARN_UNGUARDED_AVAILABILITY = YES_AGGRESSIVE;
				CLANG_WARN_UNREACHABLE_CODE = YES;
				CLANG_WARN__DUPLICATE_METHOD_MATCH = YES;
				COPY_PHASE_STRIP = NO;
				CURRENT_PROJECT_VERSION = 1;
				DEBUG_INFORMATION_FORMAT = dwarf;
				ENABLE_STRICT_OBJC_MSGSEND = YES;
				ENABLE_TESTABILITY = YES;
				GCC_C_LANGUAGE_STANDARD = gnu11;
				GCC_DYNAMIC_NO_PIC = NO;
				GCC_NO_COMMON_BLOCKS = YES;
				GCC_OPTIMIZATION_LEVEL = 0;
				GCC_PREPROCESSOR_DEFINITIONS = (
					"DEBUG=1",
					"$(inherited)",
				);
				GCC_WARN_64_TO_32_BIT_CONVERSION = YES;
				GCC_WARN_ABOUT_RETURN_TYPE = YES_ERROR;
				GCC_WARN_UNDECLARED_SELECTOR = YES;
				GCC_WARN_UNINITIALIZED_AUTOS = YES_AGGRESSIVE;
				GCC_WARN_UNUSED_FUNCTION = YES;
				GCC_WARN_UNUSED_VARIABLE = YES;
				IPHONEOS_DEPLOYMENT_TARGET = 12;
				MTL_ENABLE_DEBUG_INFO = INCLUDE_SOURCE;
				MTL_FAST_MATH = YES;
				ONLY_ACTIVE_ARCH = YES;
				SDKROOT = iphoneos;
				SWIFT_ACTIVE_COMPILATION_CONDITIONS = DEBUG;
				SWIFT_OPTIMIZATION_LEVEL = "-Onone";
				VERSIONING_SYSTEM = "apple-generic";
				VERSION_INFO_PREFIX = "";
			};
			name = Debug;
		};
		A33EDFA32712F2B60041F32A /* Release */ = {
			isa = XCBuildConfiguration;
			buildSettings = {
				ALWAYS_SEARCH_USER_PATHS = NO;
				CLANG_ANALYZER_NONNULL = YES;
				CLANG_ANALYZER_NUMBER_OBJECT_CONVERSION = YES_AGGRESSIVE;
				CLANG_CXX_LANGUAGE_STANDARD = "gnu++14";
				CLANG_CXX_LIBRARY = "libc++";
				CLANG_ENABLE_MODULES = YES;
				CLANG_ENABLE_OBJC_ARC = YES;
				CLANG_ENABLE_OBJC_WEAK = YES;
				CLANG_WARN_BLOCK_CAPTURE_AUTORELEASING = YES;
				CLANG_WARN_BOOL_CONVERSION = YES;
				CLANG_WARN_COMMA = YES;
				CLANG_WARN_CONSTANT_CONVERSION = YES;
				CLANG_WARN_DEPRECATED_OBJC_IMPLEMENTATIONS = YES;
				CLANG_WARN_DIRECT_OBJC_ISA_USAGE = YES_ERROR;
				CLANG_WARN_DOCUMENTATION_COMMENTS = YES;
				CLANG_WARN_EMPTY_BODY = YES;
				CLANG_WARN_ENUM_CONVERSION = YES;
				CLANG_WARN_INFINITE_RECURSION = YES;
				CLANG_WARN_INT_CONVERSION = YES;
				CLANG_WARN_NON_LITERAL_NULL_CONVERSION = YES;
				CLANG_WARN_OBJC_IMPLICIT_RETAIN_SELF = YES;
				CLANG_WARN_OBJC_LITERAL_CONVERSION = YES;
				CLANG_WARN_OBJC_ROOT_CLASS = YES_ERROR;
				CLANG_WARN_QUOTED_INCLUDE_IN_FRAMEWORK_HEADER = YES;
				CLANG_WARN_RANGE_LOOP_ANALYSIS = YES;
				CLANG_WARN_STRICT_PROTOTYPES = YES;
				CLANG_WARN_SUSPICIOUS_MOVE = YES;
				CLANG_WARN_UNGUARDED_AVAILABILITY = YES_AGGRESSIVE;
				CLANG_WARN_UNREACHABLE_CODE = YES;
				CLANG_WARN__DUPLICATE_METHOD_MATCH = YES;
				COPY_PHASE_STRIP = NO;
				CURRENT_PROJECT_VERSION = 1;
				DEBUG_INFORMATION_FORMAT = "dwarf-with-dsym";
				ENABLE_NS_ASSERTIONS = NO;
				ENABLE_STRICT_OBJC_MSGSEND = YES;
				GCC_C_LANGUAGE_STANDARD = gnu11;
				GCC_NO_COMMON_BLOCKS = YES;
				GCC_WARN_64_TO_32_BIT_CONVERSION = YES;
				GCC_WARN_ABOUT_RETURN_TYPE = YES_ERROR;
				GCC_WARN_UNDECLARED_SELECTOR = YES;
				GCC_WARN_UNINITIALIZED_AUTOS = YES_AGGRESSIVE;
				GCC_WARN_UNUSED_FUNCTION = YES;
				GCC_WARN_UNUSED_VARIABLE = YES;
				IPHONEOS_DEPLOYMENT_TARGET = 12;
				MTL_ENABLE_DEBUG_INFO = NO;
				MTL_FAST_MATH = YES;
				SDKROOT = iphoneos;
				SWIFT_COMPILATION_MODE = wholemodule;
				SWIFT_OPTIMIZATION_LEVEL = "-O";
				VALIDATE_PRODUCT = YES;
				VERSIONING_SYSTEM = "apple-generic";
				VERSION_INFO_PREFIX = "";
			};
			name = Release;
		};
		A33EDFA52712F2B60041F32A /* Debug */ = {
			isa = XCBuildConfiguration;
			buildSettings = {
				CLANG_ENABLE_MODULES = YES;
				CODE_SIGN_STYLE = Automatic;
				DEFINES_MODULE = YES;
				DYLIB_COMPATIBILITY_VERSION = 1;
				DYLIB_CURRENT_VERSION = 1;
				DYLIB_INSTALL_NAME_BASE = "@rpath";
				INFOPLIST_FILE = InsecurityXcode12/Info.plist;
				INSTALL_PATH = "$(LOCAL_LIBRARY_DIR)/Frameworks";
				IPHONEOS_DEPLOYMENT_TARGET = 12.0;
				LD_RUNPATH_SEARCH_PATHS = (
					"$(inherited)",
					"@executable_path/Frameworks",
					"@loader_path/Frameworks",
				);
				PRODUCT_BUNDLE_IDENTIFIER = net.caroline.weisberg.InsecurityXcode12;
				PRODUCT_NAME = "$(TARGET_NAME:c99extidentifier)";
				SKIP_INSTALL = YES;
				SWIFT_OPTIMIZATION_LEVEL = "-Onone";
				SWIFT_VERSION = 5.0;
				TARGETED_DEVICE_FAMILY = "1,2";
			};
			name = Debug;
		};
		A33EDFA62712F2B60041F32A /* Release */ = {
			isa = XCBuildConfiguration;
			buildSettings = {
				CLANG_ENABLE_MODULES = YES;
				CODE_SIGN_STYLE = Automatic;
				DEFINES_MODULE = YES;
				DYLIB_COMPATIBILITY_VERSION = 1;
				DYLIB_CURRENT_VERSION = 1;
				DYLIB_INSTALL_NAME_BASE = "@rpath";
				INFOPLIST_FILE = InsecurityXcode12/Info.plist;
				INSTALL_PATH = "$(LOCAL_LIBRARY_DIR)/Frameworks";
				IPHONEOS_DEPLOYMENT_TARGET = 12.0;
				LD_RUNPATH_SEARCH_PATHS = (
					"$(inherited)",
					"@executable_path/Frameworks",
					"@loader_path/Frameworks",
				);
				PRODUCT_BUNDLE_IDENTIFIER = net.caroline.weisberg.InsecurityXcode12;
				PRODUCT_NAME = "$(TARGET_NAME:c99extidentifier)";
				SKIP_INSTALL = YES;
				SWIFT_VERSION = 5.0;
				TARGETED_DEVICE_FAMILY = "1,2";
			};
			name = Release;
		};
		A37ADEBF2712F6CC0096E75A /* Debug */ = {
			isa = XCBuildConfiguration;
			baseConfigurationReference = 0725F7F2AA6BE8626B9A5309 /* Pods-InsecurityDemo.debug.xcconfig */;
			buildSettings = {
				ALWAYS_EMBED_SWIFT_STANDARD_LIBRARIES = YES;
				ASSETCATALOG_COMPILER_APPICON_NAME = AppIcon;
				ASSETCATALOG_COMPILER_GLOBAL_ACCENT_COLOR_NAME = AccentColor;
				CODE_SIGN_STYLE = Automatic;
				DEVELOPMENT_TEAM = QZRPL4EC5L;
				INFOPLIST_FILE = InsecurityDemoXcode12/Info.plist;
				IPHONEOS_DEPLOYMENT_TARGET = 12.0;
				LD_RUNPATH_SEARCH_PATHS = (
					"$(inherited)",
					"@executable_path/Frameworks",
				);
				PRODUCT_BUNDLE_IDENTIFIER = net.caroline.weisberg.InsecurityDemoXcode12;
				PRODUCT_NAME = "$(TARGET_NAME)";
				SWIFT_VERSION = 5.0;
				TARGETED_DEVICE_FAMILY = "1,2";
			};
			name = Debug;
		};
		A37ADEC02712F6CC0096E75A /* Release */ = {
			isa = XCBuildConfiguration;
			baseConfigurationReference = 80DF2A56DADCFECAE4E1D23B /* Pods-InsecurityDemo.release.xcconfig */;
			buildSettings = {
				ALWAYS_EMBED_SWIFT_STANDARD_LIBRARIES = YES;
				ASSETCATALOG_COMPILER_APPICON_NAME = AppIcon;
				ASSETCATALOG_COMPILER_GLOBAL_ACCENT_COLOR_NAME = AccentColor;
				CODE_SIGN_STYLE = Automatic;
				DEVELOPMENT_TEAM = QZRPL4EC5L;
				INFOPLIST_FILE = InsecurityDemoXcode12/Info.plist;
				IPHONEOS_DEPLOYMENT_TARGET = 12.0;
				LD_RUNPATH_SEARCH_PATHS = (
					"$(inherited)",
					"@executable_path/Frameworks",
				);
				PRODUCT_BUNDLE_IDENTIFIER = net.caroline.weisberg.InsecurityDemoXcode12;
				PRODUCT_NAME = "$(TARGET_NAME)";
				SWIFT_VERSION = 5.0;
				TARGETED_DEVICE_FAMILY = "1,2";
			};
			name = Release;
		};
/* End XCBuildConfiguration section */

/* Begin XCConfigurationList section */
		A33EDF962712F2B50041F32A /* Build configuration list for PBXProject "InsecurityXcode12" */ = {
			isa = XCConfigurationList;
			buildConfigurations = (
				A33EDFA22712F2B60041F32A /* Debug */,
				A33EDFA32712F2B60041F32A /* Release */,
			);
			defaultConfigurationIsVisible = 0;
			defaultConfigurationName = Release;
		};
		A33EDFA42712F2B60041F32A /* Build configuration list for PBXNativeTarget "Insecurity" */ = {
			isa = XCConfigurationList;
			buildConfigurations = (
				A33EDFA52712F2B60041F32A /* Debug */,
				A33EDFA62712F2B60041F32A /* Release */,
			);
			defaultConfigurationIsVisible = 0;
			defaultConfigurationName = Release;
		};
		A37ADEC12712F6CC0096E75A /* Build configuration list for PBXNativeTarget "InsecurityDemo" */ = {
			isa = XCConfigurationList;
			buildConfigurations = (
				A37ADEBF2712F6CC0096E75A /* Debug */,
				A37ADEC02712F6CC0096E75A /* Release */,
			);
			defaultConfigurationIsVisible = 0;
			defaultConfigurationName = Release;
		};
/* End XCConfigurationList section */
	};
	rootObject = A33EDF932712F2B50041F32A /* Project object */;
}
