// !$*UTF8*$!
{
	archiveVersion = 1;
	classes = {
	};
	objectVersion = 55;
	objects = {

/* Begin PBXBuildFile section */
		4419276DCD15C0D4FB64CC47 /* libPods-InsecurityPlayground.a in Frameworks */ = {isa = PBXBuildFile; fileRef = C7413295E5FC00E9B85FA410 /* libPods-InsecurityPlayground.a */; };
		6039A8D0C53204A35B9478F6 /* libPods-InsecurityPodspecTest.a in Frameworks */ = {isa = PBXBuildFile; fileRef = 27E16FBB5A85ED77C35AC7D8 /* libPods-InsecurityPodspecTest.a */; };
		6BA2676A691705959F4C475A /* libPods-InsecurityDemo.a in Frameworks */ = {isa = PBXBuildFile; fileRef = D7468773ED7F24D055785CB0 /* libPods-InsecurityDemo.a */; };
		A320333027164E0400ABD197 /* ModalNavigation.swift in Sources */ = {isa = PBXBuildFile; fileRef = A320332F27164E0400ABD197 /* ModalNavigation.swift */; };
		A320333227164E1300ABD197 /* ModalCoordinator.swift in Sources */ = {isa = PBXBuildFile; fileRef = A320333127164E1300ABD197 /* ModalCoordinator.swift */; };
		A320333627164F0900ABD197 /* NavigationControllerNavigation.swift in Sources */ = {isa = PBXBuildFile; fileRef = A320333527164F0900ABD197 /* NavigationControllerNavigation.swift */; };
		A320333827164F2800ABD197 /* NavigationCoordinator.swift in Sources */ = {isa = PBXBuildFile; fileRef = A320333727164F2800ABD197 /* NavigationCoordinator.swift */; };
		A3383BC6270E430D006982B1 /* ParentViewController.swift in Sources */ = {isa = PBXBuildFile; fileRef = A3383BC5270E430D006982B1 /* ParentViewController.swift */; };
		A3383BC8270E43B4006982B1 /* ParentCoordinator.swift in Sources */ = {isa = PBXBuildFile; fileRef = A3383BC7270E43B4006982B1 /* ParentCoordinator.swift */; };
		A3441884270F9CD800CE49E4 /* Insecurity.swift in Sources */ = {isa = PBXBuildFile; fileRef = A3441883270F9CD800CE49E4 /* Insecurity.swift */; };
		A34CBF6526FFD796007AF9B8 /* ModalPresentationHost.swift in Sources */ = {isa = PBXBuildFile; fileRef = A34CBF6426FFD796007AF9B8 /* ModalPresentationHost.swift */; };
		A35A78232709EF3E00256FBD /* ScoringCoordinator.swift in Sources */ = {isa = PBXBuildFile; fileRef = A35A78222709EF3E00256FBD /* ScoringCoordinator.swift */; };
		A35A78252709EFFB00256FBD /* ScoringViewController.swift in Sources */ = {isa = PBXBuildFile; fileRef = A35A78242709EFFB00256FBD /* ScoringViewController.swift */; };
		A35ACB0D272DD33300733630 /* KVOVC.swift in Sources */ = {isa = PBXBuildFile; fileRef = A35ACB0B272DD33300733630 /* KVOVC.swift */; };
		A35ACB0E272DD33300733630 /* KVOCoordinator.swift in Sources */ = {isa = PBXBuildFile; fileRef = A35ACB0C272DD33300733630 /* KVOCoordinator.swift */; };
		A35E803627258F46003869F7 /* DefaultStringInterpolation+Optional.swift in Sources */ = {isa = PBXBuildFile; fileRef = A35E803527258F46003869F7 /* DefaultStringInterpolation+Optional.swift */; };
		A3677F42270CDFED003AC3E6 /* CurrencySelectionCoordinator.swift in Sources */ = {isa = PBXBuildFile; fileRef = A3677F41270CDFED003AC3E6 /* CurrencySelectionCoordinator.swift */; };
		A3677F44270CE024003AC3E6 /* CurrencySelectionViewController.swift in Sources */ = {isa = PBXBuildFile; fileRef = A3677F43270CE024003AC3E6 /* CurrencySelectionViewController.swift */; };
		A3677F47270CE038003AC3E6 /* CurrencySelection.swift in Sources */ = {isa = PBXBuildFile; fileRef = A3677F46270CE038003AC3E6 /* CurrencySelection.swift */; };
		A3677F4C270CE796003AC3E6 /* CurrencyView.swift in Sources */ = {isa = PBXBuildFile; fileRef = A3677F4B270CE796003AC3E6 /* CurrencyView.swift */; };
		A3677F4E270CEA0E003AC3E6 /* UIColor+system.swift in Sources */ = {isa = PBXBuildFile; fileRef = A3677F4D270CEA0E003AC3E6 /* UIColor+system.swift */; };
		A3683FBE2700FB590048B3CF /* LoginPhoneViewController.swift in Sources */ = {isa = PBXBuildFile; fileRef = A3683FBD2700FB590048B3CF /* LoginPhoneViewController.swift */; };
		A3683FC12700FBCC0048B3CF /* LoginSMSCodeViewController.swift in Sources */ = {isa = PBXBuildFile; fileRef = A3683FC02700FBCC0048B3CF /* LoginSMSCodeViewController.swift */; };
		A3683FC32700FC3F0048B3CF /* LoginPhoneCoordinator.swift in Sources */ = {isa = PBXBuildFile; fileRef = A3683FC22700FC3F0048B3CF /* LoginPhoneCoordinator.swift */; };
		A3683FC52700FCDB0048B3CF /* LoginSMSCodeCoordinator.swift in Sources */ = {isa = PBXBuildFile; fileRef = A3683FC42700FCDB0048B3CF /* LoginSMSCodeCoordinator.swift */; };
		A36E5AA72725C8660000C551 /* InsecurityLogger.swift in Sources */ = {isa = PBXBuildFile; fileRef = A36E5AA62725C8660000C551 /* InsecurityLogger.swift */; };
		A370768026FFCED600ED7391 /* DeinitObservable.swift in Sources */ = {isa = PBXBuildFile; fileRef = A370767F26FFCED600ED7391 /* DeinitObservable.swift */; };
		A370FB5D2706689100D5EF51 /* AuthService.swift in Sources */ = {isa = PBXBuildFile; fileRef = A370FB5C2706689100D5EF51 /* AuthService.swift */; };
		A370FB5F270668BD00D5EF51 /* DI.swift in Sources */ = {isa = PBXBuildFile; fileRef = A370FB5E270668BD00D5EF51 /* DI.swift */; };
		A370FB622706760600D5EF51 /* DebugViewController.swift in Sources */ = {isa = PBXBuildFile; fileRef = A370FB612706760600D5EF51 /* DebugViewController.swift */; };
		A370FB642706775200D5EF51 /* DebugViewCoordinator.swift in Sources */ = {isa = PBXBuildFile; fileRef = A370FB632706775200D5EF51 /* DebugViewCoordinator.swift */; };
		A370FB662706780900D5EF51 /* Application.swift in Sources */ = {isa = PBXBuildFile; fileRef = A370FB652706780900D5EF51 /* Application.swift */; };
		A370FB682706782E00D5EF51 /* main.swift in Sources */ = {isa = PBXBuildFile; fileRef = A370FB672706782E00D5EF51 /* main.swift */; };
		A377B5732713859300A4331B /* GenericViewController.swift in Sources */ = {isa = PBXBuildFile; fileRef = A377B5722713859300A4331B /* GenericViewController.swift */; };
		A377B575271385BA00A4331B /* UIColor+random.swift in Sources */ = {isa = PBXBuildFile; fileRef = A377B574271385BA00A4331B /* UIColor+random.swift */; };
		A377B5772713862900A4331B /* GenericCoordinator.swift in Sources */ = {isa = PBXBuildFile; fileRef = A377B5762713862900A4331B /* GenericCoordinator.swift */; };
		A377B58827138FD900A4331B /* Assets.xcassets in Resources */ = {isa = PBXBuildFile; fileRef = A377B58727138FD900A4331B /* Assets.xcassets */; };
		A377B58B27138FD900A4331B /* LaunchScreen.storyboard in Resources */ = {isa = PBXBuildFile; fileRef = A377B58927138FD900A4331B /* LaunchScreen.storyboard */; };
		A377B59127138FFC00A4331B /* AppDelegate.swift in Sources */ = {isa = PBXBuildFile; fileRef = A377B59027138FFC00A4331B /* AppDelegate.swift */; };
		A377B593271391A200A4331B /* ApplicationCoordinator.swift in Sources */ = {isa = PBXBuildFile; fileRef = A377B592271391A200A4331B /* ApplicationCoordinator.swift */; };
		A377B596271391DA00A4331B /* MainViewController.swift in Sources */ = {isa = PBXBuildFile; fileRef = A377B595271391DA00A4331B /* MainViewController.swift */; };
		A377B5982713922400A4331B /* MainCoordinator.swift in Sources */ = {isa = PBXBuildFile; fileRef = A377B5972713922400A4331B /* MainCoordinator.swift */; };
		A377B59F27139A6600A4331B /* PaymentMethod.swift in Sources */ = {isa = PBXBuildFile; fileRef = A377B59E27139A6600A4331B /* PaymentMethod.swift */; };
		A379912A2702659600550B8E /* WindowHost.swift in Sources */ = {isa = PBXBuildFile; fileRef = A37991292702659600550B8E /* WindowHost.swift */; };
		A379912C27026E3A00550B8E /* ApplicationCoordinator.swift in Sources */ = {isa = PBXBuildFile; fileRef = A379912B27026E3A00550B8E /* ApplicationCoordinator.swift */; };
		A382533027007EA900FBC6DC /* GalleryViewController.swift in Sources */ = {isa = PBXBuildFile; fileRef = A382532F27007EA900FBC6DC /* GalleryViewController.swift */; };
		A38253342700804700FBC6DC /* GalleryCoordinator.swift in Sources */ = {isa = PBXBuildFile; fileRef = A38253332700804700FBC6DC /* GalleryCoordinator.swift */; };
		A38253372700817C00FBC6DC /* ProductViewController.swift in Sources */ = {isa = PBXBuildFile; fileRef = A38253362700817C00FBC6DC /* ProductViewController.swift */; };
		A3825339270086CF00FBC6DC /* ProductCoordinator.swift in Sources */ = {isa = PBXBuildFile; fileRef = A3825338270086CF00FBC6DC /* ProductCoordinator.swift */; };
		A382534027008C7F00FBC6DC /* CartViewController.swift in Sources */ = {isa = PBXBuildFile; fileRef = A382533F27008C7F00FBC6DC /* CartViewController.swift */; };
		A382534227008DEE00FBC6DC /* CartCoordinator.swift in Sources */ = {isa = PBXBuildFile; fileRef = A382534127008DEE00FBC6DC /* CartCoordinator.swift */; };
		A382534527008FCB00FBC6DC /* PaymentViewController.swift in Sources */ = {isa = PBXBuildFile; fileRef = A382534427008FCB00FBC6DC /* PaymentViewController.swift */; };
		A38253472700906100FBC6DC /* PaymentCoordinator.swift in Sources */ = {isa = PBXBuildFile; fileRef = A38253462700906100FBC6DC /* PaymentCoordinator.swift */; };
		A382534A270091A900FBC6DC /* PaymentSuccessViewController.swift in Sources */ = {isa = PBXBuildFile; fileRef = A3825349270091A900FBC6DC /* PaymentSuccessViewController.swift */; };
		A382534C2700924400FBC6DC /* PaymentSuccessCoordinator.swift in Sources */ = {isa = PBXBuildFile; fileRef = A382534B2700924400FBC6DC /* PaymentSuccessCoordinator.swift */; };
		A38D67CC271CA9720092BB63 /* WindowCoordinator.swift in Sources */ = {isa = PBXBuildFile; fileRef = A38D67CB271CA9720092BB63 /* WindowCoordinator.swift */; };
		A390C14A271792C900E9C905 /* AdaptiveCoordinator.swift in Sources */ = {isa = PBXBuildFile; fileRef = A390C149271792C900E9C905 /* AdaptiveCoordinator.swift */; };
		A390C14C271792F100E9C905 /* AdaptiveNavigation.swift in Sources */ = {isa = PBXBuildFile; fileRef = A390C14B271792F100E9C905 /* AdaptiveNavigation.swift */; };
		A390C14E2717965100E9C905 /* CommonNavigationCoordinator.swift in Sources */ = {isa = PBXBuildFile; fileRef = A390C14D2717965100E9C905 /* CommonNavigationCoordinator.swift */; };
		A390C1502717992100E9C905 /* CommonModalCoordinator.swift in Sources */ = {isa = PBXBuildFile; fileRef = A390C14F2717992100E9C905 /* CommonModalCoordinator.swift */; };
		A392A1362720A0C200976B7E /* Deferred.swift in Sources */ = {isa = PBXBuildFile; fileRef = A392A1352720A0C200976B7E /* Deferred.swift */; };
		A393F2EC27289F53006CD54C /* AppDelegate.swift in Sources */ = {isa = PBXBuildFile; fileRef = A393F2EB27289F53006CD54C /* AppDelegate.swift */; };
		A393F2F527289F54006CD54C /* Assets.xcassets in Resources */ = {isa = PBXBuildFile; fileRef = A393F2F427289F54006CD54C /* Assets.xcassets */; };
		A393F2F827289F54006CD54C /* LaunchScreen.storyboard in Resources */ = {isa = PBXBuildFile; fileRef = A393F2F627289F54006CD54C /* LaunchScreen.storyboard */; };
		A393F2FE2728A445006CD54C /* Insecurity.framework in Frameworks */ = {isa = PBXBuildFile; fileRef = A3968FDD26FF25A800B6A59B /* Insecurity.framework */; };
		A393F2FF2728A445006CD54C /* Insecurity.framework in Embed Frameworks */ = {isa = PBXBuildFile; fileRef = A3968FDD26FF25A800B6A59B /* Insecurity.framework */; settings = {ATTRIBUTES = (CodeSignOnCopy, RemoveHeadersOnCopy, ); }; };
		A393F3042728A4E8006CD54C /* ApplicationCoordinator.swift in Sources */ = {isa = PBXBuildFile; fileRef = A393F3032728A4E8006CD54C /* ApplicationCoordinator.swift */; };
		A393F3072728A6CF006CD54C /* ProfileViewController.swift in Sources */ = {isa = PBXBuildFile; fileRef = A393F3062728A6CF006CD54C /* ProfileViewController.swift */; };
		A393F30A2728A70C006CD54C /* DispatchQueue+asyncAfter.swift in Sources */ = {isa = PBXBuildFile; fileRef = A393F3092728A70C006CD54C /* DispatchQueue+asyncAfter.swift */; };
		A393F30D2728A766006CD54C /* ProfileCoordinator.swift in Sources */ = {isa = PBXBuildFile; fileRef = A393F30C2728A766006CD54C /* ProfileCoordinator.swift */; };
		A393F30E2728A7B1006CD54C /* AddPaymentMethodCoordinator.swift in Sources */ = {isa = PBXBuildFile; fileRef = A377B5A327139CB700A4331B /* AddPaymentMethodCoordinator.swift */; };
		A393F30F2728A7B1006CD54C /* AddPaymentMethodViewController.swift in Sources */ = {isa = PBXBuildFile; fileRef = A377B5A127139C6000A4331B /* AddPaymentMethodViewController.swift */; };
		A393F3102728A7B5006CD54C /* PaymentMethodsCoordinator.swift in Sources */ = {isa = PBXBuildFile; fileRef = A377B59C27139A4200A4331B /* PaymentMethodsCoordinator.swift */; };
		A393F3112728A7B5006CD54C /* PaymentMethodsViewController.swift in Sources */ = {isa = PBXBuildFile; fileRef = A377B59A27139A2800A4331B /* PaymentMethodsViewController.swift */; };
		A393F3172728A7F2006CD54C /* UIColor+random.swift in Sources */ = {isa = PBXBuildFile; fileRef = A393F3132728A7F2006CD54C /* UIColor+random.swift */; };
		A393F3182728A7F2006CD54C /* UIColor+system.swift in Sources */ = {isa = PBXBuildFile; fileRef = A393F3142728A7F2006CD54C /* UIColor+system.swift */; };
		A393F3192728A7F2006CD54C /* DefaultStringInterpolation+Optional.swift in Sources */ = {isa = PBXBuildFile; fileRef = A393F3152728A7F2006CD54C /* DefaultStringInterpolation+Optional.swift */; };
		A393F31A2728A7F2006CD54C /* DispatchQueue+asyncAfter.swift in Sources */ = {isa = PBXBuildFile; fileRef = A393F3162728A7F2006CD54C /* DispatchQueue+asyncAfter.swift */; };
		A393F31D2728AA0B006CD54C /* PaymentMethod.swift in Sources */ = {isa = PBXBuildFile; fileRef = A393F31C2728AA0B006CD54C /* PaymentMethod.swift */; };
		A393F31F2728AF36006CD54C /* PaymentMethodTableCell.swift in Sources */ = {isa = PBXBuildFile; fileRef = A393F31E2728AF36006CD54C /* PaymentMethodTableCell.swift */; };
		A393F3212728B09F006CD54C /* UITableView+register.swift in Sources */ = {isa = PBXBuildFile; fileRef = A393F3202728B09F006CD54C /* UITableView+register.swift */; };
		A393F3232728B49C006CD54C /* NavigationController.swift in Sources */ = {isa = PBXBuildFile; fileRef = A393F3222728B49C006CD54C /* NavigationController.swift */; };
		A393F3262728B653006CD54C /* NavigationBarButton.swift in Sources */ = {isa = PBXBuildFile; fileRef = A393F3252728B653006CD54C /* NavigationBarButton.swift */; };
		A393F3282728BBAC006CD54C /* AutoscaleImageView.swift in Sources */ = {isa = PBXBuildFile; fileRef = A393F3272728BBAC006CD54C /* AutoscaleImageView.swift */; };
		A3968FEE26FF260000B6A59B /* AppDelegate.swift in Sources */ = {isa = PBXBuildFile; fileRef = A3968FED26FF260000B6A59B /* AppDelegate.swift */; };
		A3968FF726FF260200B6A59B /* Assets.xcassets in Resources */ = {isa = PBXBuildFile; fileRef = A3968FF626FF260200B6A59B /* Assets.xcassets */; };
		A3968FFA26FF260200B6A59B /* LaunchScreen.storyboard in Resources */ = {isa = PBXBuildFile; fileRef = A3968FF826FF260200B6A59B /* LaunchScreen.storyboard */; };
		A396900026FF26A700B6A59B /* NavigationControllerHost.swift in Sources */ = {isa = PBXBuildFile; fileRef = A3968FFF26FF26A700B6A59B /* NavigationControllerHost.swift */; };
		A396900226FF26CA00B6A59B /* Insecurity.framework in Frameworks */ = {isa = PBXBuildFile; fileRef = A3968FDD26FF25A800B6A59B /* Insecurity.framework */; };
		A396900326FF26CA00B6A59B /* Insecurity.framework in Embed Frameworks */ = {isa = PBXBuildFile; fileRef = A3968FDD26FF25A800B6A59B /* Insecurity.framework */; settings = {ATTRIBUTES = (CodeSignOnCopy, RemoveHeadersOnCopy, ); }; };
/* End PBXBuildFile section */

/* Begin PBXContainerItemProxy section */
		A393F3002728A445006CD54C /* PBXContainerItemProxy */ = {
			isa = PBXContainerItemProxy;
			containerPortal = A3968FD426FF25A800B6A59B /* Project object */;
			proxyType = 1;
			remoteGlobalIDString = A3968FDC26FF25A800B6A59B;
			remoteInfo = Insecurity;
		};
		A396900426FF26CA00B6A59B /* PBXContainerItemProxy */ = {
			isa = PBXContainerItemProxy;
			containerPortal = A3968FD426FF25A800B6A59B /* Project object */;
			proxyType = 1;
			remoteGlobalIDString = A3968FDC26FF25A800B6A59B;
			remoteInfo = Insecurity;
		};
/* End PBXContainerItemProxy section */

/* Begin PBXCopyFilesBuildPhase section */
		A393F3022728A445006CD54C /* Embed Frameworks */ = {
			isa = PBXCopyFilesBuildPhase;
			buildActionMask = 2147483647;
			dstPath = "";
			dstSubfolderSpec = 10;
			files = (
				A393F2FF2728A445006CD54C /* Insecurity.framework in Embed Frameworks */,
			);
			name = "Embed Frameworks";
			runOnlyForDeploymentPostprocessing = 0;
		};
		A396900626FF26CA00B6A59B /* Embed Frameworks */ = {
			isa = PBXCopyFilesBuildPhase;
			buildActionMask = 2147483647;
			dstPath = "";
			dstSubfolderSpec = 10;
			files = (
				A396900326FF26CA00B6A59B /* Insecurity.framework in Embed Frameworks */,
			);
			name = "Embed Frameworks";
			runOnlyForDeploymentPostprocessing = 0;
		};
/* End PBXCopyFilesBuildPhase section */

/* Begin PBXFileReference section */
		07F1A30A8467E9454829BA91 /* Pods-InsecurityPodspecTest.debug.xcconfig */ = {isa = PBXFileReference; includeInIndex = 1; lastKnownFileType = text.xcconfig; name = "Pods-InsecurityPodspecTest.debug.xcconfig"; path = "Target Support Files/Pods-InsecurityPodspecTest/Pods-InsecurityPodspecTest.debug.xcconfig"; sourceTree = "<group>"; };
		0F11C1516A14E4898598B79F /* Pods-InsecurityDemo.release.xcconfig */ = {isa = PBXFileReference; includeInIndex = 1; lastKnownFileType = text.xcconfig; name = "Pods-InsecurityDemo.release.xcconfig"; path = "Target Support Files/Pods-InsecurityDemo/Pods-InsecurityDemo.release.xcconfig"; sourceTree = "<group>"; };
		10BA6F3779CD79C33A65C619 /* Pods-InsecurityPlayground.debug.xcconfig */ = {isa = PBXFileReference; includeInIndex = 1; lastKnownFileType = text.xcconfig; name = "Pods-InsecurityPlayground.debug.xcconfig"; path = "Target Support Files/Pods-InsecurityPlayground/Pods-InsecurityPlayground.debug.xcconfig"; sourceTree = "<group>"; };
		27E16FBB5A85ED77C35AC7D8 /* libPods-InsecurityPodspecTest.a */ = {isa = PBXFileReference; explicitFileType = archive.ar; includeInIndex = 0; path = "libPods-InsecurityPodspecTest.a"; sourceTree = BUILT_PRODUCTS_DIR; };
		6C9E60E5EBFC027AD77BE703 /* Pods-InsecurityDemo.debug.xcconfig */ = {isa = PBXFileReference; includeInIndex = 1; lastKnownFileType = text.xcconfig; name = "Pods-InsecurityDemo.debug.xcconfig"; path = "Target Support Files/Pods-InsecurityDemo/Pods-InsecurityDemo.debug.xcconfig"; sourceTree = "<group>"; };
		7ED2D0086C3E5EABF27BE1C5 /* Pods-InsecurityPlayground.release.xcconfig */ = {isa = PBXFileReference; includeInIndex = 1; lastKnownFileType = text.xcconfig; name = "Pods-InsecurityPlayground.release.xcconfig"; path = "Target Support Files/Pods-InsecurityPlayground/Pods-InsecurityPlayground.release.xcconfig"; sourceTree = "<group>"; };
		9630C86ACEA183BA279A7CFE /* Pods-InsecurityPodspecTest.release.xcconfig */ = {isa = PBXFileReference; includeInIndex = 1; lastKnownFileType = text.xcconfig; name = "Pods-InsecurityPodspecTest.release.xcconfig"; path = "Target Support Files/Pods-InsecurityPodspecTest/Pods-InsecurityPodspecTest.release.xcconfig"; sourceTree = "<group>"; };
		A320332F27164E0400ABD197 /* ModalNavigation.swift */ = {isa = PBXFileReference; lastKnownFileType = sourcecode.swift; path = ModalNavigation.swift; sourceTree = "<group>"; };
		A320333127164E1300ABD197 /* ModalCoordinator.swift */ = {isa = PBXFileReference; lastKnownFileType = sourcecode.swift; path = ModalCoordinator.swift; sourceTree = "<group>"; };
		A320333527164F0900ABD197 /* NavigationControllerNavigation.swift */ = {isa = PBXFileReference; lastKnownFileType = sourcecode.swift; path = NavigationControllerNavigation.swift; sourceTree = "<group>"; };
		A320333727164F2800ABD197 /* NavigationCoordinator.swift */ = {isa = PBXFileReference; lastKnownFileType = sourcecode.swift; path = NavigationCoordinator.swift; sourceTree = "<group>"; };
		A3383BC5270E430D006982B1 /* ParentViewController.swift */ = {isa = PBXFileReference; lastKnownFileType = sourcecode.swift; path = ParentViewController.swift; sourceTree = "<group>"; };
		A3383BC7270E43B4006982B1 /* ParentCoordinator.swift */ = {isa = PBXFileReference; lastKnownFileType = sourcecode.swift; path = ParentCoordinator.swift; sourceTree = "<group>"; };
		A3441883270F9CD800CE49E4 /* Insecurity.swift */ = {isa = PBXFileReference; lastKnownFileType = sourcecode.swift; path = Insecurity.swift; sourceTree = "<group>"; };
		A34CBF6426FFD796007AF9B8 /* ModalPresentationHost.swift */ = {isa = PBXFileReference; lastKnownFileType = sourcecode.swift; path = ModalPresentationHost.swift; sourceTree = "<group>"; };
		A35A78222709EF3E00256FBD /* ScoringCoordinator.swift */ = {isa = PBXFileReference; lastKnownFileType = sourcecode.swift; path = ScoringCoordinator.swift; sourceTree = "<group>"; };
		A35A78242709EFFB00256FBD /* ScoringViewController.swift */ = {isa = PBXFileReference; lastKnownFileType = sourcecode.swift; path = ScoringViewController.swift; sourceTree = "<group>"; };
		A35ACB0B272DD33300733630 /* KVOVC.swift */ = {isa = PBXFileReference; fileEncoding = 4; lastKnownFileType = sourcecode.swift; path = KVOVC.swift; sourceTree = "<group>"; };
		A35ACB0C272DD33300733630 /* KVOCoordinator.swift */ = {isa = PBXFileReference; fileEncoding = 4; lastKnownFileType = sourcecode.swift; path = KVOCoordinator.swift; sourceTree = "<group>"; };
		A35E803527258F46003869F7 /* DefaultStringInterpolation+Optional.swift */ = {isa = PBXFileReference; lastKnownFileType = sourcecode.swift; path = "DefaultStringInterpolation+Optional.swift"; sourceTree = "<group>"; };
		A3677F41270CDFED003AC3E6 /* CurrencySelectionCoordinator.swift */ = {isa = PBXFileReference; lastKnownFileType = sourcecode.swift; path = CurrencySelectionCoordinator.swift; sourceTree = "<group>"; };
		A3677F43270CE024003AC3E6 /* CurrencySelectionViewController.swift */ = {isa = PBXFileReference; lastKnownFileType = sourcecode.swift; path = CurrencySelectionViewController.swift; sourceTree = "<group>"; };
		A3677F46270CE038003AC3E6 /* CurrencySelection.swift */ = {isa = PBXFileReference; lastKnownFileType = sourcecode.swift; path = CurrencySelection.swift; sourceTree = "<group>"; };
		A3677F4B270CE796003AC3E6 /* CurrencyView.swift */ = {isa = PBXFileReference; lastKnownFileType = sourcecode.swift; path = CurrencyView.swift; sourceTree = "<group>"; };
		A3677F4D270CEA0E003AC3E6 /* UIColor+system.swift */ = {isa = PBXFileReference; lastKnownFileType = sourcecode.swift; path = "UIColor+system.swift"; sourceTree = "<group>"; };
		A3683FBD2700FB590048B3CF /* LoginPhoneViewController.swift */ = {isa = PBXFileReference; lastKnownFileType = sourcecode.swift; path = LoginPhoneViewController.swift; sourceTree = "<group>"; };
		A3683FC02700FBCC0048B3CF /* LoginSMSCodeViewController.swift */ = {isa = PBXFileReference; lastKnownFileType = sourcecode.swift; path = LoginSMSCodeViewController.swift; sourceTree = "<group>"; };
		A3683FC22700FC3F0048B3CF /* LoginPhoneCoordinator.swift */ = {isa = PBXFileReference; lastKnownFileType = sourcecode.swift; path = LoginPhoneCoordinator.swift; sourceTree = "<group>"; };
		A3683FC42700FCDB0048B3CF /* LoginSMSCodeCoordinator.swift */ = {isa = PBXFileReference; lastKnownFileType = sourcecode.swift; path = LoginSMSCodeCoordinator.swift; sourceTree = "<group>"; };
		A36E5AA62725C8660000C551 /* InsecurityLogger.swift */ = {isa = PBXFileReference; lastKnownFileType = sourcecode.swift; path = InsecurityLogger.swift; sourceTree = "<group>"; };
		A370767F26FFCED600ED7391 /* DeinitObservable.swift */ = {isa = PBXFileReference; lastKnownFileType = sourcecode.swift; path = DeinitObservable.swift; sourceTree = "<group>"; };
		A370FB5C2706689100D5EF51 /* AuthService.swift */ = {isa = PBXFileReference; lastKnownFileType = sourcecode.swift; path = AuthService.swift; sourceTree = "<group>"; };
		A370FB5E270668BD00D5EF51 /* DI.swift */ = {isa = PBXFileReference; lastKnownFileType = sourcecode.swift; path = DI.swift; sourceTree = "<group>"; };
		A370FB612706760600D5EF51 /* DebugViewController.swift */ = {isa = PBXFileReference; lastKnownFileType = sourcecode.swift; path = DebugViewController.swift; sourceTree = "<group>"; };
		A370FB632706775200D5EF51 /* DebugViewCoordinator.swift */ = {isa = PBXFileReference; lastKnownFileType = sourcecode.swift; path = DebugViewCoordinator.swift; sourceTree = "<group>"; };
		A370FB652706780900D5EF51 /* Application.swift */ = {isa = PBXFileReference; lastKnownFileType = sourcecode.swift; path = Application.swift; sourceTree = "<group>"; };
		A370FB672706782E00D5EF51 /* main.swift */ = {isa = PBXFileReference; lastKnownFileType = sourcecode.swift; path = main.swift; sourceTree = "<group>"; };
		A377B5722713859300A4331B /* GenericViewController.swift */ = {isa = PBXFileReference; lastKnownFileType = sourcecode.swift; path = GenericViewController.swift; sourceTree = "<group>"; };
		A377B574271385BA00A4331B /* UIColor+random.swift */ = {isa = PBXFileReference; lastKnownFileType = sourcecode.swift; path = "UIColor+random.swift"; sourceTree = "<group>"; };
		A377B5762713862900A4331B /* GenericCoordinator.swift */ = {isa = PBXFileReference; lastKnownFileType = sourcecode.swift; path = GenericCoordinator.swift; sourceTree = "<group>"; };
		A377B57C27138FD800A4331B /* InsecurityPodspecTest.app */ = {isa = PBXFileReference; explicitFileType = wrapper.application; includeInIndex = 0; path = InsecurityPodspecTest.app; sourceTree = BUILT_PRODUCTS_DIR; };
		A377B58727138FD900A4331B /* Assets.xcassets */ = {isa = PBXFileReference; lastKnownFileType = folder.assetcatalog; path = Assets.xcassets; sourceTree = "<group>"; };
		A377B58A27138FD900A4331B /* Base */ = {isa = PBXFileReference; lastKnownFileType = file.storyboard; name = Base; path = Base.lproj/LaunchScreen.storyboard; sourceTree = "<group>"; };
		A377B58C27138FD900A4331B /* Info.plist */ = {isa = PBXFileReference; lastKnownFileType = text.plist.xml; path = Info.plist; sourceTree = "<group>"; };
		A377B59027138FFC00A4331B /* AppDelegate.swift */ = {isa = PBXFileReference; lastKnownFileType = sourcecode.swift; path = AppDelegate.swift; sourceTree = "<group>"; };
		A377B592271391A200A4331B /* ApplicationCoordinator.swift */ = {isa = PBXFileReference; lastKnownFileType = sourcecode.swift; path = ApplicationCoordinator.swift; sourceTree = "<group>"; };
		A377B595271391DA00A4331B /* MainViewController.swift */ = {isa = PBXFileReference; lastKnownFileType = sourcecode.swift; path = MainViewController.swift; sourceTree = "<group>"; };
		A377B5972713922400A4331B /* MainCoordinator.swift */ = {isa = PBXFileReference; lastKnownFileType = sourcecode.swift; path = MainCoordinator.swift; sourceTree = "<group>"; };
		A377B59A27139A2800A4331B /* PaymentMethodsViewController.swift */ = {isa = PBXFileReference; lastKnownFileType = sourcecode.swift; path = PaymentMethodsViewController.swift; sourceTree = "<group>"; };
		A377B59C27139A4200A4331B /* PaymentMethodsCoordinator.swift */ = {isa = PBXFileReference; lastKnownFileType = sourcecode.swift; path = PaymentMethodsCoordinator.swift; sourceTree = "<group>"; };
		A377B59E27139A6600A4331B /* PaymentMethod.swift */ = {isa = PBXFileReference; lastKnownFileType = sourcecode.swift; path = PaymentMethod.swift; sourceTree = "<group>"; };
		A377B5A127139C6000A4331B /* AddPaymentMethodViewController.swift */ = {isa = PBXFileReference; lastKnownFileType = sourcecode.swift; path = AddPaymentMethodViewController.swift; sourceTree = "<group>"; };
		A377B5A327139CB700A4331B /* AddPaymentMethodCoordinator.swift */ = {isa = PBXFileReference; lastKnownFileType = sourcecode.swift; path = AddPaymentMethodCoordinator.swift; sourceTree = "<group>"; };
		A37991292702659600550B8E /* WindowHost.swift */ = {isa = PBXFileReference; lastKnownFileType = sourcecode.swift; path = WindowHost.swift; sourceTree = "<group>"; };
		A379912B27026E3A00550B8E /* ApplicationCoordinator.swift */ = {isa = PBXFileReference; lastKnownFileType = sourcecode.swift; path = ApplicationCoordinator.swift; sourceTree = "<group>"; };
		A382532F27007EA900FBC6DC /* GalleryViewController.swift */ = {isa = PBXFileReference; lastKnownFileType = sourcecode.swift; path = GalleryViewController.swift; sourceTree = "<group>"; };
		A38253332700804700FBC6DC /* GalleryCoordinator.swift */ = {isa = PBXFileReference; lastKnownFileType = sourcecode.swift; path = GalleryCoordinator.swift; sourceTree = "<group>"; };
		A38253362700817C00FBC6DC /* ProductViewController.swift */ = {isa = PBXFileReference; lastKnownFileType = sourcecode.swift; path = ProductViewController.swift; sourceTree = "<group>"; };
		A3825338270086CF00FBC6DC /* ProductCoordinator.swift */ = {isa = PBXFileReference; lastKnownFileType = sourcecode.swift; path = ProductCoordinator.swift; sourceTree = "<group>"; };
		A382533F27008C7F00FBC6DC /* CartViewController.swift */ = {isa = PBXFileReference; lastKnownFileType = sourcecode.swift; path = CartViewController.swift; sourceTree = "<group>"; };
		A382534127008DEE00FBC6DC /* CartCoordinator.swift */ = {isa = PBXFileReference; lastKnownFileType = sourcecode.swift; path = CartCoordinator.swift; sourceTree = "<group>"; };
		A382534427008FCB00FBC6DC /* PaymentViewController.swift */ = {isa = PBXFileReference; lastKnownFileType = sourcecode.swift; path = PaymentViewController.swift; sourceTree = "<group>"; };
		A38253462700906100FBC6DC /* PaymentCoordinator.swift */ = {isa = PBXFileReference; lastKnownFileType = sourcecode.swift; path = PaymentCoordinator.swift; sourceTree = "<group>"; };
		A3825349270091A900FBC6DC /* PaymentSuccessViewController.swift */ = {isa = PBXFileReference; lastKnownFileType = sourcecode.swift; path = PaymentSuccessViewController.swift; sourceTree = "<group>"; };
		A382534B2700924400FBC6DC /* PaymentSuccessCoordinator.swift */ = {isa = PBXFileReference; lastKnownFileType = sourcecode.swift; path = PaymentSuccessCoordinator.swift; sourceTree = "<group>"; };
		A38D67CB271CA9720092BB63 /* WindowCoordinator.swift */ = {isa = PBXFileReference; lastKnownFileType = sourcecode.swift; path = WindowCoordinator.swift; sourceTree = "<group>"; };
		A390C149271792C900E9C905 /* AdaptiveCoordinator.swift */ = {isa = PBXFileReference; lastKnownFileType = sourcecode.swift; path = AdaptiveCoordinator.swift; sourceTree = "<group>"; };
		A390C14B271792F100E9C905 /* AdaptiveNavigation.swift */ = {isa = PBXFileReference; lastKnownFileType = sourcecode.swift; path = AdaptiveNavigation.swift; sourceTree = "<group>"; };
		A390C14D2717965100E9C905 /* CommonNavigationCoordinator.swift */ = {isa = PBXFileReference; lastKnownFileType = sourcecode.swift; path = CommonNavigationCoordinator.swift; sourceTree = "<group>"; };
		A390C14F2717992100E9C905 /* CommonModalCoordinator.swift */ = {isa = PBXFileReference; lastKnownFileType = sourcecode.swift; path = CommonModalCoordinator.swift; sourceTree = "<group>"; };
		A392A1352720A0C200976B7E /* Deferred.swift */ = {isa = PBXFileReference; lastKnownFileType = sourcecode.swift; path = Deferred.swift; sourceTree = "<group>"; };
		A393F2E927289F53006CD54C /* InsecurityDemo.app */ = {isa = PBXFileReference; explicitFileType = wrapper.application; includeInIndex = 0; path = InsecurityDemo.app; sourceTree = BUILT_PRODUCTS_DIR; };
		A393F2EB27289F53006CD54C /* AppDelegate.swift */ = {isa = PBXFileReference; lastKnownFileType = sourcecode.swift; path = AppDelegate.swift; sourceTree = "<group>"; };
		A393F2F427289F54006CD54C /* Assets.xcassets */ = {isa = PBXFileReference; lastKnownFileType = folder.assetcatalog; path = Assets.xcassets; sourceTree = "<group>"; };
		A393F2F727289F54006CD54C /* Base */ = {isa = PBXFileReference; lastKnownFileType = file.storyboard; name = Base; path = Base.lproj/LaunchScreen.storyboard; sourceTree = "<group>"; };
		A393F2F927289F54006CD54C /* Info.plist */ = {isa = PBXFileReference; lastKnownFileType = text.plist.xml; path = Info.plist; sourceTree = "<group>"; };
		A393F3032728A4E8006CD54C /* ApplicationCoordinator.swift */ = {isa = PBXFileReference; lastKnownFileType = sourcecode.swift; path = ApplicationCoordinator.swift; sourceTree = "<group>"; };
		A393F3062728A6CF006CD54C /* ProfileViewController.swift */ = {isa = PBXFileReference; lastKnownFileType = sourcecode.swift; path = ProfileViewController.swift; sourceTree = "<group>"; };
		A393F3092728A70C006CD54C /* DispatchQueue+asyncAfter.swift */ = {isa = PBXFileReference; lastKnownFileType = sourcecode.swift; path = "DispatchQueue+asyncAfter.swift"; sourceTree = "<group>"; };
		A393F30C2728A766006CD54C /* ProfileCoordinator.swift */ = {isa = PBXFileReference; lastKnownFileType = sourcecode.swift; path = ProfileCoordinator.swift; sourceTree = "<group>"; };
		A393F3132728A7F2006CD54C /* UIColor+random.swift */ = {isa = PBXFileReference; fileEncoding = 4; lastKnownFileType = sourcecode.swift; path = "UIColor+random.swift"; sourceTree = "<group>"; };
		A393F3142728A7F2006CD54C /* UIColor+system.swift */ = {isa = PBXFileReference; fileEncoding = 4; lastKnownFileType = sourcecode.swift; path = "UIColor+system.swift"; sourceTree = "<group>"; };
		A393F3152728A7F2006CD54C /* DefaultStringInterpolation+Optional.swift */ = {isa = PBXFileReference; fileEncoding = 4; lastKnownFileType = sourcecode.swift; path = "DefaultStringInterpolation+Optional.swift"; sourceTree = "<group>"; };
		A393F3162728A7F2006CD54C /* DispatchQueue+asyncAfter.swift */ = {isa = PBXFileReference; fileEncoding = 4; lastKnownFileType = sourcecode.swift; name = "DispatchQueue+asyncAfter.swift"; path = "../../InsecurityPlayground/Util/DispatchQueue+asyncAfter.swift"; sourceTree = "<group>"; };
		A393F31C2728AA0B006CD54C /* PaymentMethod.swift */ = {isa = PBXFileReference; lastKnownFileType = sourcecode.swift; path = PaymentMethod.swift; sourceTree = "<group>"; };
		A393F31E2728AF36006CD54C /* PaymentMethodTableCell.swift */ = {isa = PBXFileReference; lastKnownFileType = sourcecode.swift; path = PaymentMethodTableCell.swift; sourceTree = "<group>"; };
		A393F3202728B09F006CD54C /* UITableView+register.swift */ = {isa = PBXFileReference; lastKnownFileType = sourcecode.swift; path = "UITableView+register.swift"; sourceTree = "<group>"; };
		A393F3222728B49C006CD54C /* NavigationController.swift */ = {isa = PBXFileReference; lastKnownFileType = sourcecode.swift; path = NavigationController.swift; sourceTree = "<group>"; };
		A393F3252728B653006CD54C /* NavigationBarButton.swift */ = {isa = PBXFileReference; lastKnownFileType = sourcecode.swift; path = NavigationBarButton.swift; sourceTree = "<group>"; };
		A393F3272728BBAC006CD54C /* AutoscaleImageView.swift */ = {isa = PBXFileReference; lastKnownFileType = sourcecode.swift; path = AutoscaleImageView.swift; sourceTree = "<group>"; };
		A3968FDD26FF25A800B6A59B /* Insecurity.framework */ = {isa = PBXFileReference; explicitFileType = wrapper.framework; includeInIndex = 0; path = Insecurity.framework; sourceTree = BUILT_PRODUCTS_DIR; };
		A3968FEB26FF260000B6A59B /* InsecurityPlayground.app */ = {isa = PBXFileReference; explicitFileType = wrapper.application; includeInIndex = 0; path = InsecurityPlayground.app; sourceTree = BUILT_PRODUCTS_DIR; };
		A3968FED26FF260000B6A59B /* AppDelegate.swift */ = {isa = PBXFileReference; lastKnownFileType = sourcecode.swift; path = AppDelegate.swift; sourceTree = "<group>"; };
		A3968FF626FF260200B6A59B /* Assets.xcassets */ = {isa = PBXFileReference; lastKnownFileType = folder.assetcatalog; path = Assets.xcassets; sourceTree = "<group>"; };
		A3968FF926FF260200B6A59B /* Base */ = {isa = PBXFileReference; lastKnownFileType = file.storyboard; name = Base; path = Base.lproj/LaunchScreen.storyboard; sourceTree = "<group>"; };
		A3968FFB26FF260200B6A59B /* Info.plist */ = {isa = PBXFileReference; lastKnownFileType = text.plist.xml; path = Info.plist; sourceTree = "<group>"; };
		A3968FFF26FF26A700B6A59B /* NavigationControllerHost.swift */ = {isa = PBXFileReference; lastKnownFileType = sourcecode.swift; path = NavigationControllerHost.swift; sourceTree = "<group>"; };
		C7413295E5FC00E9B85FA410 /* libPods-InsecurityPlayground.a */ = {isa = PBXFileReference; explicitFileType = archive.ar; includeInIndex = 0; path = "libPods-InsecurityPlayground.a"; sourceTree = BUILT_PRODUCTS_DIR; };
		D7468773ED7F24D055785CB0 /* libPods-InsecurityDemo.a */ = {isa = PBXFileReference; explicitFileType = archive.ar; includeInIndex = 0; path = "libPods-InsecurityDemo.a"; sourceTree = BUILT_PRODUCTS_DIR; };
/* End PBXFileReference section */

/* Begin PBXFrameworksBuildPhase section */
		A377B57927138FD800A4331B /* Frameworks */ = {
			isa = PBXFrameworksBuildPhase;
			buildActionMask = 2147483647;
			files = (
				6039A8D0C53204A35B9478F6 /* libPods-InsecurityPodspecTest.a in Frameworks */,
			);
			runOnlyForDeploymentPostprocessing = 0;
		};
		A393F2E627289F53006CD54C /* Frameworks */ = {
			isa = PBXFrameworksBuildPhase;
			buildActionMask = 2147483647;
			files = (
				A393F2FE2728A445006CD54C /* Insecurity.framework in Frameworks */,
				6BA2676A691705959F4C475A /* libPods-InsecurityDemo.a in Frameworks */,
			);
			runOnlyForDeploymentPostprocessing = 0;
		};
		A3968FDA26FF25A800B6A59B /* Frameworks */ = {
			isa = PBXFrameworksBuildPhase;
			buildActionMask = 2147483647;
			files = (
			);
			runOnlyForDeploymentPostprocessing = 0;
		};
		A3968FE826FF260000B6A59B /* Frameworks */ = {
			isa = PBXFrameworksBuildPhase;
			buildActionMask = 2147483647;
			files = (
				A396900226FF26CA00B6A59B /* Insecurity.framework in Frameworks */,
				4419276DCD15C0D4FB64CC47 /* libPods-InsecurityPlayground.a in Frameworks */,
			);
			runOnlyForDeploymentPostprocessing = 0;
		};
/* End PBXFrameworksBuildPhase section */

/* Begin PBXGroup section */
		3B9DCFDC184B14695D924E6C /* Pods */ = {
			isa = PBXGroup;
			children = (
				07F1A30A8467E9454829BA91 /* Pods-InsecurityPodspecTest.debug.xcconfig */,
				9630C86ACEA183BA279A7CFE /* Pods-InsecurityPodspecTest.release.xcconfig */,
				10BA6F3779CD79C33A65C619 /* Pods-InsecurityPlayground.debug.xcconfig */,
				7ED2D0086C3E5EABF27BE1C5 /* Pods-InsecurityPlayground.release.xcconfig */,
				6C9E60E5EBFC027AD77BE703 /* Pods-InsecurityDemo.debug.xcconfig */,
				0F11C1516A14E4898598B79F /* Pods-InsecurityDemo.release.xcconfig */,
			);
			path = Pods;
			sourceTree = "<group>";
		};
		A3383BC4270E42FE006982B1 /* ParentSample */ = {
			isa = PBXGroup;
			children = (
				A3383BC5270E430D006982B1 /* ParentViewController.swift */,
				A3383BC7270E43B4006982B1 /* ParentCoordinator.swift */,
			);
			path = ParentSample;
			sourceTree = "<group>";
		};
		A35A78212709EF2E00256FBD /* Scoring */ = {
			isa = PBXGroup;
			children = (
				A35A78222709EF3E00256FBD /* ScoringCoordinator.swift */,
				A35A78242709EFFB00256FBD /* ScoringViewController.swift */,
			);
			path = Scoring;
			sourceTree = "<group>";
		};
		A35ACB0A272DD33300733630 /* KVOExperiment */ = {
			isa = PBXGroup;
			children = (
				A35ACB0B272DD33300733630 /* KVOVC.swift */,
				A35ACB0C272DD33300733630 /* KVOCoordinator.swift */,
			);
			path = KVOExperiment;
			sourceTree = "<group>";
		};
		A3677F40270CDFDB003AC3E6 /* CurrencySelection */ = {
			isa = PBXGroup;
			children = (
				A3677F41270CDFED003AC3E6 /* CurrencySelectionCoordinator.swift */,
				A3677F43270CE024003AC3E6 /* CurrencySelectionViewController.swift */,
				A3677F4B270CE796003AC3E6 /* CurrencyView.swift */,
			);
			path = CurrencySelection;
			sourceTree = "<group>";
		};
		A3677F45270CE029003AC3E6 /* Models */ = {
			isa = PBXGroup;
			children = (
				A3677F46270CE038003AC3E6 /* CurrencySelection.swift */,
				A377B59E27139A6600A4331B /* PaymentMethod.swift */,
			);
			path = Models;
			sourceTree = "<group>";
		};
		A3677F48270CE1A2003AC3E6 /* Util */ = {
			isa = PBXGroup;
			children = (
				A393F3092728A70C006CD54C /* DispatchQueue+asyncAfter.swift */,
				A3677F4D270CEA0E003AC3E6 /* UIColor+system.swift */,
				A377B574271385BA00A4331B /* UIColor+random.swift */,
				A35E803527258F46003869F7 /* DefaultStringInterpolation+Optional.swift */,
			);
			path = Util;
			sourceTree = "<group>";
		};
		A3683FBC2700FB460048B3CF /* LoginPhone */ = {
			isa = PBXGroup;
			children = (
				A3683FBD2700FB590048B3CF /* LoginPhoneViewController.swift */,
				A3683FC22700FC3F0048B3CF /* LoginPhoneCoordinator.swift */,
			);
			path = LoginPhone;
			sourceTree = "<group>";
		};
		A3683FBF2700FBBE0048B3CF /* LoginSMSCode */ = {
			isa = PBXGroup;
			children = (
				A3683FC02700FBCC0048B3CF /* LoginSMSCodeViewController.swift */,
				A3683FC42700FCDB0048B3CF /* LoginSMSCodeCoordinator.swift */,
			);
			path = LoginSMSCode;
			sourceTree = "<group>";
		};
		A370FB5B2706688500D5EF51 /* Services */ = {
			isa = PBXGroup;
			children = (
				A370FB5C2706689100D5EF51 /* AuthService.swift */,
				A370FB5E270668BD00D5EF51 /* DI.swift */,
			);
			path = Services;
			sourceTree = "<group>";
		};
		A370FB60270675D800D5EF51 /* DebugViewController */ = {
			isa = PBXGroup;
			children = (
				A370FB612706760600D5EF51 /* DebugViewController.swift */,
				A370FB632706775200D5EF51 /* DebugViewCoordinator.swift */,
			);
			path = DebugViewController;
			sourceTree = "<group>";
		};
		A377B5712713858300A4331B /* LongChain */ = {
			isa = PBXGroup;
			children = (
				A377B5722713859300A4331B /* GenericViewController.swift */,
				A377B5762713862900A4331B /* GenericCoordinator.swift */,
			);
			path = LongChain;
			sourceTree = "<group>";
		};
		A377B57D27138FD800A4331B /* InsecurityPodspecTest */ = {
			isa = PBXGroup;
			children = (
				A377B594271391CF00A4331B /* Workflows */,
				A377B592271391A200A4331B /* ApplicationCoordinator.swift */,
				A377B59027138FFC00A4331B /* AppDelegate.swift */,
				A377B58727138FD900A4331B /* Assets.xcassets */,
				A377B58927138FD900A4331B /* LaunchScreen.storyboard */,
				A377B58C27138FD900A4331B /* Info.plist */,
			);
			path = InsecurityPodspecTest;
			sourceTree = "<group>";
		};
		A377B594271391CF00A4331B /* Workflows */ = {
			isa = PBXGroup;
			children = (
				A377B595271391DA00A4331B /* MainViewController.swift */,
				A377B5972713922400A4331B /* MainCoordinator.swift */,
			);
			path = Workflows;
			sourceTree = "<group>";
		};
		A377B59927139A1900A4331B /* PaymentMethods */ = {
			isa = PBXGroup;
			children = (
				A377B59A27139A2800A4331B /* PaymentMethodsViewController.swift */,
				A377B59C27139A4200A4331B /* PaymentMethodsCoordinator.swift */,
				A393F31E2728AF36006CD54C /* PaymentMethodTableCell.swift */,
			);
			path = PaymentMethods;
			sourceTree = "<group>";
		};
		A377B5A027139C5400A4331B /* AddPaymentMethod */ = {
			isa = PBXGroup;
			children = (
				A377B5A127139C6000A4331B /* AddPaymentMethodViewController.swift */,
				A377B5A327139CB700A4331B /* AddPaymentMethodCoordinator.swift */,
			);
			path = AddPaymentMethod;
			sourceTree = "<group>";
		};
		A382532D27007E8A00FBC6DC /* Workflows */ = {
			isa = PBXGroup;
			children = (
				A35ACB0A272DD33300733630 /* KVOExperiment */,
				A377B5712713858300A4331B /* LongChain */,
				A3383BC4270E42FE006982B1 /* ParentSample */,
				A3677F40270CDFDB003AC3E6 /* CurrencySelection */,
				A35A78212709EF2E00256FBD /* Scoring */,
				A370FB60270675D800D5EF51 /* DebugViewController */,
				A3683FBF2700FBBE0048B3CF /* LoginSMSCode */,
				A3683FBC2700FB460048B3CF /* LoginPhone */,
				A38253482700919800FBC6DC /* PaymentSuccess */,
				A382534327008FC300FBC6DC /* Payment */,
				A382533E27008C7400FBC6DC /* Cart */,
				A38253352700813E00FBC6DC /* Product */,
				A382532E27007E9900FBC6DC /* Gallery */,
			);
			path = Workflows;
			sourceTree = "<group>";
		};
		A382532E27007E9900FBC6DC /* Gallery */ = {
			isa = PBXGroup;
			children = (
				A382532F27007EA900FBC6DC /* GalleryViewController.swift */,
				A38253332700804700FBC6DC /* GalleryCoordinator.swift */,
			);
			path = Gallery;
			sourceTree = "<group>";
		};
		A38253352700813E00FBC6DC /* Product */ = {
			isa = PBXGroup;
			children = (
				A38253362700817C00FBC6DC /* ProductViewController.swift */,
				A3825338270086CF00FBC6DC /* ProductCoordinator.swift */,
			);
			path = Product;
			sourceTree = "<group>";
		};
		A382533E27008C7400FBC6DC /* Cart */ = {
			isa = PBXGroup;
			children = (
				A382533F27008C7F00FBC6DC /* CartViewController.swift */,
				A382534127008DEE00FBC6DC /* CartCoordinator.swift */,
			);
			path = Cart;
			sourceTree = "<group>";
		};
		A382534327008FC300FBC6DC /* Payment */ = {
			isa = PBXGroup;
			children = (
				A382534427008FCB00FBC6DC /* PaymentViewController.swift */,
				A38253462700906100FBC6DC /* PaymentCoordinator.swift */,
			);
			path = Payment;
			sourceTree = "<group>";
		};
		A38253482700919800FBC6DC /* PaymentSuccess */ = {
			isa = PBXGroup;
			children = (
				A3825349270091A900FBC6DC /* PaymentSuccessViewController.swift */,
				A382534B2700924400FBC6DC /* PaymentSuccessCoordinator.swift */,
			);
			path = PaymentSuccess;
			sourceTree = "<group>";
		};
		A393F2EA27289F53006CD54C /* InsecurityDemo */ = {
			isa = PBXGroup;
			children = (
				A393F31B2728A9F1006CD54C /* Models */,
				A393F3082728A6FC006CD54C /* Util */,
				A393F2FD2728A431006CD54C /* Workflows */,
				A393F2EB27289F53006CD54C /* AppDelegate.swift */,
				A393F2F427289F54006CD54C /* Assets.xcassets */,
				A393F2F627289F54006CD54C /* LaunchScreen.storyboard */,
				A393F2F927289F54006CD54C /* Info.plist */,
			);
			path = InsecurityDemo;
			sourceTree = "<group>";
		};
		A393F2FD2728A431006CD54C /* Workflows */ = {
			isa = PBXGroup;
			children = (
				A393F3242728B63B006CD54C /* GlobalNavigation */,
				A393F3052728A6C1006CD54C /* Profile */,
				A377B59927139A1900A4331B /* PaymentMethods */,
				A377B5A027139C5400A4331B /* AddPaymentMethod */,
				A393F3032728A4E8006CD54C /* ApplicationCoordinator.swift */,
			);
			path = Workflows;
			sourceTree = "<group>";
		};
		A393F3052728A6C1006CD54C /* Profile */ = {
			isa = PBXGroup;
			children = (
				A393F3062728A6CF006CD54C /* ProfileViewController.swift */,
				A393F30C2728A766006CD54C /* ProfileCoordinator.swift */,
			);
			path = Profile;
			sourceTree = "<group>";
		};
		A393F3082728A6FC006CD54C /* Util */ = {
			isa = PBXGroup;
			children = (
				A393F3132728A7F2006CD54C /* UIColor+random.swift */,
				A393F3142728A7F2006CD54C /* UIColor+system.swift */,
				A393F3152728A7F2006CD54C /* DefaultStringInterpolation+Optional.swift */,
				A393F3162728A7F2006CD54C /* DispatchQueue+asyncAfter.swift */,
				A393F3202728B09F006CD54C /* UITableView+register.swift */,
				A393F3272728BBAC006CD54C /* AutoscaleImageView.swift */,
			);
			path = Util;
			sourceTree = "<group>";
		};
		A393F31B2728A9F1006CD54C /* Models */ = {
			isa = PBXGroup;
			children = (
				A393F31C2728AA0B006CD54C /* PaymentMethod.swift */,
			);
			path = Models;
			sourceTree = "<group>";
		};
		A393F3242728B63B006CD54C /* GlobalNavigation */ = {
			isa = PBXGroup;
			children = (
				A393F3222728B49C006CD54C /* NavigationController.swift */,
				A393F3252728B653006CD54C /* NavigationBarButton.swift */,
			);
			path = GlobalNavigation;
			sourceTree = "<group>";
		};
		A3968FD326FF25A800B6A59B = {
			isa = PBXGroup;
			children = (
				A3968FDF26FF25A800B6A59B /* Insecurity */,
				A3968FEC26FF260000B6A59B /* InsecurityPlayground */,
				A377B57D27138FD800A4331B /* InsecurityPodspecTest */,
				A393F2EA27289F53006CD54C /* InsecurityDemo */,
				A3968FDE26FF25A800B6A59B /* Products */,
				A396900126FF26CA00B6A59B /* Frameworks */,
				3B9DCFDC184B14695D924E6C /* Pods */,
			);
			sourceTree = "<group>";
		};
		A3968FDE26FF25A800B6A59B /* Products */ = {
			isa = PBXGroup;
			children = (
				A3968FDD26FF25A800B6A59B /* Insecurity.framework */,
				A3968FEB26FF260000B6A59B /* InsecurityPlayground.app */,
				A377B57C27138FD800A4331B /* InsecurityPodspecTest.app */,
				A393F2E927289F53006CD54C /* InsecurityDemo.app */,
			);
			name = Products;
			sourceTree = "<group>";
		};
		A3968FDF26FF25A800B6A59B /* Insecurity */ = {
			isa = PBXGroup;
			children = (
				A3968FFF26FF26A700B6A59B /* NavigationControllerHost.swift */,
				A370767F26FFCED600ED7391 /* DeinitObservable.swift */,
				A34CBF6426FFD796007AF9B8 /* ModalPresentationHost.swift */,
				A37991292702659600550B8E /* WindowHost.swift */,
				A3441883270F9CD800CE49E4 /* Insecurity.swift */,
				A320332F27164E0400ABD197 /* ModalNavigation.swift */,
				A320333127164E1300ABD197 /* ModalCoordinator.swift */,
				A320333527164F0900ABD197 /* NavigationControllerNavigation.swift */,
				A320333727164F2800ABD197 /* NavigationCoordinator.swift */,
				A390C14B271792F100E9C905 /* AdaptiveNavigation.swift */,
				A390C149271792C900E9C905 /* AdaptiveCoordinator.swift */,
				A390C14D2717965100E9C905 /* CommonNavigationCoordinator.swift */,
				A390C14F2717992100E9C905 /* CommonModalCoordinator.swift */,
				A38D67CB271CA9720092BB63 /* WindowCoordinator.swift */,
				A392A1352720A0C200976B7E /* Deferred.swift */,
				A36E5AA62725C8660000C551 /* InsecurityLogger.swift */,
			);
			path = Insecurity;
			sourceTree = "<group>";
		};
		A3968FEC26FF260000B6A59B /* InsecurityPlayground */ = {
			isa = PBXGroup;
			children = (
				A3677F48270CE1A2003AC3E6 /* Util */,
				A3677F45270CE029003AC3E6 /* Models */,
				A370FB5B2706688500D5EF51 /* Services */,
				A382532D27007E8A00FBC6DC /* Workflows */,
				A379912B27026E3A00550B8E /* ApplicationCoordinator.swift */,
				A3968FED26FF260000B6A59B /* AppDelegate.swift */,
				A370FB652706780900D5EF51 /* Application.swift */,
				A370FB672706782E00D5EF51 /* main.swift */,
				A3968FF626FF260200B6A59B /* Assets.xcassets */,
				A3968FF826FF260200B6A59B /* LaunchScreen.storyboard */,
				A3968FFB26FF260200B6A59B /* Info.plist */,
			);
			path = InsecurityPlayground;
			sourceTree = "<group>";
		};
		A396900126FF26CA00B6A59B /* Frameworks */ = {
			isa = PBXGroup;
			children = (
				27E16FBB5A85ED77C35AC7D8 /* libPods-InsecurityPodspecTest.a */,
				C7413295E5FC00E9B85FA410 /* libPods-InsecurityPlayground.a */,
				D7468773ED7F24D055785CB0 /* libPods-InsecurityDemo.a */,
			);
			name = Frameworks;
			sourceTree = "<group>";
		};
/* End PBXGroup section */

/* Begin PBXHeadersBuildPhase section */
		A3968FD826FF25A800B6A59B /* Headers */ = {
			isa = PBXHeadersBuildPhase;
			buildActionMask = 2147483647;
			files = (
			);
			runOnlyForDeploymentPostprocessing = 0;
		};
/* End PBXHeadersBuildPhase section */

/* Begin PBXNativeTarget section */
		A377B57B27138FD800A4331B /* InsecurityPodspecTest */ = {
			isa = PBXNativeTarget;
			buildConfigurationList = A377B58F27138FD900A4331B /* Build configuration list for PBXNativeTarget "InsecurityPodspecTest" */;
			buildPhases = (
				BA687BA968070F59FE71DDC4 /* [CP] Check Pods Manifest.lock */,
				A377B57827138FD800A4331B /* Sources */,
				A377B57927138FD800A4331B /* Frameworks */,
				A377B57A27138FD800A4331B /* Resources */,
			);
			buildRules = (
			);
			dependencies = (
			);
			name = InsecurityPodspecTest;
			productName = InsecurityPodspecTest;
			productReference = A377B57C27138FD800A4331B /* InsecurityPodspecTest.app */;
			productType = "com.apple.product-type.application";
		};
		A393F2E827289F53006CD54C /* InsecurityDemo */ = {
			isa = PBXNativeTarget;
			buildConfigurationList = A393F2FC27289F54006CD54C /* Build configuration list for PBXNativeTarget "InsecurityDemo" */;
			buildPhases = (
				895AA54209304FCADA5A68BA /* [CP] Check Pods Manifest.lock */,
				A393F2E527289F53006CD54C /* Sources */,
				A393F2E627289F53006CD54C /* Frameworks */,
				A393F2E727289F53006CD54C /* Resources */,
				A393F3022728A445006CD54C /* Embed Frameworks */,
			);
			buildRules = (
			);
			dependencies = (
				A393F3012728A445006CD54C /* PBXTargetDependency */,
			);
			name = InsecurityDemo;
			productName = InsecurityDemo;
			productReference = A393F2E927289F53006CD54C /* InsecurityDemo.app */;
			productType = "com.apple.product-type.application";
		};
		A3968FDC26FF25A800B6A59B /* Insecurity */ = {
			isa = PBXNativeTarget;
			buildConfigurationList = A3968FE426FF25A800B6A59B /* Build configuration list for PBXNativeTarget "Insecurity" */;
			buildPhases = (
				A3968FD826FF25A800B6A59B /* Headers */,
				A3968FD926FF25A800B6A59B /* Sources */,
				A3968FDA26FF25A800B6A59B /* Frameworks */,
				A3968FDB26FF25A800B6A59B /* Resources */,
			);
			buildRules = (
			);
			dependencies = (
			);
			name = Insecurity;
			productName = Insecurity;
			productReference = A3968FDD26FF25A800B6A59B /* Insecurity.framework */;
			productType = "com.apple.product-type.framework";
		};
		A3968FEA26FF260000B6A59B /* InsecurityPlayground */ = {
			isa = PBXNativeTarget;
			buildConfigurationList = A3968FFC26FF260200B6A59B /* Build configuration list for PBXNativeTarget "InsecurityPlayground" */;
			buildPhases = (
				6285E1EA0307A5D157EF79C1 /* [CP] Check Pods Manifest.lock */,
				A3968FE726FF260000B6A59B /* Sources */,
				A3968FE826FF260000B6A59B /* Frameworks */,
				A3968FE926FF260000B6A59B /* Resources */,
				A396900626FF26CA00B6A59B /* Embed Frameworks */,
			);
			buildRules = (
			);
			dependencies = (
				A396900526FF26CA00B6A59B /* PBXTargetDependency */,
			);
			name = InsecurityPlayground;
			productName = InsecurityPlayground;
			productReference = A3968FEB26FF260000B6A59B /* InsecurityPlayground.app */;
			productType = "com.apple.product-type.application";
		};
/* End PBXNativeTarget section */

/* Begin PBXProject section */
		A3968FD426FF25A800B6A59B /* Project object */ = {
			isa = PBXProject;
			attributes = {
				BuildIndependentTargetsInParallel = 1;
				LastSwiftUpdateCheck = 1300;
				LastUpgradeCheck = 1300;
				TargetAttributes = {
					A377B57B27138FD800A4331B = {
						CreatedOnToolsVersion = 13.0;
						LastSwiftMigration = 1300;
					};
					A393F2E827289F53006CD54C = {
						CreatedOnToolsVersion = 13.0;
					};
					A3968FDC26FF25A800B6A59B = {
						CreatedOnToolsVersion = 13.0;
						LastSwiftMigration = 1300;
					};
					A3968FEA26FF260000B6A59B = {
						CreatedOnToolsVersion = 13.0;
					};
				};
			};
			buildConfigurationList = A3968FD726FF25A800B6A59B /* Build configuration list for PBXProject "Insecurity" */;
			compatibilityVersion = "Xcode 13.0";
			developmentRegion = en;
			hasScannedForEncodings = 0;
			knownRegions = (
				en,
				Base,
			);
			mainGroup = A3968FD326FF25A800B6A59B;
			productRefGroup = A3968FDE26FF25A800B6A59B /* Products */;
			projectDirPath = "";
			projectRoot = "";
			targets = (
				A3968FDC26FF25A800B6A59B /* Insecurity */,
				A3968FEA26FF260000B6A59B /* InsecurityPlayground */,
				A393F2E827289F53006CD54C /* InsecurityDemo */,
				A377B57B27138FD800A4331B /* InsecurityPodspecTest */,
			);
		};
/* End PBXProject section */

/* Begin PBXResourcesBuildPhase section */
		A377B57A27138FD800A4331B /* Resources */ = {
			isa = PBXResourcesBuildPhase;
			buildActionMask = 2147483647;
			files = (
				A377B58B27138FD900A4331B /* LaunchScreen.storyboard in Resources */,
				A377B58827138FD900A4331B /* Assets.xcassets in Resources */,
			);
			runOnlyForDeploymentPostprocessing = 0;
		};
		A393F2E727289F53006CD54C /* Resources */ = {
			isa = PBXResourcesBuildPhase;
			buildActionMask = 2147483647;
			files = (
				A393F2F827289F54006CD54C /* LaunchScreen.storyboard in Resources */,
				A393F2F527289F54006CD54C /* Assets.xcassets in Resources */,
			);
			runOnlyForDeploymentPostprocessing = 0;
		};
		A3968FDB26FF25A800B6A59B /* Resources */ = {
			isa = PBXResourcesBuildPhase;
			buildActionMask = 2147483647;
			files = (
			);
			runOnlyForDeploymentPostprocessing = 0;
		};
		A3968FE926FF260000B6A59B /* Resources */ = {
			isa = PBXResourcesBuildPhase;
			buildActionMask = 2147483647;
			files = (
				A3968FFA26FF260200B6A59B /* LaunchScreen.storyboard in Resources */,
				A3968FF726FF260200B6A59B /* Assets.xcassets in Resources */,
			);
			runOnlyForDeploymentPostprocessing = 0;
		};
/* End PBXResourcesBuildPhase section */

/* Begin PBXShellScriptBuildPhase section */
		6285E1EA0307A5D157EF79C1 /* [CP] Check Pods Manifest.lock */ = {
			isa = PBXShellScriptBuildPhase;
			buildActionMask = 2147483647;
			files = (
			);
			inputFileListPaths = (
			);
			inputPaths = (
				"${PODS_PODFILE_DIR_PATH}/Podfile.lock",
				"${PODS_ROOT}/Manifest.lock",
			);
			name = "[CP] Check Pods Manifest.lock";
			outputFileListPaths = (
			);
			outputPaths = (
				"$(DERIVED_FILE_DIR)/Pods-InsecurityPlayground-checkManifestLockResult.txt",
			);
			runOnlyForDeploymentPostprocessing = 0;
			shellPath = /bin/sh;
			shellScript = "diff \"${PODS_PODFILE_DIR_PATH}/Podfile.lock\" \"${PODS_ROOT}/Manifest.lock\" > /dev/null\nif [ $? != 0 ] ; then\n    # print error to STDERR\n    echo \"error: The sandbox is not in sync with the Podfile.lock. Run 'pod install' or update your CocoaPods installation.\" >&2\n    exit 1\nfi\n# This output is used by Xcode 'outputs' to avoid re-running this script phase.\necho \"SUCCESS\" > \"${SCRIPT_OUTPUT_FILE_0}\"\n";
			showEnvVarsInLog = 0;
		};
		895AA54209304FCADA5A68BA /* [CP] Check Pods Manifest.lock */ = {
			isa = PBXShellScriptBuildPhase;
			buildActionMask = 2147483647;
			files = (
			);
			inputFileListPaths = (
			);
			inputPaths = (
				"${PODS_PODFILE_DIR_PATH}/Podfile.lock",
				"${PODS_ROOT}/Manifest.lock",
			);
			name = "[CP] Check Pods Manifest.lock";
			outputFileListPaths = (
			);
			outputPaths = (
				"$(DERIVED_FILE_DIR)/Pods-InsecurityDemo-checkManifestLockResult.txt",
			);
			runOnlyForDeploymentPostprocessing = 0;
			shellPath = /bin/sh;
			shellScript = "diff \"${PODS_PODFILE_DIR_PATH}/Podfile.lock\" \"${PODS_ROOT}/Manifest.lock\" > /dev/null\nif [ $? != 0 ] ; then\n    # print error to STDERR\n    echo \"error: The sandbox is not in sync with the Podfile.lock. Run 'pod install' or update your CocoaPods installation.\" >&2\n    exit 1\nfi\n# This output is used by Xcode 'outputs' to avoid re-running this script phase.\necho \"SUCCESS\" > \"${SCRIPT_OUTPUT_FILE_0}\"\n";
			showEnvVarsInLog = 0;
		};
		BA687BA968070F59FE71DDC4 /* [CP] Check Pods Manifest.lock */ = {
			isa = PBXShellScriptBuildPhase;
			buildActionMask = 2147483647;
			files = (
			);
			inputFileListPaths = (
			);
			inputPaths = (
				"${PODS_PODFILE_DIR_PATH}/Podfile.lock",
				"${PODS_ROOT}/Manifest.lock",
			);
			name = "[CP] Check Pods Manifest.lock";
			outputFileListPaths = (
			);
			outputPaths = (
				"$(DERIVED_FILE_DIR)/Pods-InsecurityPodspecTest-checkManifestLockResult.txt",
			);
			runOnlyForDeploymentPostprocessing = 0;
			shellPath = /bin/sh;
			shellScript = "diff \"${PODS_PODFILE_DIR_PATH}/Podfile.lock\" \"${PODS_ROOT}/Manifest.lock\" > /dev/null\nif [ $? != 0 ] ; then\n    # print error to STDERR\n    echo \"error: The sandbox is not in sync with the Podfile.lock. Run 'pod install' or update your CocoaPods installation.\" >&2\n    exit 1\nfi\n# This output is used by Xcode 'outputs' to avoid re-running this script phase.\necho \"SUCCESS\" > \"${SCRIPT_OUTPUT_FILE_0}\"\n";
			showEnvVarsInLog = 0;
		};
/* End PBXShellScriptBuildPhase section */

/* Begin PBXSourcesBuildPhase section */
		A377B57827138FD800A4331B /* Sources */ = {
			isa = PBXSourcesBuildPhase;
			buildActionMask = 2147483647;
			files = (
				A377B596271391DA00A4331B /* MainViewController.swift in Sources */,
				A377B5982713922400A4331B /* MainCoordinator.swift in Sources */,
				A377B59127138FFC00A4331B /* AppDelegate.swift in Sources */,
				A377B593271391A200A4331B /* ApplicationCoordinator.swift in Sources */,
			);
			runOnlyForDeploymentPostprocessing = 0;
		};
		A393F2E527289F53006CD54C /* Sources */ = {
			isa = PBXSourcesBuildPhase;
			buildActionMask = 2147483647;
			files = (
				A393F3262728B653006CD54C /* NavigationBarButton.swift in Sources */,
				A393F3102728A7B5006CD54C /* PaymentMethodsCoordinator.swift in Sources */,
				A393F3112728A7B5006CD54C /* PaymentMethodsViewController.swift in Sources */,
				A393F3072728A6CF006CD54C /* ProfileViewController.swift in Sources */,
				A393F30E2728A7B1006CD54C /* AddPaymentMethodCoordinator.swift in Sources */,
				A393F31A2728A7F2006CD54C /* DispatchQueue+asyncAfter.swift in Sources */,
				A393F3192728A7F2006CD54C /* DefaultStringInterpolation+Optional.swift in Sources */,
				A393F2EC27289F53006CD54C /* AppDelegate.swift in Sources */,
				A393F3172728A7F2006CD54C /* UIColor+random.swift in Sources */,
				A393F31F2728AF36006CD54C /* PaymentMethodTableCell.swift in Sources */,
				A393F3232728B49C006CD54C /* NavigationController.swift in Sources */,
				A393F30F2728A7B1006CD54C /* AddPaymentMethodViewController.swift in Sources */,
				A393F30D2728A766006CD54C /* ProfileCoordinator.swift in Sources */,
				A393F3042728A4E8006CD54C /* ApplicationCoordinator.swift in Sources */,
				A393F3282728BBAC006CD54C /* AutoscaleImageView.swift in Sources */,
				A393F3182728A7F2006CD54C /* UIColor+system.swift in Sources */,
				A393F31D2728AA0B006CD54C /* PaymentMethod.swift in Sources */,
				A393F3212728B09F006CD54C /* UITableView+register.swift in Sources */,
			);
			runOnlyForDeploymentPostprocessing = 0;
		};
		A3968FD926FF25A800B6A59B /* Sources */ = {
			isa = PBXSourcesBuildPhase;
			buildActionMask = 2147483647;
			files = (
				A36E5AA72725C8660000C551 /* InsecurityLogger.swift in Sources */,
				A320333227164E1300ABD197 /* ModalCoordinator.swift in Sources */,
				A390C14C271792F100E9C905 /* AdaptiveNavigation.swift in Sources */,
				A38D67CC271CA9720092BB63 /* WindowCoordinator.swift in Sources */,
				A396900026FF26A700B6A59B /* NavigationControllerHost.swift in Sources */,
				A390C14A271792C900E9C905 /* AdaptiveCoordinator.swift in Sources */,
				A392A1362720A0C200976B7E /* Deferred.swift in Sources */,
				A3441884270F9CD800CE49E4 /* Insecurity.swift in Sources */,
				A320333627164F0900ABD197 /* NavigationControllerNavigation.swift in Sources */,
				A320333027164E0400ABD197 /* ModalNavigation.swift in Sources */,
				A34CBF6526FFD796007AF9B8 /* ModalPresentationHost.swift in Sources */,
				A320333827164F2800ABD197 /* NavigationCoordinator.swift in Sources */,
				A379912A2702659600550B8E /* WindowHost.swift in Sources */,
				A390C1502717992100E9C905 /* CommonModalCoordinator.swift in Sources */,
				A390C14E2717965100E9C905 /* CommonNavigationCoordinator.swift in Sources */,
				A370768026FFCED600ED7391 /* DeinitObservable.swift in Sources */,
			);
			runOnlyForDeploymentPostprocessing = 0;
		};
		A3968FE726FF260000B6A59B /* Sources */ = {
			isa = PBXSourcesBuildPhase;
			buildActionMask = 2147483647;
			files = (
				A3383BC8270E43B4006982B1 /* ParentCoordinator.swift in Sources */,
				A3968FEE26FF260000B6A59B /* AppDelegate.swift in Sources */,
				A382534C2700924400FBC6DC /* PaymentSuccessCoordinator.swift in Sources */,
				A35ACB0E272DD33300733630 /* KVOCoordinator.swift in Sources */,
				A370FB5F270668BD00D5EF51 /* DI.swift in Sources */,
				A3383BC6270E430D006982B1 /* ParentViewController.swift in Sources */,
				A382533027007EA900FBC6DC /* GalleryViewController.swift in Sources */,
				A377B5732713859300A4331B /* GenericViewController.swift in Sources */,
				A3677F47270CE038003AC3E6 /* CurrencySelection.swift in Sources */,
				A3683FC52700FCDB0048B3CF /* LoginSMSCodeCoordinator.swift in Sources */,
				A382534227008DEE00FBC6DC /* CartCoordinator.swift in Sources */,
				A38253472700906100FBC6DC /* PaymentCoordinator.swift in Sources */,
				A3825339270086CF00FBC6DC /* ProductCoordinator.swift in Sources */,
				A3683FC12700FBCC0048B3CF /* LoginSMSCodeViewController.swift in Sources */,
				A38253372700817C00FBC6DC /* ProductViewController.swift in Sources */,
				A35A78252709EFFB00256FBD /* ScoringViewController.swift in Sources */,
				A3683FC32700FC3F0048B3CF /* LoginPhoneCoordinator.swift in Sources */,
				A377B59F27139A6600A4331B /* PaymentMethod.swift in Sources */,
				A3677F42270CDFED003AC3E6 /* CurrencySelectionCoordinator.swift in Sources */,
				A382534027008C7F00FBC6DC /* CartViewController.swift in Sources */,
				A3677F4C270CE796003AC3E6 /* CurrencyView.swift in Sources */,
				A3677F4E270CEA0E003AC3E6 /* UIColor+system.swift in Sources */,
				A35ACB0D272DD33300733630 /* KVOVC.swift in Sources */,
				A3683FBE2700FB590048B3CF /* LoginPhoneViewController.swift in Sources */,
				A393F30A2728A70C006CD54C /* DispatchQueue+asyncAfter.swift in Sources */,
				A382534527008FCB00FBC6DC /* PaymentViewController.swift in Sources */,
				A35E803627258F46003869F7 /* DefaultStringInterpolation+Optional.swift in Sources */,
				A38253342700804700FBC6DC /* GalleryCoordinator.swift in Sources */,
				A370FB662706780900D5EF51 /* Application.swift in Sources */,
				A35A78232709EF3E00256FBD /* ScoringCoordinator.swift in Sources */,
				A370FB5D2706689100D5EF51 /* AuthService.swift in Sources */,
				A382534A270091A900FBC6DC /* PaymentSuccessViewController.swift in Sources */,
				A370FB682706782E00D5EF51 /* main.swift in Sources */,
				A377B575271385BA00A4331B /* UIColor+random.swift in Sources */,
				A370FB622706760600D5EF51 /* DebugViewController.swift in Sources */,
				A379912C27026E3A00550B8E /* ApplicationCoordinator.swift in Sources */,
				A3677F44270CE024003AC3E6 /* CurrencySelectionViewController.swift in Sources */,
				A370FB642706775200D5EF51 /* DebugViewCoordinator.swift in Sources */,
				A377B5772713862900A4331B /* GenericCoordinator.swift in Sources */,
			);
			runOnlyForDeploymentPostprocessing = 0;
		};
/* End PBXSourcesBuildPhase section */

/* Begin PBXTargetDependency section */
		A393F3012728A445006CD54C /* PBXTargetDependency */ = {
			isa = PBXTargetDependency;
			target = A3968FDC26FF25A800B6A59B /* Insecurity */;
			targetProxy = A393F3002728A445006CD54C /* PBXContainerItemProxy */;
		};
		A396900526FF26CA00B6A59B /* PBXTargetDependency */ = {
			isa = PBXTargetDependency;
			target = A3968FDC26FF25A800B6A59B /* Insecurity */;
			targetProxy = A396900426FF26CA00B6A59B /* PBXContainerItemProxy */;
		};
/* End PBXTargetDependency section */

/* Begin PBXVariantGroup section */
		A377B58927138FD900A4331B /* LaunchScreen.storyboard */ = {
			isa = PBXVariantGroup;
			children = (
				A377B58A27138FD900A4331B /* Base */,
			);
			name = LaunchScreen.storyboard;
			sourceTree = "<group>";
		};
		A393F2F627289F54006CD54C /* LaunchScreen.storyboard */ = {
			isa = PBXVariantGroup;
			children = (
				A393F2F727289F54006CD54C /* Base */,
			);
			name = LaunchScreen.storyboard;
			sourceTree = "<group>";
		};
		A3968FF826FF260200B6A59B /* LaunchScreen.storyboard */ = {
			isa = PBXVariantGroup;
			children = (
				A3968FF926FF260200B6A59B /* Base */,
			);
			name = LaunchScreen.storyboard;
			sourceTree = "<group>";
		};
/* End PBXVariantGroup section */

/* Begin XCBuildConfiguration section */
		A377B58D27138FD900A4331B /* Debug */ = {
			isa = XCBuildConfiguration;
			baseConfigurationReference = 07F1A30A8467E9454829BA91 /* Pods-InsecurityPodspecTest.debug.xcconfig */;
			buildSettings = {
				ASSETCATALOG_COMPILER_APPICON_NAME = AppIcon;
				ASSETCATALOG_COMPILER_GLOBAL_ACCENT_COLOR_NAME = AccentColor;
				CLANG_ENABLE_MODULES = YES;
				CODE_SIGN_STYLE = Automatic;
				CURRENT_PROJECT_VERSION = 1;
				GENERATE_INFOPLIST_FILE = YES;
				INFOPLIST_FILE = InsecurityPodspecTest/Info.plist;
				INFOPLIST_KEY_UIApplicationSupportsIndirectInputEvents = YES;
				INFOPLIST_KEY_UILaunchStoryboardName = LaunchScreen;
				INFOPLIST_KEY_UISupportedInterfaceOrientations = UIInterfaceOrientationPortrait;
				INFOPLIST_KEY_UISupportedInterfaceOrientations_iPad = "UIInterfaceOrientationPortrait UIInterfaceOrientationPortraitUpsideDown UIInterfaceOrientationLandscapeLeft UIInterfaceOrientationLandscapeRight";
				INFOPLIST_KEY_UISupportedInterfaceOrientations_iPhone = "UIInterfaceOrientationPortrait UIInterfaceOrientationLandscapeLeft UIInterfaceOrientationLandscapeRight";
				IPHONEOS_DEPLOYMENT_TARGET = 12.0;
				LD_RUNPATH_SEARCH_PATHS = (
					"$(inherited)",
					"@executable_path/Frameworks",
				);
				MARKETING_VERSION = 1.0;
				PRODUCT_BUNDLE_IDENTIFIER = net.caroline.weisberg.InsecurityPodspecTest;
				PRODUCT_NAME = "$(TARGET_NAME)";
				SWIFT_EMIT_LOC_STRINGS = YES;
				SWIFT_OPTIMIZATION_LEVEL = "-Onone";
				SWIFT_VERSION = 5.0;
				TARGETED_DEVICE_FAMILY = "1,2";
			};
			name = Debug;
		};
		A377B58E27138FD900A4331B /* Release */ = {
			isa = XCBuildConfiguration;
			baseConfigurationReference = 9630C86ACEA183BA279A7CFE /* Pods-InsecurityPodspecTest.release.xcconfig */;
			buildSettings = {
				ASSETCATALOG_COMPILER_APPICON_NAME = AppIcon;
				ASSETCATALOG_COMPILER_GLOBAL_ACCENT_COLOR_NAME = AccentColor;
				CLANG_ENABLE_MODULES = YES;
				CODE_SIGN_STYLE = Automatic;
				CURRENT_PROJECT_VERSION = 1;
				GENERATE_INFOPLIST_FILE = YES;
				INFOPLIST_FILE = InsecurityPodspecTest/Info.plist;
				INFOPLIST_KEY_UIApplicationSupportsIndirectInputEvents = YES;
				INFOPLIST_KEY_UILaunchStoryboardName = LaunchScreen;
				INFOPLIST_KEY_UISupportedInterfaceOrientations = UIInterfaceOrientationPortrait;
				INFOPLIST_KEY_UISupportedInterfaceOrientations_iPad = "UIInterfaceOrientationPortrait UIInterfaceOrientationPortraitUpsideDown UIInterfaceOrientationLandscapeLeft UIInterfaceOrientationLandscapeRight";
				INFOPLIST_KEY_UISupportedInterfaceOrientations_iPhone = "UIInterfaceOrientationPortrait UIInterfaceOrientationLandscapeLeft UIInterfaceOrientationLandscapeRight";
				IPHONEOS_DEPLOYMENT_TARGET = 12.0;
				LD_RUNPATH_SEARCH_PATHS = (
					"$(inherited)",
					"@executable_path/Frameworks",
				);
				MARKETING_VERSION = 1.0;
				PRODUCT_BUNDLE_IDENTIFIER = net.caroline.weisberg.InsecurityPodspecTest;
				PRODUCT_NAME = "$(TARGET_NAME)";
				SWIFT_EMIT_LOC_STRINGS = YES;
				SWIFT_VERSION = 5.0;
				TARGETED_DEVICE_FAMILY = "1,2";
			};
			name = Release;
		};
		A393F2FA27289F54006CD54C /* Debug */ = {
			isa = XCBuildConfiguration;
			baseConfigurationReference = 6C9E60E5EBFC027AD77BE703 /* Pods-InsecurityDemo.debug.xcconfig */;
			buildSettings = {
				ASSETCATALOG_COMPILER_APPICON_NAME = AppIcon;
				ASSETCATALOG_COMPILER_GLOBAL_ACCENT_COLOR_NAME = AccentColor;
				CODE_SIGN_STYLE = Automatic;
				CURRENT_PROJECT_VERSION = 1;
				DEVELOPMENT_TEAM = QZRPL4EC5L;
				GENERATE_INFOPLIST_FILE = YES;
				INFOPLIST_FILE = InsecurityDemo/Info.plist;
				INFOPLIST_KEY_UIApplicationSupportsIndirectInputEvents = YES;
				INFOPLIST_KEY_UILaunchStoryboardName = LaunchScreen;
				INFOPLIST_KEY_UISupportedInterfaceOrientations_iPad = "UIInterfaceOrientationPortrait UIInterfaceOrientationPortraitUpsideDown UIInterfaceOrientationLandscapeLeft UIInterfaceOrientationLandscapeRight";
				INFOPLIST_KEY_UISupportedInterfaceOrientations_iPhone = "UIInterfaceOrientationPortrait UIInterfaceOrientationLandscapeLeft UIInterfaceOrientationLandscapeRight";
				IPHONEOS_DEPLOYMENT_TARGET = 12.0;
				LD_RUNPATH_SEARCH_PATHS = (
					"$(inherited)",
					"@executable_path/Frameworks",
				);
				MARKETING_VERSION = 1.0;
				PRODUCT_BUNDLE_IDENTIFIER = net.caroline.weisberg.InsecurityDemo;
				PRODUCT_NAME = "$(TARGET_NAME)";
				SWIFT_EMIT_LOC_STRINGS = YES;
				SWIFT_VERSION = 5.0;
				TARGETED_DEVICE_FAMILY = "1,2";
			};
			name = Debug;
		};
		A393F2FB27289F54006CD54C /* Release */ = {
			isa = XCBuildConfiguration;
			baseConfigurationReference = 0F11C1516A14E4898598B79F /* Pods-InsecurityDemo.release.xcconfig */;
			buildSettings = {
				ASSETCATALOG_COMPILER_APPICON_NAME = AppIcon;
				ASSETCATALOG_COMPILER_GLOBAL_ACCENT_COLOR_NAME = AccentColor;
				CODE_SIGN_STYLE = Automatic;
				CURRENT_PROJECT_VERSION = 1;
				DEVELOPMENT_TEAM = QZRPL4EC5L;
				GENERATE_INFOPLIST_FILE = YES;
				INFOPLIST_FILE = InsecurityDemo/Info.plist;
				INFOPLIST_KEY_UIApplicationSupportsIndirectInputEvents = YES;
				INFOPLIST_KEY_UILaunchStoryboardName = LaunchScreen;
				INFOPLIST_KEY_UISupportedInterfaceOrientations_iPad = "UIInterfaceOrientationPortrait UIInterfaceOrientationPortraitUpsideDown UIInterfaceOrientationLandscapeLeft UIInterfaceOrientationLandscapeRight";
				INFOPLIST_KEY_UISupportedInterfaceOrientations_iPhone = "UIInterfaceOrientationPortrait UIInterfaceOrientationLandscapeLeft UIInterfaceOrientationLandscapeRight";
				IPHONEOS_DEPLOYMENT_TARGET = 12.0;
				LD_RUNPATH_SEARCH_PATHS = (
					"$(inherited)",
					"@executable_path/Frameworks",
				);
				MARKETING_VERSION = 1.0;
				PRODUCT_BUNDLE_IDENTIFIER = net.caroline.weisberg.InsecurityDemo;
				PRODUCT_NAME = "$(TARGET_NAME)";
				SWIFT_EMIT_LOC_STRINGS = YES;
				SWIFT_VERSION = 5.0;
				TARGETED_DEVICE_FAMILY = "1,2";
			};
			name = Release;
		};
		A3968FE226FF25A800B6A59B /* Debug */ = {
			isa = XCBuildConfiguration;
			buildSettings = {
				ALWAYS_SEARCH_USER_PATHS = NO;
				CLANG_ANALYZER_NONNULL = YES;
				CLANG_ANALYZER_NUMBER_OBJECT_CONVERSION = YES_AGGRESSIVE;
				CLANG_CXX_LANGUAGE_STANDARD = "gnu++17";
				CLANG_CXX_LIBRARY = "libc++";
				CLANG_ENABLE_MODULES = YES;
				CLANG_ENABLE_OBJC_ARC = YES;
				CLANG_ENABLE_OBJC_WEAK = YES;
				CLANG_WARN_BLOCK_CAPTURE_AUTORELEASING = YES;
				CLANG_WARN_BOOL_CONVERSION = YES;
				CLANG_WARN_COMMA = YES;
				CLANG_WARN_CONSTANT_CONVERSION = YES;
				CLANG_WARN_DEPRECATED_OBJC_IMPLEMENTATIONS = YES;
				CLANG_WARN_DIRECT_OBJC_ISA_USAGE = YES_ERROR;
				CLANG_WARN_DOCUMENTATION_COMMENTS = YES;
				CLANG_WARN_EMPTY_BODY = YES;
				CLANG_WARN_ENUM_CONVERSION = YES;
				CLANG_WARN_INFINITE_RECURSION = YES;
				CLANG_WARN_INT_CONVERSION = YES;
				CLANG_WARN_NON_LITERAL_NULL_CONVERSION = YES;
				CLANG_WARN_OBJC_IMPLICIT_RETAIN_SELF = YES;
				CLANG_WARN_OBJC_LITERAL_CONVERSION = YES;
				CLANG_WARN_OBJC_ROOT_CLASS = YES_ERROR;
				CLANG_WARN_QUOTED_INCLUDE_IN_FRAMEWORK_HEADER = YES;
				CLANG_WARN_RANGE_LOOP_ANALYSIS = YES;
				CLANG_WARN_STRICT_PROTOTYPES = YES;
				CLANG_WARN_SUSPICIOUS_MOVE = YES;
				CLANG_WARN_UNGUARDED_AVAILABILITY = YES_AGGRESSIVE;
				CLANG_WARN_UNREACHABLE_CODE = YES;
				CLANG_WARN__DUPLICATE_METHOD_MATCH = YES;
				COPY_PHASE_STRIP = NO;
				CURRENT_PROJECT_VERSION = 1;
				DEBUG_INFORMATION_FORMAT = dwarf;
				ENABLE_STRICT_OBJC_MSGSEND = YES;
				ENABLE_TESTABILITY = YES;
				GCC_C_LANGUAGE_STANDARD = gnu11;
				GCC_DYNAMIC_NO_PIC = NO;
				GCC_NO_COMMON_BLOCKS = YES;
				GCC_OPTIMIZATION_LEVEL = 0;
				GCC_PREPROCESSOR_DEFINITIONS = (
					"DEBUG=1",
					"$(inherited)",
				);
				GCC_WARN_64_TO_32_BIT_CONVERSION = YES;
				GCC_WARN_ABOUT_RETURN_TYPE = YES_ERROR;
				GCC_WARN_UNDECLARED_SELECTOR = YES;
				GCC_WARN_UNINITIALIZED_AUTOS = YES_AGGRESSIVE;
				GCC_WARN_UNUSED_FUNCTION = YES;
				GCC_WARN_UNUSED_VARIABLE = YES;
				IPHONEOS_DEPLOYMENT_TARGET = 12.0;
				MTL_ENABLE_DEBUG_INFO = INCLUDE_SOURCE;
				MTL_FAST_MATH = YES;
				ONLY_ACTIVE_ARCH = YES;
				SDKROOT = iphoneos;
				SWIFT_ACTIVE_COMPILATION_CONDITIONS = DEBUG;
				SWIFT_OPTIMIZATION_LEVEL = "-Onone";
				VERSIONING_SYSTEM = "apple-generic";
				VERSION_INFO_PREFIX = "";
			};
			name = Debug;
		};
		A3968FE326FF25A800B6A59B /* Release */ = {
			isa = XCBuildConfiguration;
			buildSettings = {
				ALWAYS_SEARCH_USER_PATHS = NO;
				CLANG_ANALYZER_NONNULL = YES;
				CLANG_ANALYZER_NUMBER_OBJECT_CONVERSION = YES_AGGRESSIVE;
				CLANG_CXX_LANGUAGE_STANDARD = "gnu++17";
				CLANG_CXX_LIBRARY = "libc++";
				CLANG_ENABLE_MODULES = YES;
				CLANG_ENABLE_OBJC_ARC = YES;
				CLANG_ENABLE_OBJC_WEAK = YES;
				CLANG_WARN_BLOCK_CAPTURE_AUTORELEASING = YES;
				CLANG_WARN_BOOL_CONVERSION = YES;
				CLANG_WARN_COMMA = YES;
				CLANG_WARN_CONSTANT_CONVERSION = YES;
				CLANG_WARN_DEPRECATED_OBJC_IMPLEMENTATIONS = YES;
				CLANG_WARN_DIRECT_OBJC_ISA_USAGE = YES_ERROR;
				CLANG_WARN_DOCUMENTATION_COMMENTS = YES;
				CLANG_WARN_EMPTY_BODY = YES;
				CLANG_WARN_ENUM_CONVERSION = YES;
				CLANG_WARN_INFINITE_RECURSION = YES;
				CLANG_WARN_INT_CONVERSION = YES;
				CLANG_WARN_NON_LITERAL_NULL_CONVERSION = YES;
				CLANG_WARN_OBJC_IMPLICIT_RETAIN_SELF = YES;
				CLANG_WARN_OBJC_LITERAL_CONVERSION = YES;
				CLANG_WARN_OBJC_ROOT_CLASS = YES_ERROR;
				CLANG_WARN_QUOTED_INCLUDE_IN_FRAMEWORK_HEADER = YES;
				CLANG_WARN_RANGE_LOOP_ANALYSIS = YES;
				CLANG_WARN_STRICT_PROTOTYPES = YES;
				CLANG_WARN_SUSPICIOUS_MOVE = YES;
				CLANG_WARN_UNGUARDED_AVAILABILITY = YES_AGGRESSIVE;
				CLANG_WARN_UNREACHABLE_CODE = YES;
				CLANG_WARN__DUPLICATE_METHOD_MATCH = YES;
				COPY_PHASE_STRIP = NO;
				CURRENT_PROJECT_VERSION = 1;
				DEBUG_INFORMATION_FORMAT = "dwarf-with-dsym";
				ENABLE_NS_ASSERTIONS = NO;
				ENABLE_STRICT_OBJC_MSGSEND = YES;
				GCC_C_LANGUAGE_STANDARD = gnu11;
				GCC_NO_COMMON_BLOCKS = YES;
				GCC_WARN_64_TO_32_BIT_CONVERSION = YES;
				GCC_WARN_ABOUT_RETURN_TYPE = YES_ERROR;
				GCC_WARN_UNDECLARED_SELECTOR = YES;
				GCC_WARN_UNINITIALIZED_AUTOS = YES_AGGRESSIVE;
				GCC_WARN_UNUSED_FUNCTION = YES;
				GCC_WARN_UNUSED_VARIABLE = YES;
				IPHONEOS_DEPLOYMENT_TARGET = 12.0;
				MTL_ENABLE_DEBUG_INFO = NO;
				MTL_FAST_MATH = YES;
				SDKROOT = iphoneos;
				SWIFT_COMPILATION_MODE = wholemodule;
				SWIFT_OPTIMIZATION_LEVEL = "-O";
				VALIDATE_PRODUCT = YES;
				VERSIONING_SYSTEM = "apple-generic";
				VERSION_INFO_PREFIX = "";
			};
			name = Release;
		};
		A3968FE526FF25A800B6A59B /* Debug */ = {
			isa = XCBuildConfiguration;
			buildSettings = {
				CLANG_ENABLE_MODULES = YES;
				CODE_SIGN_STYLE = Automatic;
				CURRENT_PROJECT_VERSION = 1;
				DEFINES_MODULE = YES;
				DYLIB_COMPATIBILITY_VERSION = 1;
				DYLIB_CURRENT_VERSION = 1;
				DYLIB_INSTALL_NAME_BASE = "@rpath";
				GENERATE_INFOPLIST_FILE = YES;
				INFOPLIST_KEY_NSHumanReadableCopyright = "";
				INSTALL_PATH = "$(LOCAL_LIBRARY_DIR)/Frameworks";
				IPHONEOS_DEPLOYMENT_TARGET = 12.0;
				LD_RUNPATH_SEARCH_PATHS = (
					"$(inherited)",
					"@executable_path/Frameworks",
					"@loader_path/Frameworks",
				);
				MARKETING_VERSION = 1.0;
				PRODUCT_BUNDLE_IDENTIFIER = net.caroline.weisberg.Insecurity;
				PRODUCT_NAME = "$(TARGET_NAME:c99extidentifier)";
				SKIP_INSTALL = YES;
				SWIFT_EMIT_LOC_STRINGS = YES;
				SWIFT_OPTIMIZATION_LEVEL = "-Onone";
				SWIFT_VERSION = 5.0;
				TARGETED_DEVICE_FAMILY = "1,2";
			};
			name = Debug;
		};
		A3968FE626FF25A800B6A59B /* Release */ = {
			isa = XCBuildConfiguration;
			buildSettings = {
				CLANG_ENABLE_MODULES = YES;
				CODE_SIGN_STYLE = Automatic;
				CURRENT_PROJECT_VERSION = 1;
				DEFINES_MODULE = YES;
				DYLIB_COMPATIBILITY_VERSION = 1;
				DYLIB_CURRENT_VERSION = 1;
				DYLIB_INSTALL_NAME_BASE = "@rpath";
				GENERATE_INFOPLIST_FILE = YES;
				INFOPLIST_KEY_NSHumanReadableCopyright = "";
				INSTALL_PATH = "$(LOCAL_LIBRARY_DIR)/Frameworks";
				IPHONEOS_DEPLOYMENT_TARGET = 12.0;
				LD_RUNPATH_SEARCH_PATHS = (
					"$(inherited)",
					"@executable_path/Frameworks",
					"@loader_path/Frameworks",
				);
				MARKETING_VERSION = 1.0;
				PRODUCT_BUNDLE_IDENTIFIER = net.caroline.weisberg.Insecurity;
				PRODUCT_NAME = "$(TARGET_NAME:c99extidentifier)";
				SKIP_INSTALL = YES;
				SWIFT_EMIT_LOC_STRINGS = YES;
				SWIFT_VERSION = 5.0;
				TARGETED_DEVICE_FAMILY = "1,2";
			};
			name = Release;
		};
		A3968FFD26FF260200B6A59B /* Debug */ = {
			isa = XCBuildConfiguration;
			baseConfigurationReference = 10BA6F3779CD79C33A65C619 /* Pods-InsecurityPlayground.debug.xcconfig */;
			buildSettings = {
				ASSETCATALOG_COMPILER_APPICON_NAME = AppIcon;
				ASSETCATALOG_COMPILER_GLOBAL_ACCENT_COLOR_NAME = AccentColor;
				CODE_SIGN_STYLE = Automatic;
				CURRENT_PROJECT_VERSION = 1;
				DEVELOPMENT_TEAM = QZRPL4EC5L;
				GENERATE_INFOPLIST_FILE = YES;
				INFOPLIST_FILE = InsecurityPlayground/Info.plist;
				INFOPLIST_KEY_UIApplicationSupportsIndirectInputEvents = YES;
				INFOPLIST_KEY_UILaunchStoryboardName = LaunchScreen;
				INFOPLIST_KEY_UISupportedInterfaceOrientations_iPad = "UIInterfaceOrientationPortrait UIInterfaceOrientationPortraitUpsideDown UIInterfaceOrientationLandscapeLeft UIInterfaceOrientationLandscapeRight";
				INFOPLIST_KEY_UISupportedInterfaceOrientations_iPhone = "UIInterfaceOrientationPortrait UIInterfaceOrientationLandscapeLeft UIInterfaceOrientationLandscapeRight";
				IPHONEOS_DEPLOYMENT_TARGET = 12.0;
				LD_RUNPATH_SEARCH_PATHS = (
					"$(inherited)",
					"@executable_path/Frameworks",
				);
				MARKETING_VERSION = 1.0;
				PRODUCT_BUNDLE_IDENTIFIER = net.caroline.weisberg.InsecurityPlayground;
				PRODUCT_NAME = "$(TARGET_NAME)";
				SWIFT_EMIT_LOC_STRINGS = YES;
				SWIFT_VERSION = 5.0;
				TARGETED_DEVICE_FAMILY = "1,2";
			};
			name = Debug;
		};
		A3968FFE26FF260200B6A59B /* Release */ = {
			isa = XCBuildConfiguration;
			baseConfigurationReference = 7ED2D0086C3E5EABF27BE1C5 /* Pods-InsecurityPlayground.release.xcconfig */;
			buildSettings = {
				ASSETCATALOG_COMPILER_APPICON_NAME = AppIcon;
				ASSETCATALOG_COMPILER_GLOBAL_ACCENT_COLOR_NAME = AccentColor;
				CODE_SIGN_STYLE = Automatic;
				CURRENT_PROJECT_VERSION = 1;
				DEVELOPMENT_TEAM = QZRPL4EC5L;
				GENERATE_INFOPLIST_FILE = YES;
				INFOPLIST_FILE = InsecurityPlayground/Info.plist;
				INFOPLIST_KEY_UIApplicationSupportsIndirectInputEvents = YES;
				INFOPLIST_KEY_UILaunchStoryboardName = LaunchScreen;
				INFOPLIST_KEY_UISupportedInterfaceOrientations_iPad = "UIInterfaceOrientationPortrait UIInterfaceOrientationPortraitUpsideDown UIInterfaceOrientationLandscapeLeft UIInterfaceOrientationLandscapeRight";
				INFOPLIST_KEY_UISupportedInterfaceOrientations_iPhone = "UIInterfaceOrientationPortrait UIInterfaceOrientationLandscapeLeft UIInterfaceOrientationLandscapeRight";
				IPHONEOS_DEPLOYMENT_TARGET = 12.0;
				LD_RUNPATH_SEARCH_PATHS = (
					"$(inherited)",
					"@executable_path/Frameworks",
				);
				MARKETING_VERSION = 1.0;
				PRODUCT_BUNDLE_IDENTIFIER = net.caroline.weisberg.InsecurityPlayground;
				PRODUCT_NAME = "$(TARGET_NAME)";
				SWIFT_EMIT_LOC_STRINGS = YES;
				SWIFT_VERSION = 5.0;
				TARGETED_DEVICE_FAMILY = "1,2";
			};
			name = Release;
		};
/* End XCBuildConfiguration section */

/* Begin XCConfigurationList section */
		A377B58F27138FD900A4331B /* Build configuration list for PBXNativeTarget "InsecurityPodspecTest" */ = {
			isa = XCConfigurationList;
			buildConfigurations = (
				A377B58D27138FD900A4331B /* Debug */,
				A377B58E27138FD900A4331B /* Release */,
			);
			defaultConfigurationIsVisible = 0;
			defaultConfigurationName = Release;
		};
		A393F2FC27289F54006CD54C /* Build configuration list for PBXNativeTarget "InsecurityDemo" */ = {
			isa = XCConfigurationList;
			buildConfigurations = (
				A393F2FA27289F54006CD54C /* Debug */,
				A393F2FB27289F54006CD54C /* Release */,
			);
			defaultConfigurationIsVisible = 0;
			defaultConfigurationName = Release;
		};
		A3968FD726FF25A800B6A59B /* Build configuration list for PBXProject "Insecurity" */ = {
			isa = XCConfigurationList;
			buildConfigurations = (
				A3968FE226FF25A800B6A59B /* Debug */,
				A3968FE326FF25A800B6A59B /* Release */,
			);
			defaultConfigurationIsVisible = 0;
			defaultConfigurationName = Release;
		};
		A3968FE426FF25A800B6A59B /* Build configuration list for PBXNativeTarget "Insecurity" */ = {
			isa = XCConfigurationList;
			buildConfigurations = (
				A3968FE526FF25A800B6A59B /* Debug */,
				A3968FE626FF25A800B6A59B /* Release */,
			);
			defaultConfigurationIsVisible = 0;
			defaultConfigurationName = Release;
		};
		A3968FFC26FF260200B6A59B /* Build configuration list for PBXNativeTarget "InsecurityPlayground" */ = {
			isa = XCConfigurationList;
			buildConfigurations = (
				A3968FFD26FF260200B6A59B /* Debug */,
				A3968FFE26FF260200B6A59B /* Release */,
			);
			defaultConfigurationIsVisible = 0;
			defaultConfigurationName = Release;
		};
/* End XCConfigurationList section */
	};
	rootObject = A3968FD426FF25A800B6A59B /* Project object */;
}
