// !$*UTF8*$!
{
	archiveVersion = 1;
	classes = {
	};
	objectVersion = 55;
	objects = {

/* Begin PBXBuildFile section */
		6039A8D0C53204A35B9478F6 /* libPods-InsecurityPodspecTest.a in Frameworks */ = {isa = PBXBuildFile; fileRef = 27E16FBB5A85ED77C35AC7D8 /* libPods-InsecurityPodspecTest.a */; };
		A3383BC6270E430D006982B1 /* ParentViewController.swift in Sources */ = {isa = PBXBuildFile; fileRef = A3383BC5270E430D006982B1 /* ParentViewController.swift */; };
		A3383BC8270E43B4006982B1 /* ParentCoordinator.swift in Sources */ = {isa = PBXBuildFile; fileRef = A3383BC7270E43B4006982B1 /* ParentCoordinator.swift */; };
		A3441880270F95C200CE49E4 /* InsecurityChild.swift in Sources */ = {isa = PBXBuildFile; fileRef = A344187F270F95C200CE49E4 /* InsecurityChild.swift */; };
		A3441882270F95E400CE49E4 /* InsecurityNavigation.swift in Sources */ = {isa = PBXBuildFile; fileRef = A3441881270F95E400CE49E4 /* InsecurityNavigation.swift */; };
		A3441884270F9CD800CE49E4 /* Insecurity.swift in Sources */ = {isa = PBXBuildFile; fileRef = A3441883270F9CD800CE49E4 /* Insecurity.swift */; };
		A34CBF6526FFD796007AF9B8 /* ModalPresentationCoordinator.swift in Sources */ = {isa = PBXBuildFile; fileRef = A34CBF6426FFD796007AF9B8 /* ModalPresentationCoordinator.swift */; };
		A35A78232709EF3E00256FBD /* ScoringCoordinator.swift in Sources */ = {isa = PBXBuildFile; fileRef = A35A78222709EF3E00256FBD /* ScoringCoordinator.swift */; };
		A35A78252709EFFB00256FBD /* ScoringViewController.swift in Sources */ = {isa = PBXBuildFile; fileRef = A35A78242709EFFB00256FBD /* ScoringViewController.swift */; };
		A3677F42270CDFED003AC3E6 /* CurrencySelectionCoordinator.swift in Sources */ = {isa = PBXBuildFile; fileRef = A3677F41270CDFED003AC3E6 /* CurrencySelectionCoordinator.swift */; };
		A3677F44270CE024003AC3E6 /* CurrencySelectionViewController.swift in Sources */ = {isa = PBXBuildFile; fileRef = A3677F43270CE024003AC3E6 /* CurrencySelectionViewController.swift */; };
		A3677F47270CE038003AC3E6 /* CurrencySelection.swift in Sources */ = {isa = PBXBuildFile; fileRef = A3677F46270CE038003AC3E6 /* CurrencySelection.swift */; };
		A3677F4A270CE1AF003AC3E6 /* DispatchQueue+asyncAfter.swift in Sources */ = {isa = PBXBuildFile; fileRef = A3677F49270CE1AF003AC3E6 /* DispatchQueue+asyncAfter.swift */; };
		A3677F4C270CE796003AC3E6 /* CurrencyView.swift in Sources */ = {isa = PBXBuildFile; fileRef = A3677F4B270CE796003AC3E6 /* CurrencyView.swift */; };
		A3677F4E270CEA0E003AC3E6 /* UIColor+system.swift in Sources */ = {isa = PBXBuildFile; fileRef = A3677F4D270CEA0E003AC3E6 /* UIColor+system.swift */; };
		A3683FBE2700FB590048B3CF /* LoginPhoneViewController.swift in Sources */ = {isa = PBXBuildFile; fileRef = A3683FBD2700FB590048B3CF /* LoginPhoneViewController.swift */; };
		A3683FC12700FBCC0048B3CF /* LoginSMSCodeViewController.swift in Sources */ = {isa = PBXBuildFile; fileRef = A3683FC02700FBCC0048B3CF /* LoginSMSCodeViewController.swift */; };
		A3683FC32700FC3F0048B3CF /* LoginPhoneCoordinator.swift in Sources */ = {isa = PBXBuildFile; fileRef = A3683FC22700FC3F0048B3CF /* LoginPhoneCoordinator.swift */; };
		A3683FC52700FCDB0048B3CF /* LoginSMSCodeCoordinator.swift in Sources */ = {isa = PBXBuildFile; fileRef = A3683FC42700FCDB0048B3CF /* LoginSMSCodeCoordinator.swift */; };
		A370768026FFCED600ED7391 /* DeinitObservable.swift in Sources */ = {isa = PBXBuildFile; fileRef = A370767F26FFCED600ED7391 /* DeinitObservable.swift */; };
		A370FB5D2706689100D5EF51 /* AuthService.swift in Sources */ = {isa = PBXBuildFile; fileRef = A370FB5C2706689100D5EF51 /* AuthService.swift */; };
		A370FB5F270668BD00D5EF51 /* DI.swift in Sources */ = {isa = PBXBuildFile; fileRef = A370FB5E270668BD00D5EF51 /* DI.swift */; };
		A370FB622706760600D5EF51 /* DebugViewController.swift in Sources */ = {isa = PBXBuildFile; fileRef = A370FB612706760600D5EF51 /* DebugViewController.swift */; };
		A370FB642706775200D5EF51 /* DebugViewCoordinator.swift in Sources */ = {isa = PBXBuildFile; fileRef = A370FB632706775200D5EF51 /* DebugViewCoordinator.swift */; };
		A370FB662706780900D5EF51 /* Application.swift in Sources */ = {isa = PBXBuildFile; fileRef = A370FB652706780900D5EF51 /* Application.swift */; };
		A370FB682706782E00D5EF51 /* main.swift in Sources */ = {isa = PBXBuildFile; fileRef = A370FB672706782E00D5EF51 /* main.swift */; };
		A377B5732713859300A4331B /* GenericViewController.swift in Sources */ = {isa = PBXBuildFile; fileRef = A377B5722713859300A4331B /* GenericViewController.swift */; };
		A377B575271385BA00A4331B /* UIColor+random.swift in Sources */ = {isa = PBXBuildFile; fileRef = A377B574271385BA00A4331B /* UIColor+random.swift */; };
		A377B5772713862900A4331B /* GenericChild.swift in Sources */ = {isa = PBXBuildFile; fileRef = A377B5762713862900A4331B /* GenericChild.swift */; };
		A377B58827138FD900A4331B /* Assets.xcassets in Resources */ = {isa = PBXBuildFile; fileRef = A377B58727138FD900A4331B /* Assets.xcassets */; };
		A377B58B27138FD900A4331B /* LaunchScreen.storyboard in Resources */ = {isa = PBXBuildFile; fileRef = A377B58927138FD900A4331B /* LaunchScreen.storyboard */; };
		A377B59127138FFC00A4331B /* AppDelegate.swift in Sources */ = {isa = PBXBuildFile; fileRef = A377B59027138FFC00A4331B /* AppDelegate.swift */; };
		A377B593271391A200A4331B /* ApplicationCoordinator.swift in Sources */ = {isa = PBXBuildFile; fileRef = A377B592271391A200A4331B /* ApplicationCoordinator.swift */; };
		A377B596271391DA00A4331B /* MainViewController.swift in Sources */ = {isa = PBXBuildFile; fileRef = A377B595271391DA00A4331B /* MainViewController.swift */; };
		A377B5982713922400A4331B /* MainCoordinator.swift in Sources */ = {isa = PBXBuildFile; fileRef = A377B5972713922400A4331B /* MainCoordinator.swift */; };
		A377B59B27139A2800A4331B /* PaymentMethodViewController.swift in Sources */ = {isa = PBXBuildFile; fileRef = A377B59A27139A2800A4331B /* PaymentMethodViewController.swift */; };
		A377B59D27139A4200A4331B /* PaymentMethodCoordinator.swift in Sources */ = {isa = PBXBuildFile; fileRef = A377B59C27139A4200A4331B /* PaymentMethodCoordinator.swift */; };
		A377B59F27139A6600A4331B /* PaymentMethod.swift in Sources */ = {isa = PBXBuildFile; fileRef = A377B59E27139A6600A4331B /* PaymentMethod.swift */; };
		A377B5A227139C6000A4331B /* AddPaymentMethodViewController.swift in Sources */ = {isa = PBXBuildFile; fileRef = A377B5A127139C6000A4331B /* AddPaymentMethodViewController.swift */; };
		A377B5A427139CB700A4331B /* AddPaymentMethodCoordinator.swift in Sources */ = {isa = PBXBuildFile; fileRef = A377B5A327139CB700A4331B /* AddPaymentMethodCoordinator.swift */; };
		A379912A2702659600550B8E /* WindowCoordinator.swift in Sources */ = {isa = PBXBuildFile; fileRef = A37991292702659600550B8E /* WindowCoordinator.swift */; };
		A379912C27026E3A00550B8E /* ApplicationCoordinator.swift in Sources */ = {isa = PBXBuildFile; fileRef = A379912B27026E3A00550B8E /* ApplicationCoordinator.swift */; };
		A382533027007EA900FBC6DC /* GalleryViewController.swift in Sources */ = {isa = PBXBuildFile; fileRef = A382532F27007EA900FBC6DC /* GalleryViewController.swift */; };
		A38253342700804700FBC6DC /* GalleryCoordinator.swift in Sources */ = {isa = PBXBuildFile; fileRef = A38253332700804700FBC6DC /* GalleryCoordinator.swift */; };
		A38253372700817C00FBC6DC /* ProductViewController.swift in Sources */ = {isa = PBXBuildFile; fileRef = A38253362700817C00FBC6DC /* ProductViewController.swift */; };
		A3825339270086CF00FBC6DC /* ProductCoordinator.swift in Sources */ = {isa = PBXBuildFile; fileRef = A3825338270086CF00FBC6DC /* ProductCoordinator.swift */; };
		A382534027008C7F00FBC6DC /* CartViewController.swift in Sources */ = {isa = PBXBuildFile; fileRef = A382533F27008C7F00FBC6DC /* CartViewController.swift */; };
		A382534227008DEE00FBC6DC /* CartCoordinator.swift in Sources */ = {isa = PBXBuildFile; fileRef = A382534127008DEE00FBC6DC /* CartCoordinator.swift */; };
		A382534527008FCB00FBC6DC /* PaymentViewController.swift in Sources */ = {isa = PBXBuildFile; fileRef = A382534427008FCB00FBC6DC /* PaymentViewController.swift */; };
		A38253472700906100FBC6DC /* PaymentCoordinator.swift in Sources */ = {isa = PBXBuildFile; fileRef = A38253462700906100FBC6DC /* PaymentCoordinator.swift */; };
		A382534A270091A900FBC6DC /* PaymentSuccessViewController.swift in Sources */ = {isa = PBXBuildFile; fileRef = A3825349270091A900FBC6DC /* PaymentSuccessViewController.swift */; };
		A382534C2700924400FBC6DC /* PaymentSuccessCoordinator.swift in Sources */ = {isa = PBXBuildFile; fileRef = A382534B2700924400FBC6DC /* PaymentSuccessCoordinator.swift */; };
		A3968FEE26FF260000B6A59B /* AppDelegate.swift in Sources */ = {isa = PBXBuildFile; fileRef = A3968FED26FF260000B6A59B /* AppDelegate.swift */; };
		A3968FF726FF260200B6A59B /* Assets.xcassets in Resources */ = {isa = PBXBuildFile; fileRef = A3968FF626FF260200B6A59B /* Assets.xcassets */; };
		A3968FFA26FF260200B6A59B /* LaunchScreen.storyboard in Resources */ = {isa = PBXBuildFile; fileRef = A3968FF826FF260200B6A59B /* LaunchScreen.storyboard */; };
		A396900026FF26A700B6A59B /* NavigationControllerCoordinator.swift in Sources */ = {isa = PBXBuildFile; fileRef = A3968FFF26FF26A700B6A59B /* NavigationControllerCoordinator.swift */; };
		A396900226FF26CA00B6A59B /* Insecurity.framework in Frameworks */ = {isa = PBXBuildFile; fileRef = A3968FDD26FF25A800B6A59B /* Insecurity.framework */; };
		A396900326FF26CA00B6A59B /* Insecurity.framework in Embed Frameworks */ = {isa = PBXBuildFile; fileRef = A3968FDD26FF25A800B6A59B /* Insecurity.framework */; settings = {ATTRIBUTES = (CodeSignOnCopy, RemoveHeadersOnCopy, ); }; };
		A398EB57270BAEFC00D93B1E /* CoordinatorResult.swift in Sources */ = {isa = PBXBuildFile; fileRef = A398EB56270BAEFC00D93B1E /* CoordinatorResult.swift */; };
		A39A458B2714DBEF000D36E5 /* SmallAppCoordinator.swift in Sources */ = {isa = PBXBuildFile; fileRef = A39A458A2714DBEF000D36E5 /* SmallAppCoordinator.swift */; };
		A39A458D2714DCEB000D36E5 /* SmallAppDelegate.swift in Sources */ = {isa = PBXBuildFile; fileRef = A39A458C2714DCEB000D36E5 /* SmallAppDelegate.swift */; };
		D4BA0B4FA7A6F24D6294ED70 /* libPods-InsecurityDemo.a in Frameworks */ = {isa = PBXBuildFile; fileRef = 5CC88B9363F179D9A0563625 /* libPods-InsecurityDemo.a */; };
/* End PBXBuildFile section */

/* Begin PBXContainerItemProxy section */
		A396900426FF26CA00B6A59B /* PBXContainerItemProxy */ = {
			isa = PBXContainerItemProxy;
			containerPortal = A3968FD426FF25A800B6A59B /* Project object */;
			proxyType = 1;
			remoteGlobalIDString = A3968FDC26FF25A800B6A59B;
			remoteInfo = Insecurity;
		};
/* End PBXContainerItemProxy section */

/* Begin PBXCopyFilesBuildPhase section */
		A396900626FF26CA00B6A59B /* Embed Frameworks */ = {
			isa = PBXCopyFilesBuildPhase;
			buildActionMask = 2147483647;
			dstPath = "";
			dstSubfolderSpec = 10;
			files = (
				A396900326FF26CA00B6A59B /* Insecurity.framework in Embed Frameworks */,
			);
			name = "Embed Frameworks";
			runOnlyForDeploymentPostprocessing = 0;
		};
/* End PBXCopyFilesBuildPhase section */

/* Begin PBXFileReference section */
		07F1A30A8467E9454829BA91 /* Pods-InsecurityPodspecTest.debug.xcconfig */ = {isa = PBXFileReference; includeInIndex = 1; lastKnownFileType = text.xcconfig; name = "Pods-InsecurityPodspecTest.debug.xcconfig"; path = "Target Support Files/Pods-InsecurityPodspecTest/Pods-InsecurityPodspecTest.debug.xcconfig"; sourceTree = "<group>"; };
		27E16FBB5A85ED77C35AC7D8 /* libPods-InsecurityPodspecTest.a */ = {isa = PBXFileReference; explicitFileType = archive.ar; includeInIndex = 0; path = "libPods-InsecurityPodspecTest.a"; sourceTree = BUILT_PRODUCTS_DIR; };
		54B8E663025AD7F0FACA2B0B /* Pods-InsecurityDemo.release.xcconfig */ = {isa = PBXFileReference; includeInIndex = 1; lastKnownFileType = text.xcconfig; name = "Pods-InsecurityDemo.release.xcconfig"; path = "Target Support Files/Pods-InsecurityDemo/Pods-InsecurityDemo.release.xcconfig"; sourceTree = "<group>"; };
		5CC88B9363F179D9A0563625 /* libPods-InsecurityDemo.a */ = {isa = PBXFileReference; explicitFileType = archive.ar; includeInIndex = 0; path = "libPods-InsecurityDemo.a"; sourceTree = BUILT_PRODUCTS_DIR; };
		9630C86ACEA183BA279A7CFE /* Pods-InsecurityPodspecTest.release.xcconfig */ = {isa = PBXFileReference; includeInIndex = 1; lastKnownFileType = text.xcconfig; name = "Pods-InsecurityPodspecTest.release.xcconfig"; path = "Target Support Files/Pods-InsecurityPodspecTest/Pods-InsecurityPodspecTest.release.xcconfig"; sourceTree = "<group>"; };
		A3383BC5270E430D006982B1 /* ParentViewController.swift */ = {isa = PBXFileReference; lastKnownFileType = sourcecode.swift; path = ParentViewController.swift; sourceTree = "<group>"; };
		A3383BC7270E43B4006982B1 /* ParentCoordinator.swift */ = {isa = PBXFileReference; lastKnownFileType = sourcecode.swift; path = ParentCoordinator.swift; sourceTree = "<group>"; };
		A344187F270F95C200CE49E4 /* InsecurityChild.swift */ = {isa = PBXFileReference; lastKnownFileType = sourcecode.swift; path = InsecurityChild.swift; sourceTree = "<group>"; };
		A3441881270F95E400CE49E4 /* InsecurityNavigation.swift */ = {isa = PBXFileReference; lastKnownFileType = sourcecode.swift; path = InsecurityNavigation.swift; sourceTree = "<group>"; };
		A3441883270F9CD800CE49E4 /* Insecurity.swift */ = {isa = PBXFileReference; lastKnownFileType = sourcecode.swift; path = Insecurity.swift; sourceTree = "<group>"; };
		A34CBF6426FFD796007AF9B8 /* ModalPresentationCoordinator.swift */ = {isa = PBXFileReference; lastKnownFileType = sourcecode.swift; path = ModalPresentationCoordinator.swift; sourceTree = "<group>"; };
		A35A78222709EF3E00256FBD /* ScoringCoordinator.swift */ = {isa = PBXFileReference; lastKnownFileType = sourcecode.swift; path = ScoringCoordinator.swift; sourceTree = "<group>"; };
		A35A78242709EFFB00256FBD /* ScoringViewController.swift */ = {isa = PBXFileReference; lastKnownFileType = sourcecode.swift; path = ScoringViewController.swift; sourceTree = "<group>"; };
		A3677F41270CDFED003AC3E6 /* CurrencySelectionCoordinator.swift */ = {isa = PBXFileReference; lastKnownFileType = sourcecode.swift; path = CurrencySelectionCoordinator.swift; sourceTree = "<group>"; };
		A3677F43270CE024003AC3E6 /* CurrencySelectionViewController.swift */ = {isa = PBXFileReference; lastKnownFileType = sourcecode.swift; path = CurrencySelectionViewController.swift; sourceTree = "<group>"; };
		A3677F46270CE038003AC3E6 /* CurrencySelection.swift */ = {isa = PBXFileReference; lastKnownFileType = sourcecode.swift; path = CurrencySelection.swift; sourceTree = "<group>"; };
		A3677F49270CE1AF003AC3E6 /* DispatchQueue+asyncAfter.swift */ = {isa = PBXFileReference; lastKnownFileType = sourcecode.swift; path = "DispatchQueue+asyncAfter.swift"; sourceTree = "<group>"; };
		A3677F4B270CE796003AC3E6 /* CurrencyView.swift */ = {isa = PBXFileReference; lastKnownFileType = sourcecode.swift; path = CurrencyView.swift; sourceTree = "<group>"; };
		A3677F4D270CEA0E003AC3E6 /* UIColor+system.swift */ = {isa = PBXFileReference; lastKnownFileType = sourcecode.swift; path = "UIColor+system.swift"; sourceTree = "<group>"; };
		A3683FBD2700FB590048B3CF /* LoginPhoneViewController.swift */ = {isa = PBXFileReference; lastKnownFileType = sourcecode.swift; path = LoginPhoneViewController.swift; sourceTree = "<group>"; };
		A3683FC02700FBCC0048B3CF /* LoginSMSCodeViewController.swift */ = {isa = PBXFileReference; lastKnownFileType = sourcecode.swift; path = LoginSMSCodeViewController.swift; sourceTree = "<group>"; };
		A3683FC22700FC3F0048B3CF /* LoginPhoneCoordinator.swift */ = {isa = PBXFileReference; lastKnownFileType = sourcecode.swift; path = LoginPhoneCoordinator.swift; sourceTree = "<group>"; };
		A3683FC42700FCDB0048B3CF /* LoginSMSCodeCoordinator.swift */ = {isa = PBXFileReference; lastKnownFileType = sourcecode.swift; path = LoginSMSCodeCoordinator.swift; sourceTree = "<group>"; };
		A370767F26FFCED600ED7391 /* DeinitObservable.swift */ = {isa = PBXFileReference; lastKnownFileType = sourcecode.swift; path = DeinitObservable.swift; sourceTree = "<group>"; };
		A370FB5C2706689100D5EF51 /* AuthService.swift */ = {isa = PBXFileReference; lastKnownFileType = sourcecode.swift; path = AuthService.swift; sourceTree = "<group>"; };
		A370FB5E270668BD00D5EF51 /* DI.swift */ = {isa = PBXFileReference; lastKnownFileType = sourcecode.swift; path = DI.swift; sourceTree = "<group>"; };
		A370FB612706760600D5EF51 /* DebugViewController.swift */ = {isa = PBXFileReference; lastKnownFileType = sourcecode.swift; path = DebugViewController.swift; sourceTree = "<group>"; };
		A370FB632706775200D5EF51 /* DebugViewCoordinator.swift */ = {isa = PBXFileReference; lastKnownFileType = sourcecode.swift; path = DebugViewCoordinator.swift; sourceTree = "<group>"; };
		A370FB652706780900D5EF51 /* Application.swift */ = {isa = PBXFileReference; lastKnownFileType = sourcecode.swift; path = Application.swift; sourceTree = "<group>"; };
		A370FB672706782E00D5EF51 /* main.swift */ = {isa = PBXFileReference; lastKnownFileType = sourcecode.swift; path = main.swift; sourceTree = "<group>"; };
		A377B5722713859300A4331B /* GenericViewController.swift */ = {isa = PBXFileReference; lastKnownFileType = sourcecode.swift; path = GenericViewController.swift; sourceTree = "<group>"; };
		A377B574271385BA00A4331B /* UIColor+random.swift */ = {isa = PBXFileReference; lastKnownFileType = sourcecode.swift; path = "UIColor+random.swift"; sourceTree = "<group>"; };
		A377B5762713862900A4331B /* GenericChild.swift */ = {isa = PBXFileReference; lastKnownFileType = sourcecode.swift; path = GenericChild.swift; sourceTree = "<group>"; };
		A377B57C27138FD800A4331B /* InsecurityPodspecTest.app */ = {isa = PBXFileReference; explicitFileType = wrapper.application; includeInIndex = 0; path = InsecurityPodspecTest.app; sourceTree = BUILT_PRODUCTS_DIR; };
		A377B58727138FD900A4331B /* Assets.xcassets */ = {isa = PBXFileReference; lastKnownFileType = folder.assetcatalog; path = Assets.xcassets; sourceTree = "<group>"; };
		A377B58A27138FD900A4331B /* Base */ = {isa = PBXFileReference; lastKnownFileType = file.storyboard; name = Base; path = Base.lproj/LaunchScreen.storyboard; sourceTree = "<group>"; };
		A377B58C27138FD900A4331B /* Info.plist */ = {isa = PBXFileReference; lastKnownFileType = text.plist.xml; path = Info.plist; sourceTree = "<group>"; };
		A377B59027138FFC00A4331B /* AppDelegate.swift */ = {isa = PBXFileReference; lastKnownFileType = sourcecode.swift; path = AppDelegate.swift; sourceTree = "<group>"; };
		A377B592271391A200A4331B /* ApplicationCoordinator.swift */ = {isa = PBXFileReference; lastKnownFileType = sourcecode.swift; path = ApplicationCoordinator.swift; sourceTree = "<group>"; };
		A377B595271391DA00A4331B /* MainViewController.swift */ = {isa = PBXFileReference; lastKnownFileType = sourcecode.swift; path = MainViewController.swift; sourceTree = "<group>"; };
		A377B5972713922400A4331B /* MainCoordinator.swift */ = {isa = PBXFileReference; lastKnownFileType = sourcecode.swift; path = MainCoordinator.swift; sourceTree = "<group>"; };
		A377B59A27139A2800A4331B /* PaymentMethodViewController.swift */ = {isa = PBXFileReference; lastKnownFileType = sourcecode.swift; path = PaymentMethodViewController.swift; sourceTree = "<group>"; };
		A377B59C27139A4200A4331B /* PaymentMethodCoordinator.swift */ = {isa = PBXFileReference; lastKnownFileType = sourcecode.swift; path = PaymentMethodCoordinator.swift; sourceTree = "<group>"; };
		A377B59E27139A6600A4331B /* PaymentMethod.swift */ = {isa = PBXFileReference; lastKnownFileType = sourcecode.swift; path = PaymentMethod.swift; sourceTree = "<group>"; };
		A377B5A127139C6000A4331B /* AddPaymentMethodViewController.swift */ = {isa = PBXFileReference; lastKnownFileType = sourcecode.swift; path = AddPaymentMethodViewController.swift; sourceTree = "<group>"; };
		A377B5A327139CB700A4331B /* AddPaymentMethodCoordinator.swift */ = {isa = PBXFileReference; lastKnownFileType = sourcecode.swift; path = AddPaymentMethodCoordinator.swift; sourceTree = "<group>"; };
		A37991292702659600550B8E /* WindowCoordinator.swift */ = {isa = PBXFileReference; lastKnownFileType = sourcecode.swift; path = WindowCoordinator.swift; sourceTree = "<group>"; };
		A379912B27026E3A00550B8E /* ApplicationCoordinator.swift */ = {isa = PBXFileReference; lastKnownFileType = sourcecode.swift; path = ApplicationCoordinator.swift; sourceTree = "<group>"; };
		A382532F27007EA900FBC6DC /* GalleryViewController.swift */ = {isa = PBXFileReference; lastKnownFileType = sourcecode.swift; path = GalleryViewController.swift; sourceTree = "<group>"; };
		A38253332700804700FBC6DC /* GalleryCoordinator.swift */ = {isa = PBXFileReference; lastKnownFileType = sourcecode.swift; path = GalleryCoordinator.swift; sourceTree = "<group>"; };
		A38253362700817C00FBC6DC /* ProductViewController.swift */ = {isa = PBXFileReference; lastKnownFileType = sourcecode.swift; path = ProductViewController.swift; sourceTree = "<group>"; };
		A3825338270086CF00FBC6DC /* ProductCoordinator.swift */ = {isa = PBXFileReference; lastKnownFileType = sourcecode.swift; path = ProductCoordinator.swift; sourceTree = "<group>"; };
		A382533F27008C7F00FBC6DC /* CartViewController.swift */ = {isa = PBXFileReference; lastKnownFileType = sourcecode.swift; path = CartViewController.swift; sourceTree = "<group>"; };
		A382534127008DEE00FBC6DC /* CartCoordinator.swift */ = {isa = PBXFileReference; lastKnownFileType = sourcecode.swift; path = CartCoordinator.swift; sourceTree = "<group>"; };
		A382534427008FCB00FBC6DC /* PaymentViewController.swift */ = {isa = PBXFileReference; lastKnownFileType = sourcecode.swift; path = PaymentViewController.swift; sourceTree = "<group>"; };
		A38253462700906100FBC6DC /* PaymentCoordinator.swift */ = {isa = PBXFileReference; lastKnownFileType = sourcecode.swift; path = PaymentCoordinator.swift; sourceTree = "<group>"; };
		A3825349270091A900FBC6DC /* PaymentSuccessViewController.swift */ = {isa = PBXFileReference; lastKnownFileType = sourcecode.swift; path = PaymentSuccessViewController.swift; sourceTree = "<group>"; };
		A382534B2700924400FBC6DC /* PaymentSuccessCoordinator.swift */ = {isa = PBXFileReference; lastKnownFileType = sourcecode.swift; path = PaymentSuccessCoordinator.swift; sourceTree = "<group>"; };
		A3968FDD26FF25A800B6A59B /* Insecurity.framework */ = {isa = PBXFileReference; explicitFileType = wrapper.framework; includeInIndex = 0; path = Insecurity.framework; sourceTree = BUILT_PRODUCTS_DIR; };
		A3968FEB26FF260000B6A59B /* InsecurityDemo.app */ = {isa = PBXFileReference; explicitFileType = wrapper.application; includeInIndex = 0; path = InsecurityDemo.app; sourceTree = BUILT_PRODUCTS_DIR; };
		A3968FED26FF260000B6A59B /* AppDelegate.swift */ = {isa = PBXFileReference; lastKnownFileType = sourcecode.swift; path = AppDelegate.swift; sourceTree = "<group>"; };
		A3968FF626FF260200B6A59B /* Assets.xcassets */ = {isa = PBXFileReference; lastKnownFileType = folder.assetcatalog; path = Assets.xcassets; sourceTree = "<group>"; };
		A3968FF926FF260200B6A59B /* Base */ = {isa = PBXFileReference; lastKnownFileType = file.storyboard; name = Base; path = Base.lproj/LaunchScreen.storyboard; sourceTree = "<group>"; };
		A3968FFB26FF260200B6A59B /* Info.plist */ = {isa = PBXFileReference; lastKnownFileType = text.plist.xml; path = Info.plist; sourceTree = "<group>"; };
		A3968FFF26FF26A700B6A59B /* NavigationControllerCoordinator.swift */ = {isa = PBXFileReference; lastKnownFileType = sourcecode.swift; path = NavigationControllerCoordinator.swift; sourceTree = "<group>"; };
		A398EB56270BAEFC00D93B1E /* CoordinatorResult.swift */ = {isa = PBXFileReference; lastKnownFileType = sourcecode.swift; path = CoordinatorResult.swift; sourceTree = "<group>"; };
		A39A458A2714DBEF000D36E5 /* SmallAppCoordinator.swift */ = {isa = PBXFileReference; lastKnownFileType = sourcecode.swift; path = SmallAppCoordinator.swift; sourceTree = "<group>"; };
		A39A458C2714DCEB000D36E5 /* SmallAppDelegate.swift */ = {isa = PBXFileReference; lastKnownFileType = sourcecode.swift; path = SmallAppDelegate.swift; sourceTree = "<group>"; };
		BB61D608FF8A49075BF920EF /* Pods-InsecurityDemo.debug.xcconfig */ = {isa = PBXFileReference; includeInIndex = 1; lastKnownFileType = text.xcconfig; name = "Pods-InsecurityDemo.debug.xcconfig"; path = "Target Support Files/Pods-InsecurityDemo/Pods-InsecurityDemo.debug.xcconfig"; sourceTree = "<group>"; };
/* End PBXFileReference section */

/* Begin PBXFrameworksBuildPhase section */
		A377B57927138FD800A4331B /* Frameworks */ = {
			isa = PBXFrameworksBuildPhase;
			buildActionMask = 2147483647;
			files = (
				6039A8D0C53204A35B9478F6 /* libPods-InsecurityPodspecTest.a in Frameworks */,
			);
			runOnlyForDeploymentPostprocessing = 0;
		};
		A3968FDA26FF25A800B6A59B /* Frameworks */ = {
			isa = PBXFrameworksBuildPhase;
			buildActionMask = 2147483647;
			files = (
			);
			runOnlyForDeploymentPostprocessing = 0;
		};
		A3968FE826FF260000B6A59B /* Frameworks */ = {
			isa = PBXFrameworksBuildPhase;
			buildActionMask = 2147483647;
			files = (
				A396900226FF26CA00B6A59B /* Insecurity.framework in Frameworks */,
				D4BA0B4FA7A6F24D6294ED70 /* libPods-InsecurityDemo.a in Frameworks */,
			);
			runOnlyForDeploymentPostprocessing = 0;
		};
/* End PBXFrameworksBuildPhase section */

/* Begin PBXGroup section */
		3B9DCFDC184B14695D924E6C /* Pods */ = {
			isa = PBXGroup;
			children = (
				BB61D608FF8A49075BF920EF /* Pods-InsecurityDemo.debug.xcconfig */,
				54B8E663025AD7F0FACA2B0B /* Pods-InsecurityDemo.release.xcconfig */,
				07F1A30A8467E9454829BA91 /* Pods-InsecurityPodspecTest.debug.xcconfig */,
				9630C86ACEA183BA279A7CFE /* Pods-InsecurityPodspecTest.release.xcconfig */,
			);
			path = Pods;
			sourceTree = "<group>";
		};
		A3383BC4270E42FE006982B1 /* ParentSample */ = {
			isa = PBXGroup;
			children = (
				A3383BC5270E430D006982B1 /* ParentViewController.swift */,
				A3383BC7270E43B4006982B1 /* ParentCoordinator.swift */,
			);
			path = ParentSample;
			sourceTree = "<group>";
		};
		A35A78212709EF2E00256FBD /* Scoring */ = {
			isa = PBXGroup;
			children = (
				A35A78222709EF3E00256FBD /* ScoringCoordinator.swift */,
				A35A78242709EFFB00256FBD /* ScoringViewController.swift */,
			);
			path = Scoring;
			sourceTree = "<group>";
		};
		A3677F40270CDFDB003AC3E6 /* CurrencySelection */ = {
			isa = PBXGroup;
			children = (
				A3677F41270CDFED003AC3E6 /* CurrencySelectionCoordinator.swift */,
				A3677F43270CE024003AC3E6 /* CurrencySelectionViewController.swift */,
				A3677F4B270CE796003AC3E6 /* CurrencyView.swift */,
			);
			path = CurrencySelection;
			sourceTree = "<group>";
		};
		A3677F45270CE029003AC3E6 /* Models */ = {
			isa = PBXGroup;
			children = (
				A3677F46270CE038003AC3E6 /* CurrencySelection.swift */,
				A377B59E27139A6600A4331B /* PaymentMethod.swift */,
			);
			path = Models;
			sourceTree = "<group>";
		};
		A3677F48270CE1A2003AC3E6 /* Util */ = {
			isa = PBXGroup;
			children = (
				A3677F49270CE1AF003AC3E6 /* DispatchQueue+asyncAfter.swift */,
				A3677F4D270CEA0E003AC3E6 /* UIColor+system.swift */,
				A377B574271385BA00A4331B /* UIColor+random.swift */,
			);
			path = Util;
			sourceTree = "<group>";
		};
		A3683FBC2700FB460048B3CF /* LoginPhone */ = {
			isa = PBXGroup;
			children = (
				A3683FBD2700FB590048B3CF /* LoginPhoneViewController.swift */,
				A3683FC22700FC3F0048B3CF /* LoginPhoneCoordinator.swift */,
			);
			path = LoginPhone;
			sourceTree = "<group>";
		};
		A3683FBF2700FBBE0048B3CF /* LoginSMSCode */ = {
			isa = PBXGroup;
			children = (
				A3683FC02700FBCC0048B3CF /* LoginSMSCodeViewController.swift */,
				A3683FC42700FCDB0048B3CF /* LoginSMSCodeCoordinator.swift */,
			);
			path = LoginSMSCode;
			sourceTree = "<group>";
		};
		A370FB5B2706688500D5EF51 /* Services */ = {
			isa = PBXGroup;
			children = (
				A370FB5C2706689100D5EF51 /* AuthService.swift */,
				A370FB5E270668BD00D5EF51 /* DI.swift */,
			);
			path = Services;
			sourceTree = "<group>";
		};
		A370FB60270675D800D5EF51 /* DebugViewController */ = {
			isa = PBXGroup;
			children = (
				A370FB612706760600D5EF51 /* DebugViewController.swift */,
				A370FB632706775200D5EF51 /* DebugViewCoordinator.swift */,
			);
			path = DebugViewController;
			sourceTree = "<group>";
		};
		A377B5712713858300A4331B /* LongChain */ = {
			isa = PBXGroup;
			children = (
				A377B5722713859300A4331B /* GenericViewController.swift */,
				A377B5762713862900A4331B /* GenericChild.swift */,
			);
			path = LongChain;
			sourceTree = "<group>";
		};
		A377B57D27138FD800A4331B /* InsecurityPodspecTest */ = {
			isa = PBXGroup;
			children = (
				A377B594271391CF00A4331B /* Workflows */,
				A377B592271391A200A4331B /* ApplicationCoordinator.swift */,
				A377B59027138FFC00A4331B /* AppDelegate.swift */,
				A377B58727138FD900A4331B /* Assets.xcassets */,
				A377B58927138FD900A4331B /* LaunchScreen.storyboard */,
				A377B58C27138FD900A4331B /* Info.plist */,
			);
			path = InsecurityPodspecTest;
			sourceTree = "<group>";
		};
		A377B594271391CF00A4331B /* Workflows */ = {
			isa = PBXGroup;
			children = (
				A377B595271391DA00A4331B /* MainViewController.swift */,
				A377B5972713922400A4331B /* MainCoordinator.swift */,
			);
			path = Workflows;
			sourceTree = "<group>";
		};
		A377B59927139A1900A4331B /* PaymentMethod */ = {
			isa = PBXGroup;
			children = (
				A377B59A27139A2800A4331B /* PaymentMethodViewController.swift */,
				A377B59C27139A4200A4331B /* PaymentMethodCoordinator.swift */,
			);
			path = PaymentMethod;
			sourceTree = "<group>";
		};
		A377B5A027139C5400A4331B /* AddPaymentMethod */ = {
			isa = PBXGroup;
			children = (
				A377B5A127139C6000A4331B /* AddPaymentMethodViewController.swift */,
				A377B5A327139CB700A4331B /* AddPaymentMethodCoordinator.swift */,
			);
			path = AddPaymentMethod;
			sourceTree = "<group>";
		};
		A382532D27007E8A00FBC6DC /* Workflows */ = {
			isa = PBXGroup;
			children = (
				A377B5A027139C5400A4331B /* AddPaymentMethod */,
				A377B59927139A1900A4331B /* PaymentMethod */,
				A377B5712713858300A4331B /* LongChain */,
				A3383BC4270E42FE006982B1 /* ParentSample */,
				A3677F40270CDFDB003AC3E6 /* CurrencySelection */,
				A35A78212709EF2E00256FBD /* Scoring */,
				A370FB60270675D800D5EF51 /* DebugViewController */,
				A3683FBF2700FBBE0048B3CF /* LoginSMSCode */,
				A3683FBC2700FB460048B3CF /* LoginPhone */,
				A38253482700919800FBC6DC /* PaymentSuccess */,
				A382534327008FC300FBC6DC /* Payment */,
				A382533E27008C7400FBC6DC /* Cart */,
				A38253352700813E00FBC6DC /* Product */,
				A382532E27007E9900FBC6DC /* Gallery */,
				A39A458A2714DBEF000D36E5 /* SmallAppCoordinator.swift */,
				A39A458C2714DCEB000D36E5 /* SmallAppDelegate.swift */,
			);
			path = Workflows;
			sourceTree = "<group>";
		};
		A382532E27007E9900FBC6DC /* Gallery */ = {
			isa = PBXGroup;
			children = (
				A382532F27007EA900FBC6DC /* GalleryViewController.swift */,
				A38253332700804700FBC6DC /* GalleryCoordinator.swift */,
			);
			path = Gallery;
			sourceTree = "<group>";
		};
		A38253352700813E00FBC6DC /* Product */ = {
			isa = PBXGroup;
			children = (
				A38253362700817C00FBC6DC /* ProductViewController.swift */,
				A3825338270086CF00FBC6DC /* ProductCoordinator.swift */,
			);
			path = Product;
			sourceTree = "<group>";
		};
		A382533E27008C7400FBC6DC /* Cart */ = {
			isa = PBXGroup;
			children = (
				A382533F27008C7F00FBC6DC /* CartViewController.swift */,
				A382534127008DEE00FBC6DC /* CartCoordinator.swift */,
			);
			path = Cart;
			sourceTree = "<group>";
		};
		A382534327008FC300FBC6DC /* Payment */ = {
			isa = PBXGroup;
			children = (
				A382534427008FCB00FBC6DC /* PaymentViewController.swift */,
				A38253462700906100FBC6DC /* PaymentCoordinator.swift */,
			);
			path = Payment;
			sourceTree = "<group>";
		};
		A38253482700919800FBC6DC /* PaymentSuccess */ = {
			isa = PBXGroup;
			children = (
				A3825349270091A900FBC6DC /* PaymentSuccessViewController.swift */,
				A382534B2700924400FBC6DC /* PaymentSuccessCoordinator.swift */,
			);
			path = PaymentSuccess;
			sourceTree = "<group>";
		};
		A3968FD326FF25A800B6A59B = {
			isa = PBXGroup;
			children = (
				A3968FDF26FF25A800B6A59B /* Insecurity */,
				A3968FEC26FF260000B6A59B /* InsecurityDemo */,
				A377B57D27138FD800A4331B /* InsecurityPodspecTest */,
				A3968FDE26FF25A800B6A59B /* Products */,
				A396900126FF26CA00B6A59B /* Frameworks */,
				3B9DCFDC184B14695D924E6C /* Pods */,
			);
			sourceTree = "<group>";
		};
		A3968FDE26FF25A800B6A59B /* Products */ = {
			isa = PBXGroup;
			children = (
				A3968FDD26FF25A800B6A59B /* Insecurity.framework */,
				A3968FEB26FF260000B6A59B /* InsecurityDemo.app */,
				A377B57C27138FD800A4331B /* InsecurityPodspecTest.app */,
			);
			name = Products;
			sourceTree = "<group>";
		};
		A3968FDF26FF25A800B6A59B /* Insecurity */ = {
			isa = PBXGroup;
			children = (
				A3968FFF26FF26A700B6A59B /* NavigationControllerCoordinator.swift */,
				A370767F26FFCED600ED7391 /* DeinitObservable.swift */,
				A34CBF6426FFD796007AF9B8 /* ModalPresentationCoordinator.swift */,
				A37991292702659600550B8E /* WindowCoordinator.swift */,
				A398EB56270BAEFC00D93B1E /* CoordinatorResult.swift */,
				A3441881270F95E400CE49E4 /* InsecurityNavigation.swift */,
				A344187F270F95C200CE49E4 /* InsecurityChild.swift */,
				A3441883270F9CD800CE49E4 /* Insecurity.swift */,
			);
			path = Insecurity;
			sourceTree = "<group>";
		};
		A3968FEC26FF260000B6A59B /* InsecurityDemo */ = {
			isa = PBXGroup;
			children = (
				A3677F48270CE1A2003AC3E6 /* Util */,
				A3677F45270CE029003AC3E6 /* Models */,
				A370FB5B2706688500D5EF51 /* Services */,
				A382532D27007E8A00FBC6DC /* Workflows */,
				A379912B27026E3A00550B8E /* ApplicationCoordinator.swift */,
				A3968FED26FF260000B6A59B /* AppDelegate.swift */,
				A370FB652706780900D5EF51 /* Application.swift */,
				A370FB672706782E00D5EF51 /* main.swift */,
				A3968FF626FF260200B6A59B /* Assets.xcassets */,
				A3968FF826FF260200B6A59B /* LaunchScreen.storyboard */,
				A3968FFB26FF260200B6A59B /* Info.plist */,
			);
			path = InsecurityDemo;
			sourceTree = "<group>";
		};
		A396900126FF26CA00B6A59B /* Frameworks */ = {
			isa = PBXGroup;
			children = (
				5CC88B9363F179D9A0563625 /* libPods-InsecurityDemo.a */,
				27E16FBB5A85ED77C35AC7D8 /* libPods-InsecurityPodspecTest.a */,
			);
			name = Frameworks;
			sourceTree = "<group>";
		};
/* End PBXGroup section */

/* Begin PBXHeadersBuildPhase section */
		A3968FD826FF25A800B6A59B /* Headers */ = {
			isa = PBXHeadersBuildPhase;
			buildActionMask = 2147483647;
			files = (
			);
			runOnlyForDeploymentPostprocessing = 0;
		};
/* End PBXHeadersBuildPhase section */

/* Begin PBXNativeTarget section */
		A377B57B27138FD800A4331B /* InsecurityPodspecTest */ = {
			isa = PBXNativeTarget;
			buildConfigurationList = A377B58F27138FD900A4331B /* Build configuration list for PBXNativeTarget "InsecurityPodspecTest" */;
			buildPhases = (
				BA687BA968070F59FE71DDC4 /* [CP] Check Pods Manifest.lock */,
				A377B57827138FD800A4331B /* Sources */,
				A377B57927138FD800A4331B /* Frameworks */,
				A377B57A27138FD800A4331B /* Resources */,
			);
			buildRules = (
			);
			dependencies = (
			);
			name = InsecurityPodspecTest;
			productName = InsecurityPodspecTest;
			productReference = A377B57C27138FD800A4331B /* InsecurityPodspecTest.app */;
			productType = "com.apple.product-type.application";
		};
		A3968FDC26FF25A800B6A59B /* Insecurity */ = {
			isa = PBXNativeTarget;
			buildConfigurationList = A3968FE426FF25A800B6A59B /* Build configuration list for PBXNativeTarget "Insecurity" */;
			buildPhases = (
				A3968FD826FF25A800B6A59B /* Headers */,
				A3968FD926FF25A800B6A59B /* Sources */,
				A3968FDA26FF25A800B6A59B /* Frameworks */,
				A3968FDB26FF25A800B6A59B /* Resources */,
			);
			buildRules = (
			);
			dependencies = (
			);
			name = Insecurity;
			productName = Insecurity;
			productReference = A3968FDD26FF25A800B6A59B /* Insecurity.framework */;
			productType = "com.apple.product-type.framework";
		};
		A3968FEA26FF260000B6A59B /* InsecurityDemo */ = {
			isa = PBXNativeTarget;
			buildConfigurationList = A3968FFC26FF260200B6A59B /* Build configuration list for PBXNativeTarget "InsecurityDemo" */;
			buildPhases = (
				6285E1EA0307A5D157EF79C1 /* [CP] Check Pods Manifest.lock */,
				A3968FE726FF260000B6A59B /* Sources */,
				A3968FE826FF260000B6A59B /* Frameworks */,
				A3968FE926FF260000B6A59B /* Resources */,
				A396900626FF26CA00B6A59B /* Embed Frameworks */,
			);
			buildRules = (
			);
			dependencies = (
				A396900526FF26CA00B6A59B /* PBXTargetDependency */,
			);
			name = InsecurityDemo;
			productName = InsecurityDemo;
			productReference = A3968FEB26FF260000B6A59B /* InsecurityDemo.app */;
			productType = "com.apple.product-type.application";
		};
/* End PBXNativeTarget section */

/* Begin PBXProject section */
		A3968FD426FF25A800B6A59B /* Project object */ = {
			isa = PBXProject;
			attributes = {
				BuildIndependentTargetsInParallel = 1;
				LastSwiftUpdateCheck = 1300;
				LastUpgradeCheck = 1300;
				TargetAttributes = {
					A377B57B27138FD800A4331B = {
						CreatedOnToolsVersion = 13.0;
						LastSwiftMigration = 1300;
					};
					A3968FDC26FF25A800B6A59B = {
						CreatedOnToolsVersion = 13.0;
						LastSwiftMigration = 1300;
					};
					A3968FEA26FF260000B6A59B = {
						CreatedOnToolsVersion = 13.0;
					};
				};
			};
			buildConfigurationList = A3968FD726FF25A800B6A59B /* Build configuration list for PBXProject "Insecurity" */;
			compatibilityVersion = "Xcode 13.0";
			developmentRegion = en;
			hasScannedForEncodings = 0;
			knownRegions = (
				en,
				Base,
			);
			mainGroup = A3968FD326FF25A800B6A59B;
			productRefGroup = A3968FDE26FF25A800B6A59B /* Products */;
			projectDirPath = "";
			projectRoot = "";
			targets = (
				A3968FDC26FF25A800B6A59B /* Insecurity */,
				A3968FEA26FF260000B6A59B /* InsecurityDemo */,
				A377B57B27138FD800A4331B /* InsecurityPodspecTest */,
			);
		};
/* End PBXProject section */

/* Begin PBXResourcesBuildPhase section */
		A377B57A27138FD800A4331B /* Resources */ = {
			isa = PBXResourcesBuildPhase;
			buildActionMask = 2147483647;
			files = (
				A377B58B27138FD900A4331B /* LaunchScreen.storyboard in Resources */,
				A377B58827138FD900A4331B /* Assets.xcassets in Resources */,
			);
			runOnlyForDeploymentPostprocessing = 0;
		};
		A3968FDB26FF25A800B6A59B /* Resources */ = {
			isa = PBXResourcesBuildPhase;
			buildActionMask = 2147483647;
			files = (
			);
			runOnlyForDeploymentPostprocessing = 0;
		};
		A3968FE926FF260000B6A59B /* Resources */ = {
			isa = PBXResourcesBuildPhase;
			buildActionMask = 2147483647;
			files = (
				A3968FFA26FF260200B6A59B /* LaunchScreen.storyboard in Resources */,
				A3968FF726FF260200B6A59B /* Assets.xcassets in Resources */,
			);
			runOnlyForDeploymentPostprocessing = 0;
		};
/* End PBXResourcesBuildPhase section */

/* Begin PBXShellScriptBuildPhase section */
		6285E1EA0307A5D157EF79C1 /* [CP] Check Pods Manifest.lock */ = {
			isa = PBXShellScriptBuildPhase;
			buildActionMask = 2147483647;
			files = (
			);
			inputFileListPaths = (
			);
			inputPaths = (
				"${PODS_PODFILE_DIR_PATH}/Podfile.lock",
				"${PODS_ROOT}/Manifest.lock",
			);
			name = "[CP] Check Pods Manifest.lock";
			outputFileListPaths = (
			);
			outputPaths = (
				"$(DERIVED_FILE_DIR)/Pods-InsecurityDemo-checkManifestLockResult.txt",
			);
			runOnlyForDeploymentPostprocessing = 0;
			shellPath = /bin/sh;
			shellScript = "diff \"${PODS_PODFILE_DIR_PATH}/Podfile.lock\" \"${PODS_ROOT}/Manifest.lock\" > /dev/null\nif [ $? != 0 ] ; then\n    # print error to STDERR\n    echo \"error: The sandbox is not in sync with the Podfile.lock. Run 'pod install' or update your CocoaPods installation.\" >&2\n    exit 1\nfi\n# This output is used by Xcode 'outputs' to avoid re-running this script phase.\necho \"SUCCESS\" > \"${SCRIPT_OUTPUT_FILE_0}\"\n";
			showEnvVarsInLog = 0;
		};
		BA687BA968070F59FE71DDC4 /* [CP] Check Pods Manifest.lock */ = {
			isa = PBXShellScriptBuildPhase;
			buildActionMask = 2147483647;
			files = (
			);
			inputFileListPaths = (
			);
			inputPaths = (
				"${PODS_PODFILE_DIR_PATH}/Podfile.lock",
				"${PODS_ROOT}/Manifest.lock",
			);
			name = "[CP] Check Pods Manifest.lock";
			outputFileListPaths = (
			);
			outputPaths = (
				"$(DERIVED_FILE_DIR)/Pods-InsecurityPodspecTest-checkManifestLockResult.txt",
			);
			runOnlyForDeploymentPostprocessing = 0;
			shellPath = /bin/sh;
			shellScript = "diff \"${PODS_PODFILE_DIR_PATH}/Podfile.lock\" \"${PODS_ROOT}/Manifest.lock\" > /dev/null\nif [ $? != 0 ] ; then\n    # print error to STDERR\n    echo \"error: The sandbox is not in sync with the Podfile.lock. Run 'pod install' or update your CocoaPods installation.\" >&2\n    exit 1\nfi\n# This output is used by Xcode 'outputs' to avoid re-running this script phase.\necho \"SUCCESS\" > \"${SCRIPT_OUTPUT_FILE_0}\"\n";
			showEnvVarsInLog = 0;
		};
/* End PBXShellScriptBuildPhase section */

/* Begin PBXSourcesBuildPhase section */
		A377B57827138FD800A4331B /* Sources */ = {
			isa = PBXSourcesBuildPhase;
			buildActionMask = 2147483647;
			files = (
				A377B596271391DA00A4331B /* MainViewController.swift in Sources */,
				A377B5982713922400A4331B /* MainCoordinator.swift in Sources */,
				A377B59127138FFC00A4331B /* AppDelegate.swift in Sources */,
				A377B593271391A200A4331B /* ApplicationCoordinator.swift in Sources */,
			);
			runOnlyForDeploymentPostprocessing = 0;
		};
		A3968FD926FF25A800B6A59B /* Sources */ = {
			isa = PBXSourcesBuildPhase;
			buildActionMask = 2147483647;
			files = (
				A396900026FF26A700B6A59B /* NavigationControllerCoordinator.swift in Sources */,
				A3441882270F95E400CE49E4 /* InsecurityNavigation.swift in Sources */,
				A3441884270F9CD800CE49E4 /* Insecurity.swift in Sources */,
				A3441880270F95C200CE49E4 /* InsecurityChild.swift in Sources */,
				A34CBF6526FFD796007AF9B8 /* ModalPresentationCoordinator.swift in Sources */,
				A379912A2702659600550B8E /* WindowCoordinator.swift in Sources */,
				A398EB57270BAEFC00D93B1E /* CoordinatorResult.swift in Sources */,
				A370768026FFCED600ED7391 /* DeinitObservable.swift in Sources */,
			);
			runOnlyForDeploymentPostprocessing = 0;
		};
		A3968FE726FF260000B6A59B /* Sources */ = {
			isa = PBXSourcesBuildPhase;
			buildActionMask = 2147483647;
			files = (
				A3383BC8270E43B4006982B1 /* ParentCoordinator.swift in Sources */,
				A3968FEE26FF260000B6A59B /* AppDelegate.swift in Sources */,
				A382534C2700924400FBC6DC /* PaymentSuccessCoordinator.swift in Sources */,
				A370FB5F270668BD00D5EF51 /* DI.swift in Sources */,
				A3383BC6270E430D006982B1 /* ParentViewController.swift in Sources */,
				A382533027007EA900FBC6DC /* GalleryViewController.swift in Sources */,
				A377B5732713859300A4331B /* GenericViewController.swift in Sources */,
				A3677F47270CE038003AC3E6 /* CurrencySelection.swift in Sources */,
				A3683FC52700FCDB0048B3CF /* LoginSMSCodeCoordinator.swift in Sources */,
				A377B59D27139A4200A4331B /* PaymentMethodCoordinator.swift in Sources */,
				A377B5A227139C6000A4331B /* AddPaymentMethodViewController.swift in Sources */,
				A382534227008DEE00FBC6DC /* CartCoordinator.swift in Sources */,
				A38253472700906100FBC6DC /* PaymentCoordinator.swift in Sources */,
				A3825339270086CF00FBC6DC /* ProductCoordinator.swift in Sources */,
				A39A458B2714DBEF000D36E5 /* SmallAppCoordinator.swift in Sources */,
				A3683FC12700FBCC0048B3CF /* LoginSMSCodeViewController.swift in Sources */,
				A38253372700817C00FBC6DC /* ProductViewController.swift in Sources */,
				A377B5A427139CB700A4331B /* AddPaymentMethodCoordinator.swift in Sources */,
				A35A78252709EFFB00256FBD /* ScoringViewController.swift in Sources */,
				A3683FC32700FC3F0048B3CF /* LoginPhoneCoordinator.swift in Sources */,
				A377B59F27139A6600A4331B /* PaymentMethod.swift in Sources */,
				A3677F42270CDFED003AC3E6 /* CurrencySelectionCoordinator.swift in Sources */,
				A382534027008C7F00FBC6DC /* CartViewController.swift in Sources */,
				A3677F4C270CE796003AC3E6 /* CurrencyView.swift in Sources */,
				A3677F4E270CEA0E003AC3E6 /* UIColor+system.swift in Sources */,
				A3683FBE2700FB590048B3CF /* LoginPhoneViewController.swift in Sources */,
				A382534527008FCB00FBC6DC /* PaymentViewController.swift in Sources */,
				A38253342700804700FBC6DC /* GalleryCoordinator.swift in Sources */,
				A370FB662706780900D5EF51 /* Application.swift in Sources */,
				A35A78232709EF3E00256FBD /* ScoringCoordinator.swift in Sources */,
				A370FB5D2706689100D5EF51 /* AuthService.swift in Sources */,
				A382534A270091A900FBC6DC /* PaymentSuccessViewController.swift in Sources */,
				A370FB682706782E00D5EF51 /* main.swift in Sources */,
				A377B575271385BA00A4331B /* UIColor+random.swift in Sources */,
				A370FB622706760600D5EF51 /* DebugViewController.swift in Sources */,
				A379912C27026E3A00550B8E /* ApplicationCoordinator.swift in Sources */,
				A3677F4A270CE1AF003AC3E6 /* DispatchQueue+asyncAfter.swift in Sources */,
				A3677F44270CE024003AC3E6 /* CurrencySelectionViewController.swift in Sources */,
				A370FB642706775200D5EF51 /* DebugViewCoordinator.swift in Sources */,
				A377B59B27139A2800A4331B /* PaymentMethodViewController.swift in Sources */,
				A39A458D2714DCEB000D36E5 /* SmallAppDelegate.swift in Sources */,
				A377B5772713862900A4331B /* GenericChild.swift in Sources */,
			);
			runOnlyForDeploymentPostprocessing = 0;
		};
/* End PBXSourcesBuildPhase section */

/* Begin PBXTargetDependency section */
		A396900526FF26CA00B6A59B /* PBXTargetDependency */ = {
			isa = PBXTargetDependency;
			target = A3968FDC26FF25A800B6A59B /* Insecurity */;
			targetProxy = A396900426FF26CA00B6A59B /* PBXContainerItemProxy */;
		};
/* End PBXTargetDependency section */

/* Begin PBXVariantGroup section */
		A377B58927138FD900A4331B /* LaunchScreen.storyboard */ = {
			isa = PBXVariantGroup;
			children = (
				A377B58A27138FD900A4331B /* Base */,
			);
			name = LaunchScreen.storyboard;
			sourceTree = "<group>";
		};
		A3968FF826FF260200B6A59B /* LaunchScreen.storyboard */ = {
			isa = PBXVariantGroup;
			children = (
				A3968FF926FF260200B6A59B /* Base */,
			);
			name = LaunchScreen.storyboard;
			sourceTree = "<group>";
		};
/* End PBXVariantGroup section */

/* Begin XCBuildConfiguration section */
		A377B58D27138FD900A4331B /* Debug */ = {
			isa = XCBuildConfiguration;
			baseConfigurationReference = 07F1A30A8467E9454829BA91 /* Pods-InsecurityPodspecTest.debug.xcconfig */;
			buildSettings = {
				ASSETCATALOG_COMPILER_APPICON_NAME = AppIcon;
				ASSETCATALOG_COMPILER_GLOBAL_ACCENT_COLOR_NAME = AccentColor;
				CLANG_ENABLE_MODULES = YES;
				CODE_SIGN_STYLE = Automatic;
				CURRENT_PROJECT_VERSION = 1;
				GENERATE_INFOPLIST_FILE = YES;
				INFOPLIST_FILE = InsecurityPodspecTest/Info.plist;
				INFOPLIST_KEY_UIApplicationSupportsIndirectInputEvents = YES;
				INFOPLIST_KEY_UILaunchStoryboardName = LaunchScreen;
				INFOPLIST_KEY_UISupportedInterfaceOrientations = UIInterfaceOrientationPortrait;
				INFOPLIST_KEY_UISupportedInterfaceOrientations_iPad = "UIInterfaceOrientationPortrait UIInterfaceOrientationPortraitUpsideDown UIInterfaceOrientationLandscapeLeft UIInterfaceOrientationLandscapeRight";
				INFOPLIST_KEY_UISupportedInterfaceOrientations_iPhone = "UIInterfaceOrientationPortrait UIInterfaceOrientationLandscapeLeft UIInterfaceOrientationLandscapeRight";
				IPHONEOS_DEPLOYMENT_TARGET = 12.0;
				LD_RUNPATH_SEARCH_PATHS = (
					"$(inherited)",
					"@executable_path/Frameworks",
				);
				MARKETING_VERSION = 1.0;
				PRODUCT_BUNDLE_IDENTIFIER = net.caroline.weisberg.InsecurityPodspecTest;
				PRODUCT_NAME = "$(TARGET_NAME)";
				SWIFT_EMIT_LOC_STRINGS = YES;
				SWIFT_OPTIMIZATION_LEVEL = "-Onone";
				SWIFT_VERSION = 5.0;
				TARGETED_DEVICE_FAMILY = "1,2";
			};
			name = Debug;
		};
		A377B58E27138FD900A4331B /* Release */ = {
			isa = XCBuildConfiguration;
			baseConfigurationReference = 9630C86ACEA183BA279A7CFE /* Pods-InsecurityPodspecTest.release.xcconfig */;
			buildSettings = {
				ASSETCATALOG_COMPILER_APPICON_NAME = AppIcon;
				ASSETCATALOG_COMPILER_GLOBAL_ACCENT_COLOR_NAME = AccentColor;
				CLANG_ENABLE_MODULES = YES;
				CODE_SIGN_STYLE = Automatic;
				CURRENT_PROJECT_VERSION = 1;
				GENERATE_INFOPLIST_FILE = YES;
				INFOPLIST_FILE = InsecurityPodspecTest/Info.plist;
				INFOPLIST_KEY_UIApplicationSupportsIndirectInputEvents = YES;
				INFOPLIST_KEY_UILaunchStoryboardName = LaunchScreen;
				INFOPLIST_KEY_UISupportedInterfaceOrientations = UIInterfaceOrientationPortrait;
				INFOPLIST_KEY_UISupportedInterfaceOrientations_iPad = "UIInterfaceOrientationPortrait UIInterfaceOrientationPortraitUpsideDown UIInterfaceOrientationLandscapeLeft UIInterfaceOrientationLandscapeRight";
				INFOPLIST_KEY_UISupportedInterfaceOrientations_iPhone = "UIInterfaceOrientationPortrait UIInterfaceOrientationLandscapeLeft UIInterfaceOrientationLandscapeRight";
				IPHONEOS_DEPLOYMENT_TARGET = 12.0;
				LD_RUNPATH_SEARCH_PATHS = (
					"$(inherited)",
					"@executable_path/Frameworks",
				);
				MARKETING_VERSION = 1.0;
				PRODUCT_BUNDLE_IDENTIFIER = net.caroline.weisberg.InsecurityPodspecTest;
				PRODUCT_NAME = "$(TARGET_NAME)";
				SWIFT_EMIT_LOC_STRINGS = YES;
				SWIFT_VERSION = 5.0;
				TARGETED_DEVICE_FAMILY = "1,2";
			};
			name = Release;
		};
		A3968FE226FF25A800B6A59B /* Debug */ = {
			isa = XCBuildConfiguration;
			buildSettings = {
				ALWAYS_SEARCH_USER_PATHS = NO;
				CLANG_ANALYZER_NONNULL = YES;
				CLANG_ANALYZER_NUMBER_OBJECT_CONVERSION = YES_AGGRESSIVE;
				CLANG_CXX_LANGUAGE_STANDARD = "gnu++17";
				CLANG_CXX_LIBRARY = "libc++";
				CLANG_ENABLE_MODULES = YES;
				CLANG_ENABLE_OBJC_ARC = YES;
				CLANG_ENABLE_OBJC_WEAK = YES;
				CLANG_WARN_BLOCK_CAPTURE_AUTORELEASING = YES;
				CLANG_WARN_BOOL_CONVERSION = YES;
				CLANG_WARN_COMMA = YES;
				CLANG_WARN_CONSTANT_CONVERSION = YES;
				CLANG_WARN_DEPRECATED_OBJC_IMPLEMENTATIONS = YES;
				CLANG_WARN_DIRECT_OBJC_ISA_USAGE = YES_ERROR;
				CLANG_WARN_DOCUMENTATION_COMMENTS = YES;
				CLANG_WARN_EMPTY_BODY = YES;
				CLANG_WARN_ENUM_CONVERSION = YES;
				CLANG_WARN_INFINITE_RECURSION = YES;
				CLANG_WARN_INT_CONVERSION = YES;
				CLANG_WARN_NON_LITERAL_NULL_CONVERSION = YES;
				CLANG_WARN_OBJC_IMPLICIT_RETAIN_SELF = YES;
				CLANG_WARN_OBJC_LITERAL_CONVERSION = YES;
				CLANG_WARN_OBJC_ROOT_CLASS = YES_ERROR;
				CLANG_WARN_QUOTED_INCLUDE_IN_FRAMEWORK_HEADER = YES;
				CLANG_WARN_RANGE_LOOP_ANALYSIS = YES;
				CLANG_WARN_STRICT_PROTOTYPES = YES;
				CLANG_WARN_SUSPICIOUS_MOVE = YES;
				CLANG_WARN_UNGUARDED_AVAILABILITY = YES_AGGRESSIVE;
				CLANG_WARN_UNREACHABLE_CODE = YES;
				CLANG_WARN__DUPLICATE_METHOD_MATCH = YES;
				COPY_PHASE_STRIP = NO;
				CURRENT_PROJECT_VERSION = 1;
				DEBUG_INFORMATION_FORMAT = dwarf;
				ENABLE_STRICT_OBJC_MSGSEND = YES;
				ENABLE_TESTABILITY = YES;
				GCC_C_LANGUAGE_STANDARD = gnu11;
				GCC_DYNAMIC_NO_PIC = NO;
				GCC_NO_COMMON_BLOCKS = YES;
				GCC_OPTIMIZATION_LEVEL = 0;
				GCC_PREPROCESSOR_DEFINITIONS = (
					"DEBUG=1",
					"$(inherited)",
				);
				GCC_WARN_64_TO_32_BIT_CONVERSION = YES;
				GCC_WARN_ABOUT_RETURN_TYPE = YES_ERROR;
				GCC_WARN_UNDECLARED_SELECTOR = YES;
				GCC_WARN_UNINITIALIZED_AUTOS = YES_AGGRESSIVE;
				GCC_WARN_UNUSED_FUNCTION = YES;
				GCC_WARN_UNUSED_VARIABLE = YES;
				IPHONEOS_DEPLOYMENT_TARGET = 12.0;
				MTL_ENABLE_DEBUG_INFO = INCLUDE_SOURCE;
				MTL_FAST_MATH = YES;
				ONLY_ACTIVE_ARCH = YES;
				SDKROOT = iphoneos;
				SWIFT_ACTIVE_COMPILATION_CONDITIONS = DEBUG;
				SWIFT_OPTIMIZATION_LEVEL = "-Onone";
				VERSIONING_SYSTEM = "apple-generic";
				VERSION_INFO_PREFIX = "";
			};
			name = Debug;
		};
		A3968FE326FF25A800B6A59B /* Release */ = {
			isa = XCBuildConfiguration;
			buildSettings = {
				ALWAYS_SEARCH_USER_PATHS = NO;
				CLANG_ANALYZER_NONNULL = YES;
				CLANG_ANALYZER_NUMBER_OBJECT_CONVERSION = YES_AGGRESSIVE;
				CLANG_CXX_LANGUAGE_STANDARD = "gnu++17";
				CLANG_CXX_LIBRARY = "libc++";
				CLANG_ENABLE_MODULES = YES;
				CLANG_ENABLE_OBJC_ARC = YES;
				CLANG_ENABLE_OBJC_WEAK = YES;
				CLANG_WARN_BLOCK_CAPTURE_AUTORELEASING = YES;
				CLANG_WARN_BOOL_CONVERSION = YES;
				CLANG_WARN_COMMA = YES;
				CLANG_WARN_CONSTANT_CONVERSION = YES;
				CLANG_WARN_DEPRECATED_OBJC_IMPLEMENTATIONS = YES;
				CLANG_WARN_DIRECT_OBJC_ISA_USAGE = YES_ERROR;
				CLANG_WARN_DOCUMENTATION_COMMENTS = YES;
				CLANG_WARN_EMPTY_BODY = YES;
				CLANG_WARN_ENUM_CONVERSION = YES;
				CLANG_WARN_INFINITE_RECURSION = YES;
				CLANG_WARN_INT_CONVERSION = YES;
				CLANG_WARN_NON_LITERAL_NULL_CONVERSION = YES;
				CLANG_WARN_OBJC_IMPLICIT_RETAIN_SELF = YES;
				CLANG_WARN_OBJC_LITERAL_CONVERSION = YES;
				CLANG_WARN_OBJC_ROOT_CLASS = YES_ERROR;
				CLANG_WARN_QUOTED_INCLUDE_IN_FRAMEWORK_HEADER = YES;
				CLANG_WARN_RANGE_LOOP_ANALYSIS = YES;
				CLANG_WARN_STRICT_PROTOTYPES = YES;
				CLANG_WARN_SUSPICIOUS_MOVE = YES;
				CLANG_WARN_UNGUARDED_AVAILABILITY = YES_AGGRESSIVE;
				CLANG_WARN_UNREACHABLE_CODE = YES;
				CLANG_WARN__DUPLICATE_METHOD_MATCH = YES;
				COPY_PHASE_STRIP = NO;
				CURRENT_PROJECT_VERSION = 1;
				DEBUG_INFORMATION_FORMAT = "dwarf-with-dsym";
				ENABLE_NS_ASSERTIONS = NO;
				ENABLE_STRICT_OBJC_MSGSEND = YES;
				GCC_C_LANGUAGE_STANDARD = gnu11;
				GCC_NO_COMMON_BLOCKS = YES;
				GCC_WARN_64_TO_32_BIT_CONVERSION = YES;
				GCC_WARN_ABOUT_RETURN_TYPE = YES_ERROR;
				GCC_WARN_UNDECLARED_SELECTOR = YES;
				GCC_WARN_UNINITIALIZED_AUTOS = YES_AGGRESSIVE;
				GCC_WARN_UNUSED_FUNCTION = YES;
				GCC_WARN_UNUSED_VARIABLE = YES;
				IPHONEOS_DEPLOYMENT_TARGET = 12.0;
				MTL_ENABLE_DEBUG_INFO = NO;
				MTL_FAST_MATH = YES;
				SDKROOT = iphoneos;
				SWIFT_COMPILATION_MODE = wholemodule;
				SWIFT_OPTIMIZATION_LEVEL = "-O";
				VALIDATE_PRODUCT = YES;
				VERSIONING_SYSTEM = "apple-generic";
				VERSION_INFO_PREFIX = "";
			};
			name = Release;
		};
		A3968FE526FF25A800B6A59B /* Debug */ = {
			isa = XCBuildConfiguration;
			buildSettings = {
				CLANG_ENABLE_MODULES = YES;
				CODE_SIGN_STYLE = Automatic;
				CURRENT_PROJECT_VERSION = 1;
				DEFINES_MODULE = YES;
				DYLIB_COMPATIBILITY_VERSION = 1;
				DYLIB_CURRENT_VERSION = 1;
				DYLIB_INSTALL_NAME_BASE = "@rpath";
				GENERATE_INFOPLIST_FILE = YES;
				INFOPLIST_KEY_NSHumanReadableCopyright = "";
				INSTALL_PATH = "$(LOCAL_LIBRARY_DIR)/Frameworks";
				IPHONEOS_DEPLOYMENT_TARGET = 12.0;
				LD_RUNPATH_SEARCH_PATHS = (
					"$(inherited)",
					"@executable_path/Frameworks",
					"@loader_path/Frameworks",
				);
				MARKETING_VERSION = 1.0;
				PRODUCT_BUNDLE_IDENTIFIER = net.caroline.weisberg.Insecurity;
				PRODUCT_NAME = "$(TARGET_NAME:c99extidentifier)";
				SKIP_INSTALL = YES;
				SWIFT_EMIT_LOC_STRINGS = YES;
				SWIFT_OPTIMIZATION_LEVEL = "-Onone";
				SWIFT_VERSION = 5.0;
				TARGETED_DEVICE_FAMILY = "1,2";
			};
			name = Debug;
		};
		A3968FE626FF25A800B6A59B /* Release */ = {
			isa = XCBuildConfiguration;
			buildSettings = {
				CLANG_ENABLE_MODULES = YES;
				CODE_SIGN_STYLE = Automatic;
				CURRENT_PROJECT_VERSION = 1;
				DEFINES_MODULE = YES;
				DYLIB_COMPATIBILITY_VERSION = 1;
				DYLIB_CURRENT_VERSION = 1;
				DYLIB_INSTALL_NAME_BASE = "@rpath";
				GENERATE_INFOPLIST_FILE = YES;
				INFOPLIST_KEY_NSHumanReadableCopyright = "";
				INSTALL_PATH = "$(LOCAL_LIBRARY_DIR)/Frameworks";
				IPHONEOS_DEPLOYMENT_TARGET = 12.0;
				LD_RUNPATH_SEARCH_PATHS = (
					"$(inherited)",
					"@executable_path/Frameworks",
					"@loader_path/Frameworks",
				);
				MARKETING_VERSION = 1.0;
				PRODUCT_BUNDLE_IDENTIFIER = net.caroline.weisberg.Insecurity;
				PRODUCT_NAME = "$(TARGET_NAME:c99extidentifier)";
				SKIP_INSTALL = YES;
				SWIFT_EMIT_LOC_STRINGS = YES;
				SWIFT_VERSION = 5.0;
				TARGETED_DEVICE_FAMILY = "1,2";
			};
			name = Release;
		};
		A3968FFD26FF260200B6A59B /* Debug */ = {
			isa = XCBuildConfiguration;
			baseConfigurationReference = BB61D608FF8A49075BF920EF /* Pods-InsecurityDemo.debug.xcconfig */;
			buildSettings = {
				ASSETCATALOG_COMPILER_APPICON_NAME = AppIcon;
				ASSETCATALOG_COMPILER_GLOBAL_ACCENT_COLOR_NAME = AccentColor;
				CODE_SIGN_STYLE = Automatic;
				CURRENT_PROJECT_VERSION = 1;
				DEVELOPMENT_TEAM = QZRPL4EC5L;
				GENERATE_INFOPLIST_FILE = YES;
				INFOPLIST_FILE = InsecurityDemo/Info.plist;
				INFOPLIST_KEY_UIApplicationSupportsIndirectInputEvents = YES;
				INFOPLIST_KEY_UILaunchStoryboardName = LaunchScreen;
				INFOPLIST_KEY_UISupportedInterfaceOrientations_iPad = "UIInterfaceOrientationPortrait UIInterfaceOrientationPortraitUpsideDown UIInterfaceOrientationLandscapeLeft UIInterfaceOrientationLandscapeRight";
				INFOPLIST_KEY_UISupportedInterfaceOrientations_iPhone = "UIInterfaceOrientationPortrait UIInterfaceOrientationLandscapeLeft UIInterfaceOrientationLandscapeRight";
				IPHONEOS_DEPLOYMENT_TARGET = 12.0;
				LD_RUNPATH_SEARCH_PATHS = (
					"$(inherited)",
					"@executable_path/Frameworks",
				);
				MARKETING_VERSION = 1.0;
				PRODUCT_BUNDLE_IDENTIFIER = net.caroline.weisberg.InsecurityDemo;
				PRODUCT_NAME = "$(TARGET_NAME)";
				SWIFT_EMIT_LOC_STRINGS = YES;
				SWIFT_VERSION = 5.0;
				TARGETED_DEVICE_FAMILY = "1,2";
			};
			name = Debug;
		};
		A3968FFE26FF260200B6A59B /* Release */ = {
			isa = XCBuildConfiguration;
			baseConfigurationReference = 54B8E663025AD7F0FACA2B0B /* Pods-InsecurityDemo.release.xcconfig */;
			buildSettings = {
				ASSETCATALOG_COMPILER_APPICON_NAME = AppIcon;
				ASSETCATALOG_COMPILER_GLOBAL_ACCENT_COLOR_NAME = AccentColor;
				CODE_SIGN_STYLE = Automatic;
				CURRENT_PROJECT_VERSION = 1;
				DEVELOPMENT_TEAM = QZRPL4EC5L;
				GENERATE_INFOPLIST_FILE = YES;
				INFOPLIST_FILE = InsecurityDemo/Info.plist;
				INFOPLIST_KEY_UIApplicationSupportsIndirectInputEvents = YES;
				INFOPLIST_KEY_UILaunchStoryboardName = LaunchScreen;
				INFOPLIST_KEY_UISupportedInterfaceOrientations_iPad = "UIInterfaceOrientationPortrait UIInterfaceOrientationPortraitUpsideDown UIInterfaceOrientationLandscapeLeft UIInterfaceOrientationLandscapeRight";
				INFOPLIST_KEY_UISupportedInterfaceOrientations_iPhone = "UIInterfaceOrientationPortrait UIInterfaceOrientationLandscapeLeft UIInterfaceOrientationLandscapeRight";
				IPHONEOS_DEPLOYMENT_TARGET = 12.0;
				LD_RUNPATH_SEARCH_PATHS = (
					"$(inherited)",
					"@executable_path/Frameworks",
				);
				MARKETING_VERSION = 1.0;
				PRODUCT_BUNDLE_IDENTIFIER = net.caroline.weisberg.InsecurityDemo;
				PRODUCT_NAME = "$(TARGET_NAME)";
				SWIFT_EMIT_LOC_STRINGS = YES;
				SWIFT_VERSION = 5.0;
				TARGETED_DEVICE_FAMILY = "1,2";
			};
			name = Release;
		};
/* End XCBuildConfiguration section */

/* Begin XCConfigurationList section */
		A377B58F27138FD900A4331B /* Build configuration list for PBXNativeTarget "InsecurityPodspecTest" */ = {
			isa = XCConfigurationList;
			buildConfigurations = (
				A377B58D27138FD900A4331B /* Debug */,
				A377B58E27138FD900A4331B /* Release */,
			);
			defaultConfigurationIsVisible = 0;
			defaultConfigurationName = Release;
		};
		A3968FD726FF25A800B6A59B /* Build configuration list for PBXProject "Insecurity" */ = {
			isa = XCConfigurationList;
			buildConfigurations = (
				A3968FE226FF25A800B6A59B /* Debug */,
				A3968FE326FF25A800B6A59B /* Release */,
			);
			defaultConfigurationIsVisible = 0;
			defaultConfigurationName = Release;
		};
		A3968FE426FF25A800B6A59B /* Build configuration list for PBXNativeTarget "Insecurity" */ = {
			isa = XCConfigurationList;
			buildConfigurations = (
				A3968FE526FF25A800B6A59B /* Debug */,
				A3968FE626FF25A800B6A59B /* Release */,
			);
			defaultConfigurationIsVisible = 0;
			defaultConfigurationName = Release;
		};
		A3968FFC26FF260200B6A59B /* Build configuration list for PBXNativeTarget "InsecurityDemo" */ = {
			isa = XCConfigurationList;
			buildConfigurations = (
				A3968FFD26FF260200B6A59B /* Debug */,
				A3968FFE26FF260200B6A59B /* Release */,
			);
			defaultConfigurationIsVisible = 0;
			defaultConfigurationName = Release;
		};
/* End XCConfigurationList section */
	};
	rootObject = A3968FD426FF25A800B6A59B /* Project object */;
}
