PODS:
  - Insecurity (0.9)
  - SnapKit (5.0.1)

DEPENDENCIES:
  - Insecurity (from `./Insecurity.podspec`)
  - SnapKit

SPEC REPOS:
  trunk:
    - SnapKit

EXTERNAL SOURCES:
  Insecurity:
    :podspec: "./Insecurity.podspec"

SPEC CHECKSUMS:
  Insecurity: b50c07fd7e43a1bcb693b9a4715bd2df921d70f8
  SnapKit: 97b92857e3df3a0c71833cce143274bf6ef8e5eb

PODFILE CHECKSUM: 0eda79b11884b441daeca44c95cdb899cea978ac

COCOAPODS: 1.11.2
