PODS:
  - Insecurity (2.1.0)
  - SnapKit (5.0.1)

DEPENDENCIES:
  - Insecurity (from `./Insecurity.podspec`)
  - SnapKit

SPEC REPOS:
  trunk:
    - SnapKit

EXTERNAL SOURCES:
  Insecurity:
    :podspec: "./Insecurity.podspec"

SPEC CHECKSUMS:
  Insecurity: 8addef44f776a3f0ea19bc4f4aaac5b158876a7e
  SnapKit: 97b92857e3df3a0c71833cce143274bf6ef8e5eb

PODFILE CHECKSUM: 6190d4cf55bc8b8a8cf0c63c60dc362308e079b5

COCOAPODS: 1.11.2
