PODS:
  - Insecurity (2.0.0)
  - SnapKit (5.0.1)

DEPENDENCIES:
  - Insecurity (from `./Insecurity.podspec`)
  - SnapKit

SPEC REPOS:
  trunk:
    - SnapKit

EXTERNAL SOURCES:
  Insecurity:
    :podspec: "./Insecurity.podspec"

SPEC CHECKSUMS:
  Insecurity: 19392613b8e1a5aa72fb29e0deccf5fd3ee103ab
  SnapKit: 97b92857e3df3a0c71833cce143274bf6ef8e5eb

PODFILE CHECKSUM: 087b684e8f10d2dc9bb891cc1e8c27bc6024970b

COCOAPODS: 1.11.2
